// !$*UTF8*$!
{
	archiveVersion = 1;
	classes = {
	};
	objectVersion = 77;
	objects = {

/* Begin PBXBuildFile section */
		59196BEA2F2B516B0028DB63 /* Bark in Frameworks */ = {isa = PBXBuildFile; productRef = 59196BE92F2B516B0028DB63 /* Bark */; };
		592202222F4C53E900EB0578 /* Bark in Frameworks */ = {isa = PBXBuildFile; productRef = 592202212F4C53E900EB0578 /* Bark */; };
		593ACA9C2F0BAA5E00FAF03F /* Bark in Frameworks */ = {isa = PBXBuildFile; productRef = 59857EF62EE1CE8500FA2C18 /* Bark */; };
		593ACA9D2F0BAA5E00FAF03F /* Bark in Frameworks */ = {isa = PBXBuildFile; productRef = 59D6F6D92EE2BDC100DBEB68 /* Bark */; };
		594D7FA62F309325001CC89E /* Bark in Frameworks */ = {isa = PBXBuildFile; productRef = 594D7FA52F309325001CC89E /* Bark */; };
		595790152F56BBDF0004B69C /* Bark in Frameworks */ = {isa = PBXBuildFile; productRef = 595790142F56BBDF0004B69C /* Bark */; };
		596754992F509E4500396429 /* BitcoinDevKit in Frameworks */ = {isa = PBXBuildFile; productRef = 596754982F509E4500396429 /* BitcoinDevKit */; };
		5967549B2F509E5400396429 /* BitcoinDevKit in Frameworks */ = {isa = PBXBuildFile; productRef = 5967549A2F509E5400396429 /* BitcoinDevKit */; };
		596E15F82EDF0D1600B46B6D /* libsqlite3.tbd in Frameworks */ = {isa = PBXBuildFile; fileRef = 596E15F72EDF0D1600B46B6D /* libsqlite3.tbd */; };
		59918ABE2F4C7C1E00A59C5C /* ArkeUI in Frameworks */ = {isa = PBXBuildFile; productRef = 59918ABD2F4C7C1E00A59C5C /* ArkeUI */; };
		59918AC02F4C7C2800A59C5C /* ArkeUI in Frameworks */ = {isa = PBXBuildFile; productRef = 59918ABF2F4C7C2800A59C5C /* ArkeUI */; };
		59D2633C2ED9E1D2006570D0 /* BIP39 in Frameworks */ = {isa = PBXBuildFile; productRef = 59D2633B2ED9E1D2006570D0 /* BIP39 */; };
		59D263462ED9EB42006570D0 /* BIP39 in Frameworks */ = {isa = PBXBuildFile; productRef = 59D263452ED9EB42006570D0 /* BIP39 */; };
		59FB9D162F17D9E800CB26B7 /* QRCode in Frameworks */ = {isa = PBXBuildFile; productRef = 59FB9D152F17D9E800CB26B7 /* QRCode */; };
/* End PBXBuildFile section */

/* Begin PBXContainerItemProxy section */
		5904310E2ED8680000AD6337 /* PBXContainerItemProxy */ = {
			isa = PBXContainerItemProxy;
			containerPortal = 5975858A2EA0F0270042F0E5 /* Project object */;
			proxyType = 1;
			remoteGlobalIDString = 590430FC2ED867FF00AD6337;
			remoteInfo = "Arké mobile";
		};
		590431182ED8680000AD6337 /* PBXContainerItemProxy */ = {
			isa = PBXContainerItemProxy;
			containerPortal = 5975858A2EA0F0270042F0E5 /* Project object */;
			proxyType = 1;
			remoteGlobalIDString = 590430FC2ED867FF00AD6337;
			remoteInfo = "Arké mobile";
		};
		597585A22EA0F0290042F0E5 /* PBXContainerItemProxy */ = {
			isa = PBXContainerItemProxy;
			containerPortal = 5975858A2EA0F0270042F0E5 /* Project object */;
			proxyType = 1;
			remoteGlobalIDString = 597585912EA0F0270042F0E5;
			remoteInfo = "Ark wallet prototype";
		};
		597585AC2EA0F0290042F0E5 /* PBXContainerItemProxy */ = {
			isa = PBXContainerItemProxy;
			containerPortal = 5975858A2EA0F0270042F0E5 /* Project object */;
			proxyType = 1;
			remoteGlobalIDString = 597585912EA0F0270042F0E5;
			remoteInfo = "Ark wallet prototype";
		};
/* End PBXContainerItemProxy section */

/* Begin PBXCopyFilesBuildPhase section */
		591E2C2B2EBA4CB300C08DAA /* CopyFiles */ = {
			isa = PBXCopyFilesBuildPhase;
			buildActionMask = 2147483647;
			dstPath = "";
			dstSubfolderSpec = 7;
			files = (
			);
			runOnlyForDeploymentPostprocessing = 0;
		};
		59588FDF2EDDBD6300B3A101 /* Embed Frameworks */ = {
			isa = PBXCopyFilesBuildPhase;
			buildActionMask = 2147483647;
			dstPath = "";
			dstSubfolderSpec = 10;
			files = (
			);
			name = "Embed Frameworks";
			runOnlyForDeploymentPostprocessing = 0;
		};
/* End PBXCopyFilesBuildPhase section */

/* Begin PBXFileReference section */
		590430FD2ED867FF00AD6337 /* Arke mobile.app */ = {isa = PBXFileReference; explicitFileType = wrapper.application; includeInIndex = 0; path = "Arke mobile.app"; sourceTree = BUILT_PRODUCTS_DIR; };
		5904310D2ED8680000AD6337 /* Arké mobileTests.xctest */ = {isa = PBXFileReference; explicitFileType = wrapper.cfbundle; includeInIndex = 0; path = "Arké mobileTests.xctest"; sourceTree = BUILT_PRODUCTS_DIR; };
		590431172ED8680000AD6337 /* Arké mobileUITests.xctest */ = {isa = PBXFileReference; explicitFileType = wrapper.cfbundle; includeInIndex = 0; path = "Arké mobileUITests.xctest"; sourceTree = BUILT_PRODUCTS_DIR; };
		596E15F52EDF0D0200B46B6D /* libsqlite3.tbd */ = {isa = PBXFileReference; lastKnownFileType = "sourcecode.text-based-dylib-definition"; name = libsqlite3.tbd; path = usr/lib/libsqlite3.tbd; sourceTree = SDKROOT; };
		596E15F72EDF0D1600B46B6D /* libsqlite3.tbd */ = {isa = PBXFileReference; lastKnownFileType = "sourcecode.text-based-dylib-definition"; name = libsqlite3.tbd; path = Platforms/iPhoneOS.platform/Developer/SDKs/iPhoneOS26.1.sdk/usr/lib/libsqlite3.tbd; sourceTree = DEVELOPER_DIR; };
		597585922EA0F0270042F0E5 /* Arké.app */ = {isa = PBXFileReference; explicitFileType = wrapper.application; includeInIndex = 0; path = "Arké.app"; sourceTree = BUILT_PRODUCTS_DIR; };
		597585A12EA0F0290042F0E5 /* ArkéTests.xctest */ = {isa = PBXFileReference; explicitFileType = wrapper.cfbundle; includeInIndex = 0; path = "ArkéTests.xctest"; sourceTree = BUILT_PRODUCTS_DIR; };
		597585AB2EA0F0290042F0E5 /* ArkéUITests.xctest */ = {isa = PBXFileReference; explicitFileType = wrapper.cfbundle; includeInIndex = 0; path = "ArkéUITests.xctest"; sourceTree = BUILT_PRODUCTS_DIR; };
		59BF8E7B2EA206B2002CDFF4 /* README.md */ = {isa = PBXFileReference; lastKnownFileType = net.daringfireball.markdown; path = README.md; sourceTree = "<group>"; };
/* End PBXFileReference section */

/* Begin PBXFileSystemSynchronizedBuildFileExceptionSet section */
		5904311F2ED8680100AD6337 /* Exceptions for "Arké mobile" folder in "Arke mobile" target */ = {
			isa = PBXFileSystemSynchronizedBuildFileExceptionSet;
			membershipExceptions = (
				Info.plist,
			);
			target = 590430FC2ED867FF00AD6337 /* Arke mobile */;
		};
		590AC22A2ED9FD79005F75FD /* Exceptions for "Arké" folder in "Arke mobile" target */ = {
			isa = PBXFileSystemSynchronizedBuildFileExceptionSet;
			membershipExceptions = (
				Views/Data/UTXODetailView.swift,
				Views/Data/VTXODetailView.swift,
			);
			target = 590430FC2ED867FF00AD6337 /* Arke mobile */;
		};
		5914EE7B2ED883AF00D55923 /* Exceptions for "Shared" folder in "Arke mobile" target */ = {
			isa = PBXFileSystemSynchronizedBuildFileExceptionSet;
			membershipExceptions = (
				Data/BarkWalletFFI/BarkWalletFFI.swift,
				"Data/BarkWalletFFI/BarkWalletFFI+Balance.swift",
				"Data/BarkWalletFFI/BarkWalletFFI+Configuration.swift",
				"Data/BarkWalletFFI/BarkWalletFFI+Console.swift",
				"Data/BarkWalletFFI/BarkWalletFFI+Exit.swift",
				"Data/BarkWalletFFI/BarkWalletFFI+Fees.swift",
				"Data/BarkWalletFFI/BarkWalletFFI+Lightning.swift",
				"Data/BarkWalletFFI/BarkWalletFFI+Mailbox.swift",
				"Data/BarkWalletFFI/BarkWalletFFI+Maintenance.swift",
				"Data/BarkWalletFFI/BarkWalletFFI+Mnemonic.swift",
				"Data/BarkWalletFFI/BarkWalletFFI+Network.swift",
				"Data/BarkWalletFFI/BarkWalletFFI+Rounds.swift",
				"Data/BarkWalletFFI/BarkWalletFFI+Server.swift",
				"Data/BarkWalletFFI/BarkWalletFFI+Transactions.swift",
				"Data/BarkWalletFFI/BarkWalletFFI+VTXO.swift",
				"Data/BarkWalletFFI/Bark​Wallet​FFI​+​Wallet​Creation​.swift",
				"Data/BarkWalletFFI/BarkWalletFFI+WalletLifecycle.swift",
				Data/BarkWalletProtocol.swift,
				Data/BDKCpfpHelper.swift,
				Data/BDKOnchainWallet.swift,
				Data/BDKTransactionReader.swift,
				Data/BIP39Usage.swift,
				Data/CacheManager.swift,
				Data/ContactType.swift,
				Data/MockBarkWallet.swift,
				Data/MovementCategory.swift,
				Data/MovementData.swift,
				Data/MovementDestination.swift,
				Data/MovementMetadata.swift,
				Data/NetworkConfig.swift,
				Data/PaymentMethod.swift,
				Data/ProcessState/BackupStatus.swift,
				Data/ProcessState/ConnectionStatus.swift,
				Data/ProcessState/ProcessStateService.swift,
				Data/ProcessState/VTXOHealth.swift,
				Data/SwiftDataHelper.swift,
				Data/TaskDeduplicationManager.swift,
				Data/WalletManager/WalletManager.swift,
				"Data/WalletManager/WalletManager+ContactAddresses.swift",
				"Data/WalletManager/WalletManager+Contacts.swift",
				"Data/WalletManager/WalletManager+CustomCommands.swift",
				"Data/WalletManager/WalletManager+Data.swift",
				"Data/WalletManager/WalletManager+Exits.swift",
				"Data/WalletManager/WalletManager+Export.swift",
				"Data/WalletManager/WalletManager+Fees.swift",
				"Data/WalletManager/WalletManager+Lightning.swift",
				"Data/WalletManager/WalletManager+Notifications.swift",
				"Data/WalletManager/WalletManager+Operations.swift",
				"Data/WalletManager/WalletManager+PaymentDestination.swift",
				"Data/WalletManager/WalletManager+ProcessState.swift",
				"Data/WalletManager/WalletManager+Refresh.swift",
				"Data/WalletManager/WalletManager+Tags.swift",
				"Data/WalletManager/WalletManager+Transactions.swift",
				"Data/WalletManager/WalletManager+Wallet.swift",
				Helpers/AddressFormat.swift,
				Helpers/AddressValidator.swift,
				Helpers/BIP21URIHelper.swift,
				Helpers/BIP353Resolver.swift,
				Helpers/Clipboard.swift,
				Helpers/ClipboardServiceProtocol.swift,
				Helpers/CloudKitObserver.swift,
				Helpers/ExitDiagnostics.swift,
				Helpers/LightningInvoiceParser.swift,
				Helpers/PaymentDestination.swift,
				Helpers/PaymentDestinationSelector.swift,
				Helpers/PaymentRequest.swift,
				Helpers/PaymentRequestExamples.swift,
				Helpers/RefreshUrgency.swift,
				Helpers/RoundStateDebugger.swift,
				Helpers/UserSettings.swift,
				Helpers/WalletConfiguration.swift,
				"Images/1-intro-v2-small-image.jpg",
				"Images/1-intro-v2-small.mp4",
				"Images/2-testing-cherry-blossom-v2-small-image.jpg",
				"Images/2-testing-cherry-blossom-v2-small.mp4",
				"Images/3-ownership-v2-small-image.jpg",
				"Images/3-ownership-v2-small.mp4",
				"Images/4-speed-small-image.jpg",
				"Images/4-speed-small.mp4",
				"Images/5-two-balances-v2-small-image.jpg",
				"Images/5-two-balances-v2-small.mp4",
				"Images/6-get-started-small-image.jpg",
				"Images/6-get-started-small.mp4",
				"Images/arke-app-icon.icon",
				"Images/arke-icon-round.png",
				"Images/arke-qr-background.png",
				"Images/arke-recovery-phrase-backup-sheet.pdf",
				"Images/arke-recovery-phrase-backup-sheet.png",
				"Images/avatar-silhouette-female.jpg",
				"Images/avatar-silhouette-male.jpg",
				"Images/bitcoin-wallet.jpg",
				"Images/block-pattern-gold-0.png",
				"Images/block-pattern-gold-1.png",
				"Images/block-pattern-gold-2.png",
				"Images/block-pattern-gold-3.png",
				"Images/block-pattern-gold-4.png",
				"Images/block-pattern-gold-5.png",
				"Images/block-pattern-gold.png",
				"Images/card-big.jpg",
				"Images/circle-pattern-gold.png",
				"Images/coffee-clapping.mp4",
				Images/coffee.mp4,
				Images/cornfield.jpg,
				"Images/cover-animation.mp4",
				"Images/delete-wallet.jpg",
				"Images/edgy-pattern-gold.png",
				Images/exit.jpg,
				"Images/faucetto-signetto.jpg",
				"Images/lightning-pattern-gold.png",
				"Images/magic-wallet-creation.mp4",
				"Images/poolside-pose.mp4",
				Images/poolside.mp4,
				"Images/puppy-idle.mp4",
				"Images/puppy-thumbs-up.mp4",
				"Images/scratch-surface.jpg",
				"Images/tai-chi-seated.mp4",
				"Images/tai-chi.mp4",
				"Images/thumbs-up-animation.mp4",
				"Images/tuscan-villa-portrait.jpg",
				"Images/tuscan-villa.jpg",
				Images/unicorn.jpg,
				"Images/wave-pattern-gold.png",
				"Images/wipe-wallet-forever.jpg",
				"Images/wipe-wallet-from-device.jpg",
				Images/xerxes.mp4,
				Localizable.xcstrings,
				Models/ArkBalanceModel.swift,
				Models/ArkBalanceResponse.swift,
				Models/ArkConfigModel.swift,
				Models/ArkInfoModel.swift,
				Models/ContactAddressModel.swift,
				Models/ContactModel.swift,
				Models/DeviceRegistration.swift,
				Models/FeePriority.swift,
				Models/FeeSchedule.swift,
				Models/OnchainBalanceModel.swift,
				Models/OnchainBalanceResponse.swift,
				Models/OnchainTransactionEntity.swift,
				Models/OnchainTransactionModel.swift,
				Models/PersistentContact.swift,
				Models/PersistentContactAddress.swift,
				Models/PersistentTag.swift,
				Models/PersistentTransaction.swift,
				"Models/PersistentTransaction+DisplayHelpers.swift",
				Models/TagModel.swift,
				Models/TotalBalanceModel.swift,
				Models/TransactionContactAssignment.swift,
				Models/TransactionModel.swift,
				Models/TransactionStatusEnum.swift,
				Models/TransactionTagAssignment.swift,
				Models/UserProfile.swift,
				Models/UTXOModel.swift,
				Models/VTXOModel.swift,
				Services/AddressErrors.swift,
				Services/AddressGenerationStrategy.swift,
				Services/AddressService.swift,
				Services/AddressType.swift,
				Services/BalanceService.swift,
				Services/ContactAddressService.swift,
				Services/ContactService.swift,
				"Services/ContactService/ContactService+Addresses.swift",
				"Services/ContactService/ContactService+Assignments.swift",
				"Services/ContactService/ContactService+BulkOperations.swift",
				"Services/ContactService/ContactService+CRUD.swift",
				"Services/ContactService/ContactService+DefaultContacts.swift",
				"Services/ContactService/ContactService+NativeIntegration.swift",
				"Services/ContactService/ContactService+Queries.swift",
				"Services/ContactService/ContactService+StateManagement.swift",
				Services/ContactService/ContactServiceError.swift,
				Services/ContactService/ContactStatistic.swift,
				Services/DeviceRegistrationService.swift,
				Services/ExitProgressionService.swift,
				Services/LightningClaimService.swift,
				Services/MotionManager.swift,
				Services/NativeContactService.swift,
				Services/OnchainTransactionService.swift,
				Services/PersistentAddress.swift,
				Services/RelayRegistrationService.swift,
				Services/RoundProgressionService.swift,
				Services/SecurityService.swift,
				Services/ServiceContainer.swift,
				Services/TagService.swift,
				Services/TransactionService/TransactionService.swift,
				"Services/TransactionService/TransactionService+AddressLinking.swift",
				"Services/TransactionService/TransactionService+AutoTagging.swift",
				"Services/TransactionService/TransactionService+Notes.swift",
				"Services/TransactionService/TransactionService+Parsing.swift",
				"Services/TransactionService/TransactionService+Upsert.swift",
				"Services/TransactionService/TransactionService+Utilities.swift",
				Services/UnifiedTransactionService.swift,
				Services/VTXORefreshService.swift,
				Services/WalletNotificationService.swift,
				Services/WalletOperationsService.swift,
				UI/BalanceCard.swift,
				UI/BalanceRefreshTag.swift,
				UI/FlowLayout.swift,
				Views/Activity/DetailRow.swift,
				"Views/Activity/ExitVtxo+Extensions.swift",
				Views/Activity/PersistentTransactionListItem.swift,
				Views/Activity/TransactionContactView.swift,
				Views/Activity/TransactionDetailViewModel.swift,
				Views/Activity/TransactionListItem.swift,
				Views/Activity/TransactionListModel.swift,
				"Views/Activity/TransactionModel+DisplayHelpers.swift",
				Views/Activity/TransactionNotesSection.swift,
				Views/Activity/TransactionStatusBadge.swift,
				Views/Activity/TransactionTagView.swift,
				Views/Balance/BalanceDetailCard.swift,
				Views/Balance/BalanceRefreshStatusContainer.swift,
				Views/Balance/BalanceRefreshStatusContainerCompact.swift,
				Views/Balance/BoardingModalBoardingView.swift,
				Views/Balance/BoardingModalErrorView.swift,
				Views/Balance/BoardingModalFormView.swift,
				Views/Balance/BoardingModalSuccessView.swift,
				Views/Balance/BoardingModalView.swift,
				Views/Balance/FeeEstimateView.swift,
				Views/Balance/OffboardingModalErrorView.swift,
				Views/Balance/OffboardingModalFormView.swift,
				Views/Balance/OffboardingModalOffboardingView.swift,
				Views/Balance/OffboardingModalSuccessView.swift,
				Views/Balance/OffboardingModalView.swift,
				Views/Balance/RefreshModalErrorView.swift,
				Views/Balance/RefreshModalFormView.swift,
				Views/Balance/RefreshModalRefreshingView.swift,
				Views/Balance/RefreshModalSuccessView.swift,
				Views/Balance/RefreshModalView.swift,
				Views/Console/CommandExecutor.swift,
				Views/Console/ConsoleCommand.swift,
				Views/Console/ConsoleEntry.swift,
				Views/Console/ConsoleViewModel.swift,
				Views/Console/WalletCommands.swift,
				Views/Contacts/ContactAddressEditor.swift,
				Views/Contacts/ContactsViewModel.swift,
				Views/Contacts/ContactTransactionSummaryView.swift,
				Views/Contacts/Details/AddressListItem.swift,
				Views/Contacts/Details/ContactAddressesSection.swift,
				Views/Contacts/Details/ContactDetailsDisclosure.swift,
				Views/Contacts/Details/ContactDetailViewModel.swift,
				Views/Contacts/Details/ContactHeaderView.swift,
				Views/Contacts/Editor/AvatarPickerSheet.swift,
				Views/Contacts/Editor/ContactAssignmentPreview.swift,
				Views/Contacts/Editor/ContactChip.swift,
				Views/Contacts/Editor/ContactEditor.swift,
				Views/Contacts/Editor/ContactFormFields.swift,
				Views/Contacts/Editor/ContactImportSheet.swift,
				Views/Contacts/Editor/ContactPreviewCard.swift,
				Views/Contacts/Editor/ContactSelectorSheet.swift,
				Views/Contacts/Editor/ContactValidation.swift,
				Views/Contacts/Editor/NativeContactLinkDetail.swift,
				Views/Data/ArkBalanceView.swift,
				Views/Data/ArkInfoSectionView.swift,
				Views/Data/BalanceRowView.swift,
				Views/Data/BlockHeightSectionView.swift,
				Views/Data/ConfigurationSectionView.swift,
				Views/Data/DataDetailItem.swift,
				Views/Data/OnchainBalanceView.swift,
				Views/Data/UTXOListView.swift,
				Views/Data/UTXORowView.swift,
				Views/Data/VTXODeveloperActionsView.swift,
				Views/Data/VTXOListView.swift,
				Views/Data/VTXORowView.swift,
				Views/Receive/ActionButtonsView.swift,
				Views/Receive/AddressCard.swift,
				Views/Receive/AddressCardExpandable.swift,
				Views/Receive/AddressDisplayView.swift,
				Views/Receive/AmountAndNoteInputView.swift,
				Views/Receive/ExpandableAddressView.swift,
				Views/Receive/LightningActionSection.swift,
				Views/Receive/LightningAmountInputSection.swift,
				Views/Receive/ReceiveBalanceType.swift,
				Views/Receive/ReceiveQRContentHelper.swift,
				Views/Receive/ReceiveViewModel.swift,
				Views/Send/AddressFormatsInfoView.swift,
				Views/Send/AddressNotFoundErrorCard.swift,
				Views/Send/AmountInputSection.swift,
				Views/Send/BitcoinAddressField.swift,
				Views/Send/ConfirmedDestinationCard.swift,
				Views/Send/ContactInfoBanner.swift,
				Views/Send/DisplayDestination.swift,
				Views/Send/FeeDisplayView.swift,
				Views/Send/FeeOptionRow.swift,
				Views/Send/FeeSelectionSheet.swift,
				Views/Send/Flows/ContactPaymentView.swift,
				Views/Send/Flows/ManualSendView.swift,
				Views/Send/Flows/QuickPaymentView.swift,
				Views/Send/LightningAddressResolver.swift,
				"Views/Send/Payment destination/PaymentDestinationPickerView.swift",
				"Views/Send/Payment destination/PaymentDestinationRow.swift",
				"Views/Send/Payment destination/PaymentDestinationSelectorExamples.swift",
				Views/Send/PaymentDestinationItem.swift,
				Views/Send/PaymentRequestInfoBanner.swift,
				Views/Send/PaymentRequestMetadataView.swift,
				Views/Send/RecipientInputSection.swift,
				Views/Send/RecipientState.swift,
				Views/Send/SendModalErrorView.swift,
				Views/Send/SendModalSendingView.swift,
				Views/Send/SendModalState.swift,
				Views/Send/SendModalSuccessView.swift,
				Views/Send/SendModalView.swift,
				Views/Send/SendViewModel/SendViewModel.swift,
				"Views/Send/SendViewModel/SendViewModel+Clipboard.swift",
				"Views/Send/SendViewModel/SendViewModel+ComputedProperties.swift",
				"Views/Send/SendViewModel/SendViewModel+FeeCalculation.swift",
				"Views/Send/SendViewModel/SendViewModel+Helpers.swift",
				"Views/Send/SendViewModel/SendViewModel+Initialization.swift",
				"Views/Send/SendViewModel/SendViewModel+PaymentExecution.swift",
				"Views/Send/SendViewModel/SendViewModel+StateManagement.swift",
				Views/Send/SheetDestinationDisplayView.swift,
				Views/Send/TypingIndicatorView.swift,
				Views/Send/UnifiedDestinationDisplayView.swift,
				Views/Send/ValidationFeedbackView.swift,
				Views/ServiceConfigurationView.swift,
				Views/Settings/DeleteLocallyConfirmationView.swift,
				Views/Settings/DeletePermanentlyConfirmationView.swift,
				Views/Settings/DeleteWalletSettingView.swift,
				Views/Settings/RecoveryPhraseSettingView.swift,
				Views/Settings/WalletDataCleanupService.swift,
				Views/Tags/Editor/ColorPickerSheet.swift,
				Views/Tags/Editor/EmojiPickerSheet.swift,
				Views/Tags/Editor/TagEditor.swift,
				Views/Tags/Editor/TagFormFields.swift,
				Views/Tags/Editor/TagValidation.swift,
				Views/Tags/PreviewHelper.swift,
				Views/Tags/TagPreviewCard.swift,
				Views/Tags/TagSelectorSheet.swift,
				Views/Tags/TagsViewModel.swift,
			);
			target = 590430FC2ED867FF00AD6337 /* Arke mobile */;
		};
		59AC9F052EE027E8000859E6 /* Exceptions for "Shared" folder in "Arké" target */ = {
			isa = PBXFileSystemSynchronizedBuildFileExceptionSet;
			membershipExceptions = (
				Docs/ACCESSIBILITY.md,
				"Docs/Address history/ADDRESS_HISTORY_PLAN.md",
				"Docs/Address history/ADDRESS_IMPLEMENTATION_GUIDE.md",
				"Docs/Address history/ADDRESS_IMPLEMENTATION_STATUS.md",
				"Docs/Address history/ADDRESS_QUICK_REFERENCE.md",
				"Docs/Address history/FIX_REDECLARATION_ERRORS.md",
				"Docs/Address history/PHASE_3_COMPLETE_SUMMARY 2.md",
				"Docs/Address history/PHASE_3_COMPLETE_SUMMARY.md",
				"Docs/Address history/PHASE_3_COMPLETE.md",
				"Docs/Address history/PHASE_3_IMPLEMENTATION.md",
				"Docs/Address history/PHASE_3_TRANSACTION_INTEGRATION.md",
				Docs/ADDRESS_PARSING_REFACTOR_SUMMARY.md,
				Docs/API/intro.md,
				"Docs/API/model-definitions.md",
				"Docs/API/service-interfaces.md",
				Docs/APNS_MAILBOX_SPEC.md,
				"Docs/Architecture/data-flow.md",
				Docs/Architecture/intro.md,
				"Docs/Architecture/network-configuration-guide.md",
				"Docs/Architecture/service-layer.md",
				"Docs/Architecture/system-overview.md",
				"Docs/Archive/architecture-migration.md",
				"Docs/Archive/ark-balance-migration.md",
				"Docs/Archive/onchain-balance-migration.md",
				"Docs/Archive/phase-1-cleanup-summary.md",
				"Docs/Archive/phase-2-content-updates.md",
				"Docs/Archive/phase-3-completion-summary.md",
				Docs/Archive/readme.md,
				"Docs/Archive/tag-models-step-1-implementation.md",
				"Docs/Archive/tag-models-step-2-implementation.md.md",
				"Docs/Archive/tag-models-step-3-implementation.md.md",
				"Docs/Archive/tag-models-step-4-implementation.md.md",
				Docs/bark_issue_cpfp_package_relay.md,
				Docs/BarkTypes.md,
				"Docs/BDK/BDK-Implementation-Complete.md",
				"Docs/BDK/BDK-Improvements-2026-02-26.md",
				"Docs/BDK/BDK-Integration-Status.md",
				"Docs/BDK/BDK-Next-Steps.md",
				"Docs/BDK/CPFP-Implementation-Plan.md",
				"Docs/BDK/OnchainTransactionService-Implementation.md",
				Docs/BEFORE_AFTER_COMPARISON.md,
				Docs/BIP39_INTEGRATION_GUIDE.md,
				Docs/BIP39_QUICK_REFERENCE.md,
				Docs/BIP39_TROUBLESHOOTING.md,
				"Docs/BitcoinFormatter-Locale-Guide.md",
				"Docs/BitcoinFormatter-Migration.md",
				"Docs/BitcoinFormatter-Refactoring-Summary.md",
				Docs/CloudKit/CloudKitQuickStart.md,
				Docs/CloudKit/CloudKitSetupChecklist.md,
				Docs/CloudKit/CloudKitSyncGuidelines.md,
				Docs/CloudKitSyncImplementation.md,
				Docs/Console/CONSOLE_COMMANDS.md,
				Docs/Console/CONSOLE_OPTIMIZATION.md,
				Docs/Console/CONSOLE_REFACTOR.md,
				Docs/CONTACT_ADDRESS_DELETION_LOGIC.md,
				Docs/CONTACT_DETAIL_IOS_MIGRATION.md,
				Docs/Contacts/CONTACT_DETAIL_IOS_MERGE_SUMMARY.md,
				Docs/Contacts/CONTACTS_VIEW_REFACTOR_COMPLETE.md,
				Docs/Contacts/FORM_MIGRATION_SUMMARY.md,
				Docs/Contacts/FORM_MIGRATION_TECHNICAL_DETAILS.md,
				Docs/Contacts/FORM_MIGRATION_VISUAL_GUIDE.md,
				Docs/cpfp_package_relay_solution.md,
				"Docs/Data samples/CLI/ark-balance.json",
				"Docs/Data samples/CLI/ark-info.json",
				"Docs/Data samples/CLI/board.json",
				"Docs/Data samples/CLI/config.json",
				"Docs/Data samples/CLI/movement-ln.json",
				"Docs/Data samples/CLI/movements-new.json",
				"Docs/Data samples/CLI/movements.json",
				"Docs/Data samples/CLI/onchain-balance.json",
				"Docs/Data samples/CLI/openapi.json",
				"Docs/Data samples/CLI/utxos.json",
				"Docs/Data samples/CLI/vtxos.json",
				"Docs/Data samples/Movements.md",
				Docs/DataVersionObservation.md,
				Docs/DEFAULT_CONTACT_IMPLEMENTATION.md,
				Docs/DELETION_UX_REFACTOR.md,
				"Docs/Development/common-tasks.md",
				Docs/Development/intro.md,
				Docs/Development/setup.md,
				"Docs/Development/testing-patterns.md",
				Docs/DEVICE_REGISTRY_ALL_PHASES_COMPLETE.md,
				Docs/DEVICE_REGISTRY_COMPLETE.md,
				Docs/DEVICE_REGISTRY_PHASE1_SUMMARY.md,
				Docs/DEVICE_REGISTRY_PHASE2_SUMMARY.md,
				Docs/DEVICE_REGISTRY_PHASE3_SUMMARY.md,
				Docs/DEVICE_REGISTRY_QUICK_REFERENCE.md,
				Docs/DOCUMENTATION_INVENTORY.md,
				"Docs/Features/balance-persistence.md",
				Docs/Features/intro.md,
				"Docs/Features/tag-system.md",
				"Docs/Features/theme-system-implementation.md",
				"Docs/Fee-Calculation-Analysis.md",
				"Docs/FFI initial integration/FINAL_COMPLETE.md",
				"Docs/FFI initial integration/PHASE1_COMPLETE.md",
				"Docs/FFI initial integration/PHASE2_COMPLETE.md",
				"Docs/FFI initial integration/PHASE3_COMPLETE.md",
				"Docs/FFI initial integration/PHASE4_COMPLETE.md",
				"Docs/FFI initial integration/PHASES567_COMPLETE.md",
				Docs/FIX_DATABASE_ERROR_AFTER_DELETION.md,
				Docs/Initialization/ADDRESS_GENERATION_TRACING.md,
				Docs/Initialization/BATCH_TAG_CREATION_FIX.md,
				Docs/Initialization/CLOUDKIT_NOTIFICATION_STORM_FIX.md,
				Docs/Initialization/DOUBLE_INITIALIZATION_FIX_CORRECTED.md,
				Docs/Initialization/DOUBLE_WALLET_INITIALIZATION_FIX.md,
				Docs/Initialization/ENHANCED_CALL_TRACING.md,
				Docs/Initialization/ENHANCED_INITIALIZATION_LOGGING.md,
				Docs/Initialization/FIX_DUPLICATE_MNEMONIC_SAVES.md,
				Docs/Initialization/INITIALIZATION_FLOWS.md,
				Docs/Initialization/ISSUE_1_DEVICE_REGISTRATION.md,
				Docs/Initialization/ISSUE_2_ADDRESS_GENERATION.md,
				Docs/Initialization/REVIEW.md,
				Docs/Initialization/SERVER_CONNECTION_DIAGNOSTICS.md,
				Docs/Initialization/WALLET_CREATION_ISSUES_OVERVIEW.md,
				Docs/Initialization/WALLET_CREATION_ISSUES.md,
				Docs/INTRO_VIDEO_PLAYER_GUIDE.md,
				Docs/Intro.md,
				Docs/Localization/LOCALIZATION_MIGRATION_SUMMARY.md,
				Docs/Localization/LOCALIZATION_UPDATE_SUMMARY.md,
				"Docs/migration-history.md",
				Docs/movements.md,
				Docs/Movements/FEE_DISPLAY_FIX.md,
				Docs/Movements/MOVEMENT_SYSTEM_COMPLETE.md,
				Docs/Movements/PHASE_1_COMPLETE.md,
				Docs/Movements/PHASE_2_COMPLETE.md,
				Docs/Movements/PHASE_3_COMPLETE.md,
				Docs/Movements/PHASE_4_COMPLETE.md,
				Docs/Movements/TRANSFER_TYPE_IMPLEMENTATION.md,
				Docs/NETWORK_MISMATCH_UX_CHANGES.md,
				Docs/PASSKEY_INTEGRATION_PLAN_REVIEW.md,
				Docs/PASSKEY_INTEGRATION_PLAN.md,
				"Docs/Payment destination selection/BUG_FIXES_SUMMARY.md",
				"Docs/Payment destination selection/IMPLEMENTATION_SUMMARY.md",
				"Docs/Payment destination selection/PAYMENT_SELECTION_FLOW_DIAGRAM.md",
				"Docs/Payment destination selection/QUICK_REFERENCE.md",
				Docs/PAYMENT_DESTINATION_SELECTOR_README.md,
				"Docs/process-state-service-implementation.md",
				Docs/QUICK_PAYMENT_SOURCE_GUIDE.md,
				Docs/README.md,
				Docs/REFACTORING_SUMMARY.md,
				Docs/SCRATCH_CARD_IMPLEMENTATION.md,
				"Docs/Security device separation/ARCHITECTURE_DIAGRAMS.md",
				"Docs/Security device separation/COMMIT_MESSAGE.md",
				"Docs/Security device separation/IMPLEMENTATION_SUMMARY.md",
				"Docs/Security device separation/QUICK_REFERENCE.md",
				"Docs/Security device separation/SEPARATION_OF_CONCERNS_IMPLEMENTATION.md",
				"Docs/Security device separation/TESTING_CHECKLIST_SEPARATION.md",
				Docs/Send/ARK_ADDRESS_FIX_CORRECTED.md,
				Docs/Send/ARK_ADDRESS_VALIDATION_FIX.md,
				Docs/Send/CLIPBOARD_BANNER_BUG_FIX.md,
				Docs/Send/CLIPBOARD_BANNER_ENHANCEMENT.md,
				Docs/Send/PAYMENT_REQUEST_INFO_BANNER_GUIDE.md,
				Docs/Send/PAYMENT_REQUEST_INFO_BANNER_IMPLEMENTATION.md,
				Docs/Send/PAYMENT_REQUEST_INFO_BANNER_VISUAL_REFERENCE.md,
				Docs/Send/PAYMENT_SOURCE_FLOW_REFERENCE.md,
				Docs/Send/QR_CODE_SOURCE_IMPLEMENTATION.md,
				Docs/Send/SCENARIO_9_FIX_SUMMARY.md,
				Docs/Send/SENDVIEW_ARCHITECTURE.md,
				Docs/Send/SENDVIEW_BANNER_COMPARISON.md,
				Docs/Send/SENDVIEW_FLOW_DIAGRAMS.md,
				Docs/Send/SENDVIEW_INTEGRATION_SUMMARY.md,
				Docs/Send/SENDVIEW_MIGRATION_CHECKLIST.md,
				Docs/Send/SENDVIEW_OVERVIEW.md,
				Docs/Send/SENDVIEW_PREVIEW_STATES.md,
				Docs/Send/SENDVIEW_QUICK_REFERENCE.md,
				Docs/Send/SENDVIEW_REFACTORING_SUMMARY.md,
				Docs/Send/SENDVIEW_REFACTORING.md,
				Docs/Send/SENDVIEW_TEST_SCENARIOS.md,
				Docs/Send/SENDVIEW_USAGE_EXAMPLES.md,
				Docs/Send/SENDVIEW_USAGE_GUIDE.md,
				Docs/SIGNET_FAUCET_IMPLEMENTATION.md,
				"Docs/tags-view-architecture.md",
				Docs/TRANSACTION_DETAIL_IOS_MIGRATION.md,
				Docs/WALLET_DELETION_IMPLEMENTATION.md,
				Docs/WALLET_DELETION_REFACTOR_SUMMARY.md,
				Docs/WALLET_FIRST_INITIALIZATION.md,
				"Images/1-intro-v2-small-image.jpg",
				"Images/1-intro-v2-small.mp4",
				"Images/2-testing-cherry-blossom-v2-small-image.jpg",
				"Images/2-testing-cherry-blossom-v2-small.mp4",
				"Images/3-ownership-v2-small-image.jpg",
				"Images/3-ownership-v2-small.mp4",
				"Images/4-speed-small-image.jpg",
				"Images/5-two-balances-v2-small-image.jpg",
				"Images/6-get-started-small-image.jpg",
				"Images/6-get-started-small.mp4",
			);
			target = 597585912EA0F0270042F0E5 /* Arké */;
		};
		59DC8B412EE300BA005BE246 /* Exceptions for "Arké mobile" folder in "Arké" target */ = {
			isa = PBXFileSystemSynchronizedBuildFileExceptionSet;
			membershipExceptions = (
				Views/Activity/TransactionListEmptyState.swift,
				Views/Contacts/SignetFaucetService.swift,
			);
			target = 597585912EA0F0270042F0E5 /* Arké */;
		};
/* End PBXFileSystemSynchronizedBuildFileExceptionSet section */

/* Begin PBXFileSystemSynchronizedRootGroup section */
		590430FE2ED867FF00AD6337 /* Arké mobile */ = {
			isa = PBXFileSystemSynchronizedRootGroup;
			exceptions = (
				59DC8B412EE300BA005BE246 /* Exceptions for "Arké mobile" folder in "Arké" target */,
				5904311F2ED8680100AD6337 /* Exceptions for "Arké mobile" folder in "Arke mobile" target */,
			);
			path = "Arké mobile";
			sourceTree = "<group>";
		};
		590431102ED8680000AD6337 /* Arké mobileTests */ = {
			isa = PBXFileSystemSynchronizedRootGroup;
			path = "Arké mobileTests";
			sourceTree = "<group>";
		};
		5904311A2ED8680000AD6337 /* Arké mobileUITests */ = {
			isa = PBXFileSystemSynchronizedRootGroup;
			path = "Arké mobileUITests";
			sourceTree = "<group>";
		};
		5914EE782ED8839900D55923 /* Shared */ = {
			isa = PBXFileSystemSynchronizedRootGroup;
			exceptions = (
				59AC9F052EE027E8000859E6 /* Exceptions for "Shared" folder in "Arké" target */,
				5914EE7B2ED883AF00D55923 /* Exceptions for "Shared" folder in "Arke mobile" target */,
			);
			path = Shared;
			sourceTree = "<group>";
		};
		597585942EA0F0270042F0E5 /* Arké */ = {
			isa = PBXFileSystemSynchronizedRootGroup;
			exceptions = (
				590AC22A2ED9FD79005F75FD /* Exceptions for "Arké" folder in "Arke mobile" target */,
			);
			name = "Arké";
			path = "Arké";
			sourceTree = "<group>";
		};
		597585A42EA0F0290042F0E5 /* ArkéTests */ = {
			isa = PBXFileSystemSynchronizedRootGroup;
			name = "ArkéTests";
			path = "ArkéTests";
			sourceTree = "<group>";
		};
		597585AE2EA0F0290042F0E5 /* ArkéUITests */ = {
			isa = PBXFileSystemSynchronizedRootGroup;
			name = "ArkéUITests";
			path = "ArkéUITests";
			sourceTree = "<group>";
		};
/* End PBXFileSystemSynchronizedRootGroup section */

/* Begin PBXFrameworksBuildPhase section */
		590430FA2ED867FF00AD6337 /* Frameworks */ = {
			isa = PBXFrameworksBuildPhase;
			buildActionMask = 2147483647;
			files = (
				592202222F4C53E900EB0578 /* Bark in Frameworks */,
				59196BEA2F2B516B0028DB63 /* Bark in Frameworks */,
				59918ABE2F4C7C1E00A59C5C /* ArkeUI in Frameworks */,
				59FB9D162F17D9E800CB26B7 /* QRCode in Frameworks */,
				596754992F509E4500396429 /* BitcoinDevKit in Frameworks */,
				594D7FA62F309325001CC89E /* Bark in Frameworks */,
				595790152F56BBDF0004B69C /* Bark in Frameworks */,
				596E15F82EDF0D1600B46B6D /* libsqlite3.tbd in Frameworks */,
				59D263462ED9EB42006570D0 /* BIP39 in Frameworks */,
			);
			runOnlyForDeploymentPostprocessing = 0;
		};
		5904310A2ED8680000AD6337 /* Frameworks */ = {
			isa = PBXFrameworksBuildPhase;
			buildActionMask = 2147483647;
			files = (
			);
			runOnlyForDeploymentPostprocessing = 0;
		};
		590431142ED8680000AD6337 /* Frameworks */ = {
			isa = PBXFrameworksBuildPhase;
			buildActionMask = 2147483647;
			files = (
			);
			runOnlyForDeploymentPostprocessing = 0;
		};
		5975858F2EA0F0270042F0E5 /* Frameworks */ = {
			isa = PBXFrameworksBuildPhase;
			buildActionMask = 2147483647;
			files = (
				593ACA9D2F0BAA5E00FAF03F /* Bark in Frameworks */,
				593ACA9C2F0BAA5E00FAF03F /* Bark in Frameworks */,
				59D2633C2ED9E1D2006570D0 /* BIP39 in Frameworks */,
				5967549B2F509E5400396429 /* BitcoinDevKit in Frameworks */,
				59918AC02F4C7C2800A59C5C /* ArkeUI in Frameworks */,
			);
			runOnlyForDeploymentPostprocessing = 0;
		};
		5975859E2EA0F0290042F0E5 /* Frameworks */ = {
			isa = PBXFrameworksBuildPhase;
			buildActionMask = 2147483647;
			files = (
			);
			runOnlyForDeploymentPostprocessing = 0;
		};
		597585A82EA0F0290042F0E5 /* Frameworks */ = {
			isa = PBXFrameworksBuildPhase;
			buildActionMask = 2147483647;
			files = (
			);
			runOnlyForDeploymentPostprocessing = 0;
		};
/* End PBXFrameworksBuildPhase section */

/* Begin PBXGroup section */
		597585892EA0F0270042F0E5 = {
			isa = PBXGroup;
			children = (
				597585942EA0F0270042F0E5 /* Arké */,
				597585A42EA0F0290042F0E5 /* ArkéTests */,
				597585AE2EA0F0290042F0E5 /* ArkéUITests */,
				590430FE2ED867FF00AD6337 /* Arké mobile */,
				590431102ED8680000AD6337 /* Arké mobileTests */,
				5904311A2ED8680000AD6337 /* Arké mobileUITests */,
				597585932EA0F0270042F0E5 /* Products */,
				59BF8E7B2EA206B2002CDFF4 /* README.md */,
				5914EE782ED8839900D55923 /* Shared */,
				59D263442ED9EB42006570D0 /* Frameworks */,
			);
			sourceTree = "<group>";
		};
		597585932EA0F0270042F0E5 /* Products */ = {
			isa = PBXGroup;
			children = (
				597585922EA0F0270042F0E5 /* Arké.app */,
				597585A12EA0F0290042F0E5 /* ArkéTests.xctest */,
				597585AB2EA0F0290042F0E5 /* ArkéUITests.xctest */,
				590430FD2ED867FF00AD6337 /* Arke mobile.app */,
				5904310D2ED8680000AD6337 /* Arké mobileTests.xctest */,
				590431172ED8680000AD6337 /* Arké mobileUITests.xctest */,
			);
			name = Products;
			sourceTree = "<group>";
		};
		59D263442ED9EB42006570D0 /* Frameworks */ = {
			isa = PBXGroup;
			children = (
				596E15F72EDF0D1600B46B6D /* libsqlite3.tbd */,
				596E15F52EDF0D0200B46B6D /* libsqlite3.tbd */,
			);
			name = Frameworks;
			sourceTree = "<group>";
		};
/* End PBXGroup section */

/* Begin PBXNativeTarget section */
		590430FC2ED867FF00AD6337 /* Arke mobile */ = {
			isa = PBXNativeTarget;
			buildConfigurationList = 590431202ED8680100AD6337 /* Build configuration list for PBXNativeTarget "Arke mobile" */;
			buildPhases = (
				590430F92ED867FF00AD6337 /* Sources */,
				590430FA2ED867FF00AD6337 /* Frameworks */,
				590430FB2ED867FF00AD6337 /* Resources */,
				59588FDF2EDDBD6300B3A101 /* Embed Frameworks */,
			);
			buildRules = (
			);
			dependencies = (
				59D2633E2ED9E242006570D0 /* PBXTargetDependency */,
			);
			fileSystemSynchronizedGroups = (
				590430FE2ED867FF00AD6337 /* Arké mobile */,
			);
			name = "Arke mobile";
			packageProductDependencies = (
				59D263452ED9EB42006570D0 /* BIP39 */,
				59FB9D152F17D9E800CB26B7 /* QRCode */,
				59196BE92F2B516B0028DB63 /* Bark */,
				594D7FA52F309325001CC89E /* Bark */,
				592202212F4C53E900EB0578 /* Bark */,
				59918ABD2F4C7C1E00A59C5C /* ArkeUI */,
				596754982F509E4500396429 /* BitcoinDevKit */,
				595790142F56BBDF0004B69C /* Bark */,
			);
			productName = "Arké mobile";
			productReference = 590430FD2ED867FF00AD6337 /* Arke mobile.app */;
			productType = "com.apple.product-type.application";
		};
		5904310C2ED8680000AD6337 /* Arké mobileTests */ = {
			isa = PBXNativeTarget;
			buildConfigurationList = 590431232ED8680100AD6337 /* Build configuration list for PBXNativeTarget "Arké mobileTests" */;
			buildPhases = (
				590431092ED8680000AD6337 /* Sources */,
				5904310A2ED8680000AD6337 /* Frameworks */,
				5904310B2ED8680000AD6337 /* Resources */,
			);
			buildRules = (
			);
			dependencies = (
				5904310F2ED8680000AD6337 /* PBXTargetDependency */,
			);
			fileSystemSynchronizedGroups = (
				590431102ED8680000AD6337 /* Arké mobileTests */,
			);
			name = "Arké mobileTests";
			packageProductDependencies = (
			);
			productName = "Arké mobileTests";
			productReference = 5904310D2ED8680000AD6337 /* Arké mobileTests.xctest */;
			productType = "com.apple.product-type.bundle.unit-test";
		};
		590431162ED8680000AD6337 /* Arké mobileUITests */ = {
			isa = PBXNativeTarget;
			buildConfigurationList = 590431262ED8680100AD6337 /* Build configuration list for PBXNativeTarget "Arké mobileUITests" */;
			buildPhases = (
				590431132ED8680000AD6337 /* Sources */,
				590431142ED8680000AD6337 /* Frameworks */,
				590431152ED8680000AD6337 /* Resources */,
			);
			buildRules = (
			);
			dependencies = (
				590431192ED8680000AD6337 /* PBXTargetDependency */,
			);
			fileSystemSynchronizedGroups = (
				5904311A2ED8680000AD6337 /* Arké mobileUITests */,
			);
			name = "Arké mobileUITests";
			packageProductDependencies = (
			);
			productName = "Arké mobileUITests";
			productReference = 590431172ED8680000AD6337 /* Arké mobileUITests.xctest */;
			productType = "com.apple.product-type.bundle.ui-testing";
		};
		597585912EA0F0270042F0E5 /* Arké */ = {
			isa = PBXNativeTarget;
			buildConfigurationList = 597585B52EA0F0290042F0E5 /* Build configuration list for PBXNativeTarget "Arké" */;
			buildPhases = (
				5975858E2EA0F0270042F0E5 /* Sources */,
				5975858F2EA0F0270042F0E5 /* Frameworks */,
				597585902EA0F0270042F0E5 /* Resources */,
				591E2C2B2EBA4CB300C08DAA /* CopyFiles */,
			);
			buildRules = (
			);
			dependencies = (
				59D263402ED9E249006570D0 /* PBXTargetDependency */,
			);
			fileSystemSynchronizedGroups = (
				5914EE782ED8839900D55923 /* Shared */,
				597585942EA0F0270042F0E5 /* Arké */,
			);
			name = "Arké";
			packageProductDependencies = (
				59D2633B2ED9E1D2006570D0 /* BIP39 */,
				59857EF62EE1CE8500FA2C18 /* Bark */,
				59D6F6D92EE2BDC100DBEB68 /* Bark */,
				59918ABF2F4C7C2800A59C5C /* ArkeUI */,
				5967549A2F509E5400396429 /* BitcoinDevKit */,
			);
			productName = "Ark wallet prototype";
			productReference = 597585922EA0F0270042F0E5 /* Arké.app */;
			productType = "com.apple.product-type.application";
		};
		597585A02EA0F0290042F0E5 /* ArkéTests */ = {
			isa = PBXNativeTarget;
			buildConfigurationList = 597585B82EA0F0290042F0E5 /* Build configuration list for PBXNativeTarget "ArkéTests" */;
			buildPhases = (
				5975859D2EA0F0290042F0E5 /* Sources */,
				5975859E2EA0F0290042F0E5 /* Frameworks */,
				5975859F2EA0F0290042F0E5 /* Resources */,
			);
			buildRules = (
			);
			dependencies = (
				597585A32EA0F0290042F0E5 /* PBXTargetDependency */,
			);
			fileSystemSynchronizedGroups = (
				597585A42EA0F0290042F0E5 /* ArkéTests */,
			);
			name = "ArkéTests";
			packageProductDependencies = (
			);
			productName = "Ark wallet prototypeTests";
			productReference = 597585A12EA0F0290042F0E5 /* ArkéTests.xctest */;
			productType = "com.apple.product-type.bundle.unit-test";
		};
		597585AA2EA0F0290042F0E5 /* ArkéUITests */ = {
			isa = PBXNativeTarget;
			buildConfigurationList = 597585BB2EA0F0290042F0E5 /* Build configuration list for PBXNativeTarget "ArkéUITests" */;
			buildPhases = (
				597585A72EA0F0290042F0E5 /* Sources */,
				597585A82EA0F0290042F0E5 /* Frameworks */,
				597585A92EA0F0290042F0E5 /* Resources */,
			);
			buildRules = (
			);
			dependencies = (
				597585AD2EA0F0290042F0E5 /* PBXTargetDependency */,
			);
			fileSystemSynchronizedGroups = (
				597585AE2EA0F0290042F0E5 /* ArkéUITests */,
			);
			name = "ArkéUITests";
			packageProductDependencies = (
			);
			productName = "Ark wallet prototypeUITests";
			productReference = 597585AB2EA0F0290042F0E5 /* ArkéUITests.xctest */;
			productType = "com.apple.product-type.bundle.ui-testing";
		};
/* End PBXNativeTarget section */

/* Begin PBXProject section */
		5975858A2EA0F0270042F0E5 /* Project object */ = {
			isa = PBXProject;
			attributes = {
				BuildIndependentTargetsInParallel = 1;
				LastSwiftUpdateCheck = 2610;
				LastUpgradeCheck = 2620;
				TargetAttributes = {
					590430FC2ED867FF00AD6337 = {
						CreatedOnToolsVersion = 26.1.1;
					};
					5904310C2ED8680000AD6337 = {
						CreatedOnToolsVersion = 26.1.1;
						TestTargetID = 590430FC2ED867FF00AD6337;
					};
					590431162ED8680000AD6337 = {
						CreatedOnToolsVersion = 26.1.1;
						TestTargetID = 590430FC2ED867FF00AD6337;
					};
					597585912EA0F0270042F0E5 = {
						CreatedOnToolsVersion = 26.0.1;
					};
					597585A02EA0F0290042F0E5 = {
						CreatedOnToolsVersion = 26.0.1;
						TestTargetID = 597585912EA0F0270042F0E5;
					};
					597585AA2EA0F0290042F0E5 = {
						CreatedOnToolsVersion = 26.0.1;
						TestTargetID = 597585912EA0F0270042F0E5;
					};
				};
			};
			buildConfigurationList = 5975858D2EA0F0270042F0E5 /* Build configuration list for PBXProject "Arke" */;
			developmentRegion = en;
			hasScannedForEncodings = 0;
			knownRegions = (
				en,
				Base,
			);
			mainGroup = 597585892EA0F0270042F0E5;
			minimizedProjectReferenceProxies = 1;
			packageReferences = (
				59D2633A2ED9E1D2006570D0 /* XCRemoteSwiftPackageReference "BIP39" */,
				59FB9D142F17D9E800CB26B7 /* XCRemoteSwiftPackageReference "qrcode" */,
				592207C62F4C781000EB0578 /* XCLocalSwiftPackageReference "ArkeUI" */,
				596754972F509E4500396429 /* XCRemoteSwiftPackageReference "bdk-swift" */,
				595790132F56BBDF0004B69C /* XCRemoteSwiftPackageReference "bark-ffi-bindings" */,
			);
			preferredProjectObjectVersion = 77;
			productRefGroup = 597585932EA0F0270042F0E5 /* Products */;
			projectDirPath = "";
			projectRoot = "";
			targets = (
				597585912EA0F0270042F0E5 /* Arké */,
				597585A02EA0F0290042F0E5 /* ArkéTests */,
				597585AA2EA0F0290042F0E5 /* ArkéUITests */,
				590430FC2ED867FF00AD6337 /* Arke mobile */,
				5904310C2ED8680000AD6337 /* Arké mobileTests */,
				590431162ED8680000AD6337 /* Arké mobileUITests */,
			);
		};
/* End PBXProject section */

/* Begin PBXResourcesBuildPhase section */
		590430FB2ED867FF00AD6337 /* Resources */ = {
			isa = PBXResourcesBuildPhase;
			buildActionMask = 2147483647;
			files = (
			);
			runOnlyForDeploymentPostprocessing = 0;
		};
		5904310B2ED8680000AD6337 /* Resources */ = {
			isa = PBXResourcesBuildPhase;
			buildActionMask = 2147483647;
			files = (
			);
			runOnlyForDeploymentPostprocessing = 0;
		};
		590431152ED8680000AD6337 /* Resources */ = {
			isa = PBXResourcesBuildPhase;
			buildActionMask = 2147483647;
			files = (
			);
			runOnlyForDeploymentPostprocessing = 0;
		};
		597585902EA0F0270042F0E5 /* Resources */ = {
			isa = PBXResourcesBuildPhase;
			buildActionMask = 2147483647;
			files = (
			);
			runOnlyForDeploymentPostprocessing = 0;
		};
		5975859F2EA0F0290042F0E5 /* Resources */ = {
			isa = PBXResourcesBuildPhase;
			buildActionMask = 2147483647;
			files = (
			);
			runOnlyForDeploymentPostprocessing = 0;
		};
		597585A92EA0F0290042F0E5 /* Resources */ = {
			isa = PBXResourcesBuildPhase;
			buildActionMask = 2147483647;
			files = (
			);
			runOnlyForDeploymentPostprocessing = 0;
		};
/* End PBXResourcesBuildPhase section */

/* Begin PBXSourcesBuildPhase section */
		590430F92ED867FF00AD6337 /* Sources */ = {
			isa = PBXSourcesBuildPhase;
			buildActionMask = 2147483647;
			files = (
			);
			runOnlyForDeploymentPostprocessing = 0;
		};
		590431092ED8680000AD6337 /* Sources */ = {
			isa = PBXSourcesBuildPhase;
			buildActionMask = 2147483647;
			files = (
			);
			runOnlyForDeploymentPostprocessing = 0;
		};
		590431132ED8680000AD6337 /* Sources */ = {
			isa = PBXSourcesBuildPhase;
			buildActionMask = 2147483647;
			files = (
			);
			runOnlyForDeploymentPostprocessing = 0;
		};
		5975858E2EA0F0270042F0E5 /* Sources */ = {
			isa = PBXSourcesBuildPhase;
			buildActionMask = 2147483647;
			files = (
			);
			runOnlyForDeploymentPostprocessing = 0;
		};
		5975859D2EA0F0290042F0E5 /* Sources */ = {
			isa = PBXSourcesBuildPhase;
			buildActionMask = 2147483647;
			files = (
			);
			runOnlyForDeploymentPostprocessing = 0;
		};
		597585A72EA0F0290042F0E5 /* Sources */ = {
			isa = PBXSourcesBuildPhase;
			buildActionMask = 2147483647;
			files = (
			);
			runOnlyForDeploymentPostprocessing = 0;
		};
/* End PBXSourcesBuildPhase section */

/* Begin PBXTargetDependency section */
		5904310F2ED8680000AD6337 /* PBXTargetDependency */ = {
			isa = PBXTargetDependency;
			target = 590430FC2ED867FF00AD6337 /* Arke mobile */;
			targetProxy = 5904310E2ED8680000AD6337 /* PBXContainerItemProxy */;
		};
		590431192ED8680000AD6337 /* PBXTargetDependency */ = {
			isa = PBXTargetDependency;
			target = 590430FC2ED867FF00AD6337 /* Arke mobile */;
			targetProxy = 590431182ED8680000AD6337 /* PBXContainerItemProxy */;
		};
		597585A32EA0F0290042F0E5 /* PBXTargetDependency */ = {
			isa = PBXTargetDependency;
			target = 597585912EA0F0270042F0E5 /* Arké */;
			targetProxy = 597585A22EA0F0290042F0E5 /* PBXContainerItemProxy */;
		};
		597585AD2EA0F0290042F0E5 /* PBXTargetDependency */ = {
			isa = PBXTargetDependency;
			target = 597585912EA0F0270042F0E5 /* Arké */;
			targetProxy = 597585AC2EA0F0290042F0E5 /* PBXContainerItemProxy */;
		};
		59D2633E2ED9E242006570D0 /* PBXTargetDependency */ = {
			isa = PBXTargetDependency;
			productRef = 59D2633D2ED9E242006570D0 /* BIP39 */;
		};
		59D263402ED9E249006570D0 /* PBXTargetDependency */ = {
			isa = PBXTargetDependency;
			productRef = 59D2633F2ED9E249006570D0 /* BIP39 */;
		};
/* End PBXTargetDependency section */

/* Begin XCBuildConfiguration section */
		590431212ED8680100AD6337 /* Debug */ = {
			isa = XCBuildConfiguration;
			buildSettings = {
				ASSETCATALOG_COMPILER_APPICON_NAME = AppIcon;
				"ASSETCATALOG_COMPILER_APPICON_NAME[sdk=iphoneos*]" = "arke-app-icon";
				ASSETCATALOG_COMPILER_GLOBAL_ACCENT_COLOR_NAME = AccentColor;
				CODE_SIGN_ENTITLEMENTS = "Arké mobile/Arke__mobile.entitlements";
				CODE_SIGN_STYLE = Automatic;
				CURRENT_PROJECT_VERSION = 8;
				DEVELOPMENT_TEAM = 2XW7BAURR2;
				ENABLE_PREVIEWS = YES;
				GENERATE_INFOPLIST_FILE = YES;
				INFOPLIST_FILE = "Arké mobile/Info.plist";
				INFOPLIST_KEY_CFBundleDisplayName = "Arké";
				INFOPLIST_KEY_NSCameraUsageDescription = "Use your camera to scan QR codes.";
				INFOPLIST_KEY_NSContactsUsageDescription = "Link to your Contacts to show names and profile images in the app.";
				INFOPLIST_KEY_UIApplicationSceneManifest_Generation = YES;
				INFOPLIST_KEY_UIApplicationSupportsIndirectInputEvents = YES;
				INFOPLIST_KEY_UILaunchScreen_Generation = YES;
				INFOPLIST_KEY_UISupportedInterfaceOrientations = UIInterfaceOrientationPortrait;
				INFOPLIST_KEY_UISupportedInterfaceOrientations_iPad = "UIInterfaceOrientationLandscapeLeft UIInterfaceOrientationLandscapeRight UIInterfaceOrientationPortrait UIInterfaceOrientationPortraitUpsideDown";
				IPHONEOS_DEPLOYMENT_TARGET = 26.2;
				LD_RUNPATH_SEARCH_PATHS = (
					"$(inherited)",
					"@executable_path/Frameworks",
				);
				MARKETING_VERSION = 1.0;
				PRODUCT_BUNDLE_IDENTIFIER = GBKS.Arke;
				PRODUCT_NAME = "$(TARGET_NAME)";
				SDKROOT = iphoneos;
				STRING_CATALOG_GENERATE_SYMBOLS = YES;
				SWIFT_APPROACHABLE_CONCURRENCY = YES;
				SWIFT_DEFAULT_ACTOR_ISOLATION = MainActor;
				SWIFT_EMIT_LOC_STRINGS = YES;
				SWIFT_UPCOMING_FEATURE_MEMBER_IMPORT_VISIBILITY = YES;
				SWIFT_VERSION = 5.0;
				TARGETED_DEVICE_FAMILY = "1,2";
			};
			name = Debug;
		};
		590431222ED8680100AD6337 /* Release */ = {
			isa = XCBuildConfiguration;
			buildSettings = {
				ASSETCATALOG_COMPILER_APPICON_NAME = AppIcon;
				"ASSETCATALOG_COMPILER_APPICON_NAME[sdk=iphoneos*]" = "arke-app-icon";
				ASSETCATALOG_COMPILER_GLOBAL_ACCENT_COLOR_NAME = AccentColor;
				CODE_SIGN_ENTITLEMENTS = "Arké mobile/Arke__mobile.entitlements";
				CODE_SIGN_STYLE = Automatic;
				CURRENT_PROJECT_VERSION = 8;
				DEVELOPMENT_TEAM = 2XW7BAURR2;
				ENABLE_PREVIEWS = YES;
				GENERATE_INFOPLIST_FILE = YES;
				INFOPLIST_FILE = "Arké mobile/Info.plist";
				INFOPLIST_KEY_CFBundleDisplayName = "Arké";
				INFOPLIST_KEY_NSCameraUsageDescription = "Use your camera to scan QR codes.";
				INFOPLIST_KEY_NSContactsUsageDescription = "Link to your Contacts to show names and profile images in the app.";
				INFOPLIST_KEY_UIApplicationSceneManifest_Generation = YES;
				INFOPLIST_KEY_UIApplicationSupportsIndirectInputEvents = YES;
				INFOPLIST_KEY_UILaunchScreen_Generation = YES;
				INFOPLIST_KEY_UISupportedInterfaceOrientations = UIInterfaceOrientationPortrait;
				INFOPLIST_KEY_UISupportedInterfaceOrientations_iPad = "UIInterfaceOrientationLandscapeLeft UIInterfaceOrientationLandscapeRight UIInterfaceOrientationPortrait UIInterfaceOrientationPortraitUpsideDown";
				IPHONEOS_DEPLOYMENT_TARGET = 26.2;
				LD_RUNPATH_SEARCH_PATHS = (
					"$(inherited)",
					"@executable_path/Frameworks",
				);
				MARKETING_VERSION = 1.0;
				PRODUCT_BUNDLE_IDENTIFIER = GBKS.Arke;
				PRODUCT_NAME = "$(TARGET_NAME)";
				SDKROOT = iphoneos;
				STRING_CATALOG_GENERATE_SYMBOLS = YES;
				SWIFT_APPROACHABLE_CONCURRENCY = YES;
				SWIFT_DEFAULT_ACTOR_ISOLATION = MainActor;
				SWIFT_EMIT_LOC_STRINGS = YES;
				SWIFT_UPCOMING_FEATURE_MEMBER_IMPORT_VISIBILITY = YES;
				SWIFT_VERSION = 5.0;
				TARGETED_DEVICE_FAMILY = "1,2";
				VALIDATE_PRODUCT = YES;
			};
			name = Release;
		};
		590431242ED8680100AD6337 /* Debug */ = {
			isa = XCBuildConfiguration;
			buildSettings = {
				BUNDLE_LOADER = "$(TEST_HOST)";
				CODE_SIGN_STYLE = Automatic;
				CURRENT_PROJECT_VERSION = 1;
				DEVELOPMENT_TEAM = 2XW7BAURR2;
				GENERATE_INFOPLIST_FILE = YES;
				IPHONEOS_DEPLOYMENT_TARGET = 26.1;
				MARKETING_VERSION = 1.0;
				PRODUCT_BUNDLE_IDENTIFIER = "GBKS.Arke--mobileTests";
				PRODUCT_NAME = "$(TARGET_NAME)";
				SDKROOT = iphoneos;
				STRING_CATALOG_GENERATE_SYMBOLS = NO;
				SWIFT_APPROACHABLE_CONCURRENCY = YES;
				SWIFT_EMIT_LOC_STRINGS = NO;
				SWIFT_UPCOMING_FEATURE_MEMBER_IMPORT_VISIBILITY = YES;
				SWIFT_VERSION = 5.0;
				TARGETED_DEVICE_FAMILY = "1,2";
				TEST_HOST = "$(BUILT_PRODUCTS_DIR)/Arké mobile.app/$(BUNDLE_EXECUTABLE_FOLDER_PATH)/Arké mobile";
			};
			name = Debug;
		};
		590431252ED8680100AD6337 /* Release */ = {
			isa = XCBuildConfiguration;
			buildSettings = {
				BUNDLE_LOADER = "$(TEST_HOST)";
				CODE_SIGN_STYLE = Automatic;
				CURRENT_PROJECT_VERSION = 1;
				DEVELOPMENT_TEAM = 2XW7BAURR2;
				GENERATE_INFOPLIST_FILE = YES;
				IPHONEOS_DEPLOYMENT_TARGET = 26.1;
				MARKETING_VERSION = 1.0;
				PRODUCT_BUNDLE_IDENTIFIER = "GBKS.Arke--mobileTests";
				PRODUCT_NAME = "$(TARGET_NAME)";
				SDKROOT = iphoneos;
				STRING_CATALOG_GENERATE_SYMBOLS = NO;
				SWIFT_APPROACHABLE_CONCURRENCY = YES;
				SWIFT_EMIT_LOC_STRINGS = NO;
				SWIFT_UPCOMING_FEATURE_MEMBER_IMPORT_VISIBILITY = YES;
				SWIFT_VERSION = 5.0;
				TARGETED_DEVICE_FAMILY = "1,2";
				TEST_HOST = "$(BUILT_PRODUCTS_DIR)/Arké mobile.app/$(BUNDLE_EXECUTABLE_FOLDER_PATH)/Arké mobile";
				VALIDATE_PRODUCT = YES;
			};
			name = Release;
		};
		590431272ED8680100AD6337 /* Debug */ = {
			isa = XCBuildConfiguration;
			buildSettings = {
				CODE_SIGN_STYLE = Automatic;
				CURRENT_PROJECT_VERSION = 1;
				DEVELOPMENT_TEAM = 2XW7BAURR2;
				GENERATE_INFOPLIST_FILE = YES;
				IPHONEOS_DEPLOYMENT_TARGET = 26.1;
				MARKETING_VERSION = 1.0;
				PRODUCT_BUNDLE_IDENTIFIER = "GBKS.Arke--mobileUITests";
				PRODUCT_NAME = "$(TARGET_NAME)";
				SDKROOT = iphoneos;
				STRING_CATALOG_GENERATE_SYMBOLS = NO;
				SWIFT_APPROACHABLE_CONCURRENCY = YES;
				SWIFT_EMIT_LOC_STRINGS = NO;
				SWIFT_UPCOMING_FEATURE_MEMBER_IMPORT_VISIBILITY = YES;
				SWIFT_VERSION = 5.0;
				TARGETED_DEVICE_FAMILY = "1,2";
				TEST_TARGET_NAME = "Arké mobile";
			};
			name = Debug;
		};
		590431282ED8680100AD6337 /* Release */ = {
			isa = XCBuildConfiguration;
			buildSettings = {
				CODE_SIGN_STYLE = Automatic;
				CURRENT_PROJECT_VERSION = 1;
				DEVELOPMENT_TEAM = 2XW7BAURR2;
				GENERATE_INFOPLIST_FILE = YES;
				IPHONEOS_DEPLOYMENT_TARGET = 26.1;
				MARKETING_VERSION = 1.0;
				PRODUCT_BUNDLE_IDENTIFIER = "GBKS.Arke--mobileUITests";
				PRODUCT_NAME = "$(TARGET_NAME)";
				SDKROOT = iphoneos;
				STRING_CATALOG_GENERATE_SYMBOLS = NO;
				SWIFT_APPROACHABLE_CONCURRENCY = YES;
				SWIFT_EMIT_LOC_STRINGS = NO;
				SWIFT_UPCOMING_FEATURE_MEMBER_IMPORT_VISIBILITY = YES;
				SWIFT_VERSION = 5.0;
				TARGETED_DEVICE_FAMILY = "1,2";
				TEST_TARGET_NAME = "Arké mobile";
				VALIDATE_PRODUCT = YES;
			};
			name = Release;
		};
		597585B32EA0F0290042F0E5 /* Debug */ = {
			isa = XCBuildConfiguration;
			buildSettings = {
				ALWAYS_SEARCH_USER_PATHS = NO;
				ASSETCATALOG_COMPILER_GENERATE_SWIFT_ASSET_SYMBOL_EXTENSIONS = YES;
				CLANG_ANALYZER_NONNULL = YES;
				CLANG_ANALYZER_NUMBER_OBJECT_CONVERSION = YES_AGGRESSIVE;
				CLANG_CXX_LANGUAGE_STANDARD = "gnu++20";
				CLANG_ENABLE_MODULES = YES;
				CLANG_ENABLE_OBJC_ARC = YES;
				CLANG_ENABLE_OBJC_WEAK = YES;
				CLANG_WARN_BLOCK_CAPTURE_AUTORELEASING = YES;
				CLANG_WARN_BOOL_CONVERSION = YES;
				CLANG_WARN_COMMA = YES;
				CLANG_WARN_CONSTANT_CONVERSION = YES;
				CLANG_WARN_DEPRECATED_OBJC_IMPLEMENTATIONS = YES;
				CLANG_WARN_DIRECT_OBJC_ISA_USAGE = YES_ERROR;
				CLANG_WARN_DOCUMENTATION_COMMENTS = YES;
				CLANG_WARN_EMPTY_BODY = YES;
				CLANG_WARN_ENUM_CONVERSION = YES;
				CLANG_WARN_INFINITE_RECURSION = YES;
				CLANG_WARN_INT_CONVERSION = YES;
				CLANG_WARN_NON_LITERAL_NULL_CONVERSION = YES;
				CLANG_WARN_OBJC_IMPLICIT_RETAIN_SELF = YES;
				CLANG_WARN_OBJC_LITERAL_CONVERSION = YES;
				CLANG_WARN_OBJC_ROOT_CLASS = YES_ERROR;
				CLANG_WARN_QUOTED_INCLUDE_IN_FRAMEWORK_HEADER = YES;
				CLANG_WARN_RANGE_LOOP_ANALYSIS = YES;
				CLANG_WARN_STRICT_PROTOTYPES = YES;
				CLANG_WARN_SUSPICIOUS_MOVE = YES;
				CLANG_WARN_UNGUARDED_AVAILABILITY = YES_AGGRESSIVE;
				CLANG_WARN_UNREACHABLE_CODE = YES;
				CLANG_WARN__DUPLICATE_METHOD_MATCH = YES;
				COPY_PHASE_STRIP = NO;
				DEAD_CODE_STRIPPING = YES;
				DEBUG_INFORMATION_FORMAT = dwarf;
				DEVELOPMENT_TEAM = 2XW7BAURR2;
				ENABLE_STRICT_OBJC_MSGSEND = YES;
				ENABLE_TESTABILITY = YES;
				ENABLE_USER_SCRIPT_SANDBOXING = YES;
				GCC_C_LANGUAGE_STANDARD = gnu17;
				GCC_DYNAMIC_NO_PIC = NO;
				GCC_NO_COMMON_BLOCKS = YES;
				GCC_OPTIMIZATION_LEVEL = 0;
				GCC_PREPROCESSOR_DEFINITIONS = (
					"DEBUG=1",
					"$(inherited)",
				);
				GCC_WARN_64_TO_32_BIT_CONVERSION = YES;
				GCC_WARN_ABOUT_RETURN_TYPE = YES_ERROR;
				GCC_WARN_UNDECLARED_SELECTOR = YES;
				GCC_WARN_UNINITIALIZED_AUTOS = YES_AGGRESSIVE;
				GCC_WARN_UNUSED_FUNCTION = YES;
				GCC_WARN_UNUSED_VARIABLE = YES;
				LOCALIZATION_PREFERS_STRING_CATALOGS = YES;
				MACOSX_DEPLOYMENT_TARGET = 26.0;
				MTL_ENABLE_DEBUG_INFO = INCLUDE_SOURCE;
				MTL_FAST_MATH = YES;
				ONLY_ACTIVE_ARCH = YES;
				SDKROOT = macosx;
				STRING_CATALOG_GENERATE_SYMBOLS = YES;
				SWIFT_ACTIVE_COMPILATION_CONDITIONS = "DEBUG $(inherited)";
				SWIFT_EMIT_LOC_STRINGS = YES;
				SWIFT_OPTIMIZATION_LEVEL = "-Onone";
			};
			name = Debug;
		};
		597585B42EA0F0290042F0E5 /* Release */ = {
			isa = XCBuildConfiguration;
			buildSettings = {
				ALWAYS_SEARCH_USER_PATHS = NO;
				ASSETCATALOG_COMPILER_GENERATE_SWIFT_ASSET_SYMBOL_EXTENSIONS = YES;
				CLANG_ANALYZER_NONNULL = YES;
				CLANG_ANALYZER_NUMBER_OBJECT_CONVERSION = YES_AGGRESSIVE;
				CLANG_CXX_LANGUAGE_STANDARD = "gnu++20";
				CLANG_ENABLE_MODULES = YES;
				CLANG_ENABLE_OBJC_ARC = YES;
				CLANG_ENABLE_OBJC_WEAK = YES;
				CLANG_WARN_BLOCK_CAPTURE_AUTORELEASING = YES;
				CLANG_WARN_BOOL_CONVERSION = YES;
				CLANG_WARN_COMMA = YES;
				CLANG_WARN_CONSTANT_CONVERSION = YES;
				CLANG_WARN_DEPRECATED_OBJC_IMPLEMENTATIONS = YES;
				CLANG_WARN_DIRECT_OBJC_ISA_USAGE = YES_ERROR;
				CLANG_WARN_DOCUMENTATION_COMMENTS = YES;
				CLANG_WARN_EMPTY_BODY = YES;
				CLANG_WARN_ENUM_CONVERSION = YES;
				CLANG_WARN_INFINITE_RECURSION = YES;
				CLANG_WARN_INT_CONVERSION = YES;
				CLANG_WARN_NON_LITERAL_NULL_CONVERSION = YES;
				CLANG_WARN_OBJC_IMPLICIT_RETAIN_SELF = YES;
				CLANG_WARN_OBJC_LITERAL_CONVERSION = YES;
				CLANG_WARN_OBJC_ROOT_CLASS = YES_ERROR;
				CLANG_WARN_QUOTED_INCLUDE_IN_FRAMEWORK_HEADER = YES;
				CLANG_WARN_RANGE_LOOP_ANALYSIS = YES;
				CLANG_WARN_STRICT_PROTOTYPES = YES;
				CLANG_WARN_SUSPICIOUS_MOVE = YES;
				CLANG_WARN_UNGUARDED_AVAILABILITY = YES_AGGRESSIVE;
				CLANG_WARN_UNREACHABLE_CODE = YES;
				CLANG_WARN__DUPLICATE_METHOD_MATCH = YES;
				COPY_PHASE_STRIP = NO;
				DEAD_CODE_STRIPPING = YES;
				DEBUG_INFORMATION_FORMAT = "dwarf-with-dsym";
				DEVELOPMENT_TEAM = 2XW7BAURR2;
				ENABLE_NS_ASSERTIONS = NO;
				ENABLE_STRICT_OBJC_MSGSEND = YES;
				ENABLE_USER_SCRIPT_SANDBOXING = YES;
				GCC_C_LANGUAGE_STANDARD = gnu17;
				GCC_NO_COMMON_BLOCKS = YES;
				GCC_WARN_64_TO_32_BIT_CONVERSION = YES;
				GCC_WARN_ABOUT_RETURN_TYPE = YES_ERROR;
				GCC_WARN_UNDECLARED_SELECTOR = YES;
				GCC_WARN_UNINITIALIZED_AUTOS = YES_AGGRESSIVE;
				GCC_WARN_UNUSED_FUNCTION = YES;
				GCC_WARN_UNUSED_VARIABLE = YES;
				LOCALIZATION_PREFERS_STRING_CATALOGS = YES;
				MACOSX_DEPLOYMENT_TARGET = 26.0;
				MTL_ENABLE_DEBUG_INFO = NO;
				MTL_FAST_MATH = YES;
				SDKROOT = macosx;
				STRING_CATALOG_GENERATE_SYMBOLS = YES;
				SWIFT_COMPILATION_MODE = wholemodule;
				SWIFT_EMIT_LOC_STRINGS = YES;
			};
			name = Release;
		};
		597585B62EA0F0290042F0E5 /* Debug */ = {
			isa = XCBuildConfiguration;
			buildSettings = {
				ASSETCATALOG_COMPILER_APPICON_NAME = AppIcon;
				ASSETCATALOG_COMPILER_GLOBAL_ACCENT_COLOR_NAME = AccentColor;
				AUTOMATION_APPLE_EVENTS = NO;
				CODE_SIGN_ENTITLEMENTS = "Arké/Arké.entitlements";
				CODE_SIGN_STYLE = Automatic;
				COMBINE_HIDPI_IMAGES = YES;
				CURRENT_PROJECT_VERSION = 8;
				DEAD_CODE_STRIPPING = YES;
				DEVELOPMENT_TEAM = 2XW7BAURR2;
				ENABLE_APP_SANDBOX = YES;
				ENABLE_HARDENED_RUNTIME = YES;
				ENABLE_INCOMING_NETWORK_CONNECTIONS = NO;
				ENABLE_OUTGOING_NETWORK_CONNECTIONS = YES;
				ENABLE_PREVIEWS = YES;
				ENABLE_RESOURCE_ACCESS_AUDIO_INPUT = NO;
				ENABLE_RESOURCE_ACCESS_BLUETOOTH = NO;
				ENABLE_RESOURCE_ACCESS_CALENDARS = NO;
				ENABLE_RESOURCE_ACCESS_CAMERA = NO;
				ENABLE_RESOURCE_ACCESS_CONTACTS = YES;
				ENABLE_RESOURCE_ACCESS_LOCATION = NO;
				ENABLE_RESOURCE_ACCESS_PHOTO_LIBRARY = NO;
				ENABLE_RESOURCE_ACCESS_PRINTING = NO;
				ENABLE_RESOURCE_ACCESS_USB = NO;
				ENABLE_USER_SELECTED_FILES = readwrite;
				GENERATE_INFOPLIST_FILE = YES;
				INFOPLIST_KEY_LSApplicationCategoryType = "public.app-category.finance";
				INFOPLIST_KEY_NSContactsUsageDescription = "Import contacts to identify recipients when sending Bitcoin. Contact information is stored locally and used only within this app.";
				INFOPLIST_KEY_NSHumanReadableCopyright = "";
				LD_RUNPATH_SEARCH_PATHS = (
					"$(inherited)",
					"@executable_path/../Frameworks",
				);
				MACOSX_DEPLOYMENT_TARGET = 26.1;
				MARKETING_VERSION = 1.0;
				PRODUCT_BUNDLE_IDENTIFIER = GBKS.Arke;
				PRODUCT_NAME = "$(TARGET_NAME)";
				REGISTER_APP_GROUPS = YES;
				RUNTIME_EXCEPTION_ALLOW_DYLD_ENVIRONMENT_VARIABLES = NO;
				RUNTIME_EXCEPTION_ALLOW_JIT = NO;
				RUNTIME_EXCEPTION_ALLOW_UNSIGNED_EXECUTABLE_MEMORY = NO;
				RUNTIME_EXCEPTION_DEBUGGING_TOOL = NO;
				RUNTIME_EXCEPTION_DISABLE_EXECUTABLE_PAGE_PROTECTION = NO;
				RUNTIME_EXCEPTION_DISABLE_LIBRARY_VALIDATION = YES;
				STRING_CATALOG_GENERATE_SYMBOLS = YES;
				SWIFT_APPROACHABLE_CONCURRENCY = YES;
				SWIFT_DEFAULT_ACTOR_ISOLATION = MainActor;
				SWIFT_EMIT_LOC_STRINGS = YES;
				SWIFT_UPCOMING_FEATURE_MEMBER_IMPORT_VISIBILITY = YES;
				SWIFT_VERSION = 5.0;
			};
			name = Debug;
		};
		597585B72EA0F0290042F0E5 /* Release */ = {
			isa = XCBuildConfiguration;
			buildSettings = {
				ASSETCATALOG_COMPILER_APPICON_NAME = AppIcon;
				ASSETCATALOG_COMPILER_GLOBAL_ACCENT_COLOR_NAME = AccentColor;
				AUTOMATION_APPLE_EVENTS = NO;
				CODE_SIGN_ENTITLEMENTS = "Arké/Arké.entitlements";
				CODE_SIGN_STYLE = Automatic;
				COMBINE_HIDPI_IMAGES = YES;
				CURRENT_PROJECT_VERSION = 8;
				DEAD_CODE_STRIPPING = YES;
				DEVELOPMENT_TEAM = 2XW7BAURR2;
				ENABLE_APP_SANDBOX = YES;
				ENABLE_HARDENED_RUNTIME = YES;
				ENABLE_INCOMING_NETWORK_CONNECTIONS = NO;
				ENABLE_OUTGOING_NETWORK_CONNECTIONS = YES;
				ENABLE_PREVIEWS = YES;
				ENABLE_RESOURCE_ACCESS_AUDIO_INPUT = NO;
				ENABLE_RESOURCE_ACCESS_BLUETOOTH = NO;
				ENABLE_RESOURCE_ACCESS_CALENDARS = NO;
				ENABLE_RESOURCE_ACCESS_CAMERA = NO;
				ENABLE_RESOURCE_ACCESS_CONTACTS = YES;
				ENABLE_RESOURCE_ACCESS_LOCATION = NO;
				ENABLE_RESOURCE_ACCESS_PHOTO_LIBRARY = NO;
				ENABLE_RESOURCE_ACCESS_PRINTING = NO;
				ENABLE_RESOURCE_ACCESS_USB = NO;
				ENABLE_USER_SELECTED_FILES = readwrite;
				GENERATE_INFOPLIST_FILE = YES;
				INFOPLIST_KEY_LSApplicationCategoryType = "public.app-category.finance";
				INFOPLIST_KEY_NSContactsUsageDescription = "Import contacts to identify recipients when sending Bitcoin. Contact information is stored locally and used only within this app.";
				INFOPLIST_KEY_NSHumanReadableCopyright = "";
				LD_RUNPATH_SEARCH_PATHS = (
					"$(inherited)",
					"@executable_path/../Frameworks",
				);
				MACOSX_DEPLOYMENT_TARGET = 26.1;
				MARKETING_VERSION = 1.0;
				PRODUCT_BUNDLE_IDENTIFIER = GBKS.Arke;
				PRODUCT_NAME = "$(TARGET_NAME)";
				REGISTER_APP_GROUPS = YES;
				RUNTIME_EXCEPTION_ALLOW_DYLD_ENVIRONMENT_VARIABLES = NO;
				RUNTIME_EXCEPTION_ALLOW_JIT = NO;
				RUNTIME_EXCEPTION_ALLOW_UNSIGNED_EXECUTABLE_MEMORY = NO;
				RUNTIME_EXCEPTION_DEBUGGING_TOOL = NO;
				RUNTIME_EXCEPTION_DISABLE_EXECUTABLE_PAGE_PROTECTION = NO;
				RUNTIME_EXCEPTION_DISABLE_LIBRARY_VALIDATION = YES;
				STRING_CATALOG_GENERATE_SYMBOLS = YES;
				SWIFT_APPROACHABLE_CONCURRENCY = YES;
				SWIFT_DEFAULT_ACTOR_ISOLATION = MainActor;
				SWIFT_EMIT_LOC_STRINGS = YES;
				SWIFT_UPCOMING_FEATURE_MEMBER_IMPORT_VISIBILITY = YES;
				SWIFT_VERSION = 5.0;
			};
			name = Release;
		};
		597585B92EA0F0290042F0E5 /* Debug */ = {
			isa = XCBuildConfiguration;
			buildSettings = {
				BUNDLE_LOADER = "$(TEST_HOST)";
				CODE_SIGN_STYLE = Automatic;
				CURRENT_PROJECT_VERSION = 1;
				DEAD_CODE_STRIPPING = YES;
				DEVELOPMENT_TEAM = 2XW7BAURR2;
				GENERATE_INFOPLIST_FILE = YES;
				MACOSX_DEPLOYMENT_TARGET = 26.0;
				MARKETING_VERSION = 1.0;
				PRODUCT_BUNDLE_IDENTIFIER = "GBKS.Ark-wallet-prototypeTests";
				PRODUCT_NAME = "$(TARGET_NAME)";
				STRING_CATALOG_GENERATE_SYMBOLS = NO;
				SWIFT_APPROACHABLE_CONCURRENCY = YES;
				SWIFT_EMIT_LOC_STRINGS = NO;
				SWIFT_UPCOMING_FEATURE_MEMBER_IMPORT_VISIBILITY = YES;
				SWIFT_VERSION = 5.0;
				TEST_HOST = "$(BUILT_PRODUCTS_DIR)/Arké.app/$(BUNDLE_EXECUTABLE_FOLDER_PATH)/Arké";
			};
			name = Debug;
		};
		597585BA2EA0F0290042F0E5 /* Release */ = {
			isa = XCBuildConfiguration;
			buildSettings = {
				BUNDLE_LOADER = "$(TEST_HOST)";
				CODE_SIGN_STYLE = Automatic;
				CURRENT_PROJECT_VERSION = 1;
				DEAD_CODE_STRIPPING = YES;
				DEVELOPMENT_TEAM = 2XW7BAURR2;
				GENERATE_INFOPLIST_FILE = YES;
				MACOSX_DEPLOYMENT_TARGET = 26.0;
				MARKETING_VERSION = 1.0;
				PRODUCT_BUNDLE_IDENTIFIER = "GBKS.Ark-wallet-prototypeTests";
				PRODUCT_NAME = "$(TARGET_NAME)";
				STRING_CATALOG_GENERATE_SYMBOLS = NO;
				SWIFT_APPROACHABLE_CONCURRENCY = YES;
				SWIFT_EMIT_LOC_STRINGS = NO;
				SWIFT_UPCOMING_FEATURE_MEMBER_IMPORT_VISIBILITY = YES;
				SWIFT_VERSION = 5.0;
				TEST_HOST = "$(BUILT_PRODUCTS_DIR)/Arké.app/$(BUNDLE_EXECUTABLE_FOLDER_PATH)/Arké";
			};
			name = Release;
		};
		597585BC2EA0F0290042F0E5 /* Debug */ = {
			isa = XCBuildConfiguration;
			buildSettings = {
				CODE_SIGN_STYLE = Automatic;
				CURRENT_PROJECT_VERSION = 1;
				DEAD_CODE_STRIPPING = YES;
				DEVELOPMENT_TEAM = 2XW7BAURR2;
				GENERATE_INFOPLIST_FILE = YES;
				MARKETING_VERSION = 1.0;
				PRODUCT_BUNDLE_IDENTIFIER = "GBKS.Ark-wallet-prototypeUITests";
				PRODUCT_NAME = "$(TARGET_NAME)";
				STRING_CATALOG_GENERATE_SYMBOLS = NO;
				SWIFT_APPROACHABLE_CONCURRENCY = YES;
				SWIFT_EMIT_LOC_STRINGS = NO;
				SWIFT_UPCOMING_FEATURE_MEMBER_IMPORT_VISIBILITY = YES;
				SWIFT_VERSION = 5.0;
				TEST_TARGET_NAME = "Ark wallet prototype";
			};
			name = Debug;
		};
		597585BD2EA0F0290042F0E5 /* Release */ = {
			isa = XCBuildConfiguration;
			buildSettings = {
				CODE_SIGN_STYLE = Automatic;
				CURRENT_PROJECT_VERSION = 1;
				DEAD_CODE_STRIPPING = YES;
				DEVELOPMENT_TEAM = 2XW7BAURR2;
				GENERATE_INFOPLIST_FILE = YES;
				MARKETING_VERSION = 1.0;
				PRODUCT_BUNDLE_IDENTIFIER = "GBKS.Ark-wallet-prototypeUITests";
				PRODUCT_NAME = "$(TARGET_NAME)";
				STRING_CATALOG_GENERATE_SYMBOLS = NO;
				SWIFT_APPROACHABLE_CONCURRENCY = YES;
				SWIFT_EMIT_LOC_STRINGS = NO;
				SWIFT_UPCOMING_FEATURE_MEMBER_IMPORT_VISIBILITY = YES;
				SWIFT_VERSION = 5.0;
				TEST_TARGET_NAME = "Ark wallet prototype";
			};
			name = Release;
		};
/* End XCBuildConfiguration section */

/* Begin XCConfigurationList section */
		590431202ED8680100AD6337 /* Build configuration list for PBXNativeTarget "Arke mobile" */ = {
			isa = XCConfigurationList;
			buildConfigurations = (
				590431212ED8680100AD6337 /* Debug */,
				590431222ED8680100AD6337 /* Release */,
			);
			defaultConfigurationIsVisible = 0;
			defaultConfigurationName = Release;
		};
		590431232ED8680100AD6337 /* Build configuration list for PBXNativeTarget "Arké mobileTests" */ = {
			isa = XCConfigurationList;
			buildConfigurations = (
				590431242ED8680100AD6337 /* Debug */,
				590431252ED8680100AD6337 /* Release */,
			);
			defaultConfigurationIsVisible = 0;
			defaultConfigurationName = Release;
		};
		590431262ED8680100AD6337 /* Build configuration list for PBXNativeTarget "Arké mobileUITests" */ = {
			isa = XCConfigurationList;
			buildConfigurations = (
				590431272ED8680100AD6337 /* Debug */,
				590431282ED8680100AD6337 /* Release */,
			);
			defaultConfigurationIsVisible = 0;
			defaultConfigurationName = Release;
		};
		5975858D2EA0F0270042F0E5 /* Build configuration list for PBXProject "Arke" */ = {
			isa = XCConfigurationList;
			buildConfigurations = (
				597585B32EA0F0290042F0E5 /* Debug */,
				597585B42EA0F0290042F0E5 /* Release */,
			);
			defaultConfigurationIsVisible = 0;
			defaultConfigurationName = Release;
		};
		597585B52EA0F0290042F0E5 /* Build configuration list for PBXNativeTarget "Arké" */ = {
			isa = XCConfigurationList;
			buildConfigurations = (
				597585B62EA0F0290042F0E5 /* Debug */,
				597585B72EA0F0290042F0E5 /* Release */,
			);
			defaultConfigurationIsVisible = 0;
			defaultConfigurationName = Release;
		};
		597585B82EA0F0290042F0E5 /* Build configuration list for PBXNativeTarget "ArkéTests" */ = {
			isa = XCConfigurationList;
			buildConfigurations = (
				597585B92EA0F0290042F0E5 /* Debug */,
				597585BA2EA0F0290042F0E5 /* Release */,
			);
			defaultConfigurationIsVisible = 0;
			defaultConfigurationName = Release;
		};
		597585BB2EA0F0290042F0E5 /* Build configuration list for PBXNativeTarget "ArkéUITests" */ = {
			isa = XCConfigurationList;
			buildConfigurations = (
				597585BC2EA0F0290042F0E5 /* Debug */,
				597585BD2EA0F0290042F0E5 /* Release */,
			);
			defaultConfigurationIsVisible = 0;
			defaultConfigurationName = Release;
		};
/* End XCConfigurationList section */

/* Begin XCLocalSwiftPackageReference section */
		592207C62F4C781000EB0578 /* XCLocalSwiftPackageReference "ArkeUI" */ = {
			isa = XCLocalSwiftPackageReference;
			relativePath = ArkeUI;
		};
/* End XCLocalSwiftPackageReference section */

/* Begin XCRemoteSwiftPackageReference section */
		595790132F56BBDF0004B69C /* XCRemoteSwiftPackageReference "bark-ffi-bindings" */ = {
			isa = XCRemoteSwiftPackageReference;
			repositoryURL = "https://gitlab.com/ark-bitcoin/bark-ffi-bindings.git";
			requirement = {
				branch = master;
				kind = branch;
			};
		};
		596754972F509E4500396429 /* XCRemoteSwiftPackageReference "bdk-swift" */ = {
			isa = XCRemoteSwiftPackageReference;
			repositoryURL = "https://github.com/bitcoindevkit/bdk-swift";
			requirement = {
				kind = upToNextMajorVersion;
				minimumVersion = 2.3.0;
			};
		};
		59D2633A2ED9E1D2006570D0 /* XCRemoteSwiftPackageReference "BIP39" */ = {
			isa = XCRemoteSwiftPackageReference;
			repositoryURL = "https://github.com/anquii/BIP39";
			requirement = {
				branch = main;
				kind = branch;
			};
		};
		59FB9D142F17D9E800CB26B7 /* XCRemoteSwiftPackageReference "qrcode" */ = {
			isa = XCRemoteSwiftPackageReference;
			repositoryURL = "https://github.com/dagronf/qrcode.git";
			requirement = {
				kind = upToNextMajorVersion;
				minimumVersion = 27.13.0;
			};
		};
/* End XCRemoteSwiftPackageReference section */

/* Begin XCSwiftPackageProductDependency section */
		59196BE92F2B516B0028DB63 /* Bark */ = {
			isa = XCSwiftPackageProductDependency;
			productName = Bark;
		};
		592202212F4C53E900EB0578 /* Bark */ = {
			isa = XCSwiftPackageProductDependency;
			productName = Bark;
		};
		594D7FA52F309325001CC89E /* Bark */ = {
			isa = XCSwiftPackageProductDependency;
			productName = Bark;
		};
		595790142F56BBDF0004B69C /* Bark */ = {
			isa = XCSwiftPackageProductDependency;
			package = 595790132F56BBDF0004B69C /* XCRemoteSwiftPackageReference "bark-ffi-bindings" */;
			productName = Bark;
		};
		596754982F509E4500396429 /* BitcoinDevKit */ = {
			isa = XCSwiftPackageProductDependency;
			package = 596754972F509E4500396429 /* XCRemoteSwiftPackageReference "bdk-swift" */;
			productName = BitcoinDevKit;
		};
		5967549A2F509E5400396429 /* BitcoinDevKit */ = {
			isa = XCSwiftPackageProductDependency;
			package = 596754972F509E4500396429 /* XCRemoteSwiftPackageReference "bdk-swift" */;
			productName = BitcoinDevKit;
		};
		59857EF62EE1CE8500FA2C18 /* Bark */ = {
			isa = XCSwiftPackageProductDependency;
			productName = Bark;
		};
		59918ABD2F4C7C1E00A59C5C /* ArkeUI */ = {
			isa = XCSwiftPackageProductDependency;
			package = 592207C62F4C781000EB0578 /* XCLocalSwiftPackageReference "ArkeUI" */;
			productName = ArkeUI;
		};
		59918ABF2F4C7C2800A59C5C /* ArkeUI */ = {
			isa = XCSwiftPackageProductDependency;
			package = 592207C62F4C781000EB0578 /* XCLocalSwiftPackageReference "ArkeUI" */;
			productName = ArkeUI;
		};
		59D2633B2ED9E1D2006570D0 /* BIP39 */ = {
			isa = XCSwiftPackageProductDependency;
			package = 59D2633A2ED9E1D2006570D0 /* XCRemoteSwiftPackageReference "BIP39" */;
			productName = BIP39;
		};
		59D2633D2ED9E242006570D0 /* BIP39 */ = {
			isa = XCSwiftPackageProductDependency;
			package = 59D2633A2ED9E1D2006570D0 /* XCRemoteSwiftPackageReference "BIP39" */;
			productName = BIP39;
		};
		59D2633F2ED9E249006570D0 /* BIP39 */ = {
			isa = XCSwiftPackageProductDependency;
			package = 59D2633A2ED9E1D2006570D0 /* XCRemoteSwiftPackageReference "BIP39" */;
			productName = BIP39;
		};
		59D263452ED9EB42006570D0 /* BIP39 */ = {
			isa = XCSwiftPackageProductDependency;
			package = 59D2633A2ED9E1D2006570D0 /* XCRemoteSwiftPackageReference "BIP39" */;
			productName = BIP39;
		};
		59D6F6D92EE2BDC100DBEB68 /* Bark */ = {
			isa = XCSwiftPackageProductDependency;
			productName = Bark;
		};
		59FB9D152F17D9E800CB26B7 /* QRCode */ = {
			isa = XCSwiftPackageProductDependency;
			package = 59FB9D142F17D9E800CB26B7 /* XCRemoteSwiftPackageReference "qrcode" */;
			productName = QRCode;
		};
/* End XCSwiftPackageProductDependency section */
	};
	rootObject = 5975858A2EA0F0270042F0E5 /* Project object */;
}
