// !$*UTF8*$!
{
	archiveVersion = 1;
	classes = {
	};
	objectVersion = 77;
	objects = {

/* Begin PBXContainerItemProxy section */
		597585A22EA0F0290042F0E5 /* PBXContainerItemProxy */ = {
			isa = PBXContainerItemProxy;
			containerPortal = 5975858A2EA0F0270042F0E5 /* Project object */;
			proxyType = 1;
			remoteGlobalIDString = 597585912EA0F0270042F0E5;
			remoteInfo = "Ark wallet prototype";
		};
		597585AC2EA0F0290042F0E5 /* PBXContainerItemProxy */ = {
			isa = PBXContainerItemProxy;
			containerPortal = 5975858A2EA0F0270042F0E5 /* Project object */;
			proxyType = 1;
			remoteGlobalIDString = 597585912EA0F0270042F0E5;
			remoteInfo = "Ark wallet prototype";
		};
/* End PBXContainerItemProxy section */

/* Begin PBXCopyFilesBuildPhase section */
		591E2C2B2EBA4CB300C08DAA /* CopyFiles */ = {
			isa = PBXCopyFilesBuildPhase;
			buildActionMask = 2147483647;
			dstPath = "";
			dstSubfolderSpec = 7;
			files = (
			);
			runOnlyForDeploymentPostprocessing = 0;
		};
/* End PBXCopyFilesBuildPhase section */

/* Begin PBXFileReference section */
		597585922EA0F0270042F0E5 /* Ark wallet prototype.app */ = {isa = PBXFileReference; explicitFileType = wrapper.application; includeInIndex = 0; path = "Ark wallet prototype.app"; sourceTree = BUILT_PRODUCTS_DIR; };
		597585A12EA0F0290042F0E5 /* Ark wallet prototypeTests.xctest */ = {isa = PBXFileReference; explicitFileType = wrapper.cfbundle; includeInIndex = 0; path = "Ark wallet prototypeTests.xctest"; sourceTree = BUILT_PRODUCTS_DIR; };
		597585AB2EA0F0290042F0E5 /* Ark wallet prototypeUITests.xctest */ = {isa = PBXFileReference; explicitFileType = wrapper.cfbundle; includeInIndex = 0; path = "Ark wallet prototypeUITests.xctest"; sourceTree = BUILT_PRODUCTS_DIR; };
		59BF8E7B2EA206B2002CDFF4 /* README.md */ = {isa = PBXFileReference; lastKnownFileType = net.daringfireball.markdown; path = README.md; sourceTree = "<group>"; };
/* End PBXFileReference section */

/* Begin PBXFileSystemSynchronizedBuildFileExceptionSet section */
		598042722EABBA930041370A /* Exceptions for "Ark wallet prototype" folder in "Ark wallet prototype" target */ = {
			isa = PBXFileSystemSynchronizedBuildFileExceptionSet;
			membershipExceptions = (
				bark,
				Docs/API/intro.md,
				"Docs/API/model-definitions.md",
				"Docs/API/service-interfaces.md",
				"Docs/Architecture/data-flow.md",
				Docs/Architecture/intro.md,
				"Docs/Architecture/service-layer.md",
				"Docs/Architecture/system-overview.md",
				"Docs/Data samples/ark-balance.json",
				"Docs/Data samples/ark-info.json",
				"Docs/Data samples/config.json",
				"Docs/Data samples/movements.json",
				"Docs/Data samples/onchain-balance.json",
				"Docs/Data samples/utxos.json",
				"Docs/Data samples/vtxos.json",
				"Docs/Development/common-tasks.md",
				Docs/Development/intro.md,
				Docs/Development/setup.md,
				"Docs/Development/testing-patterns.md",
				"Docs/Features/balance-persistence.md",
				Docs/Features/intro.md,
				Docs/Intro.md,
			);
			target = 597585912EA0F0270042F0E5 /* Ark wallet prototype */;
		};
/* End PBXFileSystemSynchronizedBuildFileExceptionSet section */

/* Begin PBXFileSystemSynchronizedGroupBuildPhaseMembershipExceptionSet section */
		591E2C2F2EBA511D00C08DAA /* Exceptions for "Ark wallet prototype" folder in "Copy Files" phase from "Ark wallet prototype" target */ = {
			isa = PBXFileSystemSynchronizedGroupBuildPhaseMembershipExceptionSet;
			attributesByRelativePath = {
				bark = (CodeSignOnCopy, );
			};
			buildPhase = 591E2C2B2EBA4CB300C08DAA /* CopyFiles */;
			membershipExceptions = (
				bark,
			);
		};
/* End PBXFileSystemSynchronizedGroupBuildPhaseMembershipExceptionSet section */

/* Begin PBXFileSystemSynchronizedRootGroup section */
		597585942EA0F0270042F0E5 /* Ark wallet prototype */ = {
			isa = PBXFileSystemSynchronizedRootGroup;
			exceptions = (
				598042722EABBA930041370A /* Exceptions for "Ark wallet prototype" folder in "Ark wallet prototype" target */,
				591E2C2F2EBA511D00C08DAA /* Exceptions for "Ark wallet prototype" folder in "Copy Files" phase from "Ark wallet prototype" target */,
			);
			path = "Ark wallet prototype";
			sourceTree = "<group>";
		};
		597585A42EA0F0290042F0E5 /* Ark wallet prototypeTests */ = {
			isa = PBXFileSystemSynchronizedRootGroup;
			path = "Ark wallet prototypeTests";
			sourceTree = "<group>";
		};
		597585AE2EA0F0290042F0E5 /* Ark wallet prototypeUITests */ = {
			isa = PBXFileSystemSynchronizedRootGroup;
			path = "Ark wallet prototypeUITests";
			sourceTree = "<group>";
		};
/* End PBXFileSystemSynchronizedRootGroup section */

/* Begin PBXFrameworksBuildPhase section */
		5975858F2EA0F0270042F0E5 /* Frameworks */ = {
			isa = PBXFrameworksBuildPhase;
			buildActionMask = 2147483647;
			files = (
			);
			runOnlyForDeploymentPostprocessing = 0;
		};
		5975859E2EA0F0290042F0E5 /* Frameworks */ = {
			isa = PBXFrameworksBuildPhase;
			buildActionMask = 2147483647;
			files = (
			);
			runOnlyForDeploymentPostprocessing = 0;
		};
		597585A82EA0F0290042F0E5 /* Frameworks */ = {
			isa = PBXFrameworksBuildPhase;
			buildActionMask = 2147483647;
			files = (
			);
			runOnlyForDeploymentPostprocessing = 0;
		};
/* End PBXFrameworksBuildPhase section */

/* Begin PBXGroup section */
		597585892EA0F0270042F0E5 = {
			isa = PBXGroup;
			children = (
				597585942EA0F0270042F0E5 /* Ark wallet prototype */,
				597585A42EA0F0290042F0E5 /* Ark wallet prototypeTests */,
				597585AE2EA0F0290042F0E5 /* Ark wallet prototypeUITests */,
				597585932EA0F0270042F0E5 /* Products */,
				59BF8E7B2EA206B2002CDFF4 /* README.md */,
			);
			sourceTree = "<group>";
		};
		597585932EA0F0270042F0E5 /* Products */ = {
			isa = PBXGroup;
			children = (
				597585922EA0F0270042F0E5 /* Ark wallet prototype.app */,
				597585A12EA0F0290042F0E5 /* Ark wallet prototypeTests.xctest */,
				597585AB2EA0F0290042F0E5 /* Ark wallet prototypeUITests.xctest */,
			);
			name = Products;
			sourceTree = "<group>";
		};
/* End PBXGroup section */

/* Begin PBXNativeTarget section */
		597585912EA0F0270042F0E5 /* Ark wallet prototype */ = {
			isa = PBXNativeTarget;
			buildConfigurationList = 597585B52EA0F0290042F0E5 /* Build configuration list for PBXNativeTarget "Ark wallet prototype" */;
			buildPhases = (
				5975858E2EA0F0270042F0E5 /* Sources */,
				5975858F2EA0F0270042F0E5 /* Frameworks */,
				597585902EA0F0270042F0E5 /* Resources */,
				591E2C2B2EBA4CB300C08DAA /* CopyFiles */,
			);
			buildRules = (
			);
			dependencies = (
			);
			fileSystemSynchronizedGroups = (
				597585942EA0F0270042F0E5 /* Ark wallet prototype */,
			);
			name = "Ark wallet prototype";
			packageProductDependencies = (
			);
			productName = "Ark wallet prototype";
			productReference = 597585922EA0F0270042F0E5 /* Ark wallet prototype.app */;
			productType = "com.apple.product-type.application";
		};
		597585A02EA0F0290042F0E5 /* Ark wallet prototypeTests */ = {
			isa = PBXNativeTarget;
			buildConfigurationList = 597585B82EA0F0290042F0E5 /* Build configuration list for PBXNativeTarget "Ark wallet prototypeTests" */;
			buildPhases = (
				5975859D2EA0F0290042F0E5 /* Sources */,
				5975859E2EA0F0290042F0E5 /* Frameworks */,
				5975859F2EA0F0290042F0E5 /* Resources */,
			);
			buildRules = (
			);
			dependencies = (
				597585A32EA0F0290042F0E5 /* PBXTargetDependency */,
			);
			fileSystemSynchronizedGroups = (
				597585A42EA0F0290042F0E5 /* Ark wallet prototypeTests */,
			);
			name = "Ark wallet prototypeTests";
			packageProductDependencies = (
			);
			productName = "Ark wallet prototypeTests";
			productReference = 597585A12EA0F0290042F0E5 /* Ark wallet prototypeTests.xctest */;
			productType = "com.apple.product-type.bundle.unit-test";
		};
		597585AA2EA0F0290042F0E5 /* Ark wallet prototypeUITests */ = {
			isa = PBXNativeTarget;
			buildConfigurationList = 597585BB2EA0F0290042F0E5 /* Build configuration list for PBXNativeTarget "Ark wallet prototypeUITests" */;
			buildPhases = (
				597585A72EA0F0290042F0E5 /* Sources */,
				597585A82EA0F0290042F0E5 /* Frameworks */,
				597585A92EA0F0290042F0E5 /* Resources */,
			);
			buildRules = (
			);
			dependencies = (
				597585AD2EA0F0290042F0E5 /* PBXTargetDependency */,
			);
			fileSystemSynchronizedGroups = (
				597585AE2EA0F0290042F0E5 /* Ark wallet prototypeUITests */,
			);
			name = "Ark wallet prototypeUITests";
			packageProductDependencies = (
			);
			productName = "Ark wallet prototypeUITests";
			productReference = 597585AB2EA0F0290042F0E5 /* Ark wallet prototypeUITests.xctest */;
			productType = "com.apple.product-type.bundle.ui-testing";
		};
/* End PBXNativeTarget section */

/* Begin PBXProject section */
		5975858A2EA0F0270042F0E5 /* Project object */ = {
			isa = PBXProject;
			attributes = {
				BuildIndependentTargetsInParallel = 1;
				LastSwiftUpdateCheck = 2600;
				LastUpgradeCheck = 2600;
				TargetAttributes = {
					597585912EA0F0270042F0E5 = {
						CreatedOnToolsVersion = 26.0.1;
					};
					597585A02EA0F0290042F0E5 = {
						CreatedOnToolsVersion = 26.0.1;
						TestTargetID = 597585912EA0F0270042F0E5;
					};
					597585AA2EA0F0290042F0E5 = {
						CreatedOnToolsVersion = 26.0.1;
						TestTargetID = 597585912EA0F0270042F0E5;
					};
				};
			};
			buildConfigurationList = 5975858D2EA0F0270042F0E5 /* Build configuration list for PBXProject "Ark wallet prototype" */;
			developmentRegion = en;
			hasScannedForEncodings = 0;
			knownRegions = (
				en,
				Base,
			);
			mainGroup = 597585892EA0F0270042F0E5;
			minimizedProjectReferenceProxies = 1;
			preferredProjectObjectVersion = 77;
			productRefGroup = 597585932EA0F0270042F0E5 /* Products */;
			projectDirPath = "";
			projectRoot = "";
			targets = (
				597585912EA0F0270042F0E5 /* Ark wallet prototype */,
				597585A02EA0F0290042F0E5 /* Ark wallet prototypeTests */,
				597585AA2EA0F0290042F0E5 /* Ark wallet prototypeUITests */,
			);
		};
/* End PBXProject section */

/* Begin PBXResourcesBuildPhase section */
		597585902EA0F0270042F0E5 /* Resources */ = {
			isa = PBXResourcesBuildPhase;
			buildActionMask = 2147483647;
			files = (
			);
			runOnlyForDeploymentPostprocessing = 0;
		};
		5975859F2EA0F0290042F0E5 /* Resources */ = {
			isa = PBXResourcesBuildPhase;
			buildActionMask = 2147483647;
			files = (
			);
			runOnlyForDeploymentPostprocessing = 0;
		};
		597585A92EA0F0290042F0E5 /* Resources */ = {
			isa = PBXResourcesBuildPhase;
			buildActionMask = 2147483647;
			files = (
			);
			runOnlyForDeploymentPostprocessing = 0;
		};
/* End PBXResourcesBuildPhase section */

/* Begin PBXSourcesBuildPhase section */
		5975858E2EA0F0270042F0E5 /* Sources */ = {
			isa = PBXSourcesBuildPhase;
			buildActionMask = 2147483647;
			files = (
			);
			runOnlyForDeploymentPostprocessing = 0;
		};
		5975859D2EA0F0290042F0E5 /* Sources */ = {
			isa = PBXSourcesBuildPhase;
			buildActionMask = 2147483647;
			files = (
			);
			runOnlyForDeploymentPostprocessing = 0;
		};
		597585A72EA0F0290042F0E5 /* Sources */ = {
			isa = PBXSourcesBuildPhase;
			buildActionMask = 2147483647;
			files = (
			);
			runOnlyForDeploymentPostprocessing = 0;
		};
/* End PBXSourcesBuildPhase section */

/* Begin PBXTargetDependency section */
		597585A32EA0F0290042F0E5 /* PBXTargetDependency */ = {
			isa = PBXTargetDependency;
			target = 597585912EA0F0270042F0E5 /* Ark wallet prototype */;
			targetProxy = 597585A22EA0F0290042F0E5 /* PBXContainerItemProxy */;
		};
		597585AD2EA0F0290042F0E5 /* PBXTargetDependency */ = {
			isa = PBXTargetDependency;
			target = 597585912EA0F0270042F0E5 /* Ark wallet prototype */;
			targetProxy = 597585AC2EA0F0290042F0E5 /* PBXContainerItemProxy */;
		};
/* End PBXTargetDependency section */

/* Begin XCBuildConfiguration section */
		597585B32EA0F0290042F0E5 /* Debug */ = {
			isa = XCBuildConfiguration;
			buildSettings = {
				ALWAYS_SEARCH_USER_PATHS = NO;
				ASSETCATALOG_COMPILER_GENERATE_SWIFT_ASSET_SYMBOL_EXTENSIONS = YES;
				CLANG_ANALYZER_NONNULL = YES;
				CLANG_ANALYZER_NUMBER_OBJECT_CONVERSION = YES_AGGRESSIVE;
				CLANG_CXX_LANGUAGE_STANDARD = "gnu++20";
				CLANG_ENABLE_MODULES = YES;
				CLANG_ENABLE_OBJC_ARC = YES;
				CLANG_ENABLE_OBJC_WEAK = YES;
				CLANG_WARN_BLOCK_CAPTURE_AUTORELEASING = YES;
				CLANG_WARN_BOOL_CONVERSION = YES;
				CLANG_WARN_COMMA = YES;
				CLANG_WARN_CONSTANT_CONVERSION = YES;
				CLANG_WARN_DEPRECATED_OBJC_IMPLEMENTATIONS = YES;
				CLANG_WARN_DIRECT_OBJC_ISA_USAGE = YES_ERROR;
				CLANG_WARN_DOCUMENTATION_COMMENTS = YES;
				CLANG_WARN_EMPTY_BODY = YES;
				CLANG_WARN_ENUM_CONVERSION = YES;
				CLANG_WARN_INFINITE_RECURSION = YES;
				CLANG_WARN_INT_CONVERSION = YES;
				CLANG_WARN_NON_LITERAL_NULL_CONVERSION = YES;
				CLANG_WARN_OBJC_IMPLICIT_RETAIN_SELF = YES;
				CLANG_WARN_OBJC_LITERAL_CONVERSION = YES;
				CLANG_WARN_OBJC_ROOT_CLASS = YES_ERROR;
				CLANG_WARN_QUOTED_INCLUDE_IN_FRAMEWORK_HEADER = YES;
				CLANG_WARN_RANGE_LOOP_ANALYSIS = YES;
				CLANG_WARN_STRICT_PROTOTYPES = YES;
				CLANG_WARN_SUSPICIOUS_MOVE = YES;
				CLANG_WARN_UNGUARDED_AVAILABILITY = YES_AGGRESSIVE;
				CLANG_WARN_UNREACHABLE_CODE = YES;
				CLANG_WARN__DUPLICATE_METHOD_MATCH = YES;
				COPY_PHASE_STRIP = NO;
				DEBUG_INFORMATION_FORMAT = dwarf;
				DEVELOPMENT_TEAM = 2XW7BAURR2;
				ENABLE_STRICT_OBJC_MSGSEND = YES;
				ENABLE_TESTABILITY = YES;
				ENABLE_USER_SCRIPT_SANDBOXING = YES;
				GCC_C_LANGUAGE_STANDARD = gnu17;
				GCC_DYNAMIC_NO_PIC = NO;
				GCC_NO_COMMON_BLOCKS = YES;
				GCC_OPTIMIZATION_LEVEL = 0;
				GCC_PREPROCESSOR_DEFINITIONS = (
					"DEBUG=1",
					"$(inherited)",
				);
				GCC_WARN_64_TO_32_BIT_CONVERSION = YES;
				GCC_WARN_ABOUT_RETURN_TYPE = YES_ERROR;
				GCC_WARN_UNDECLARED_SELECTOR = YES;
				GCC_WARN_UNINITIALIZED_AUTOS = YES_AGGRESSIVE;
				GCC_WARN_UNUSED_FUNCTION = YES;
				GCC_WARN_UNUSED_VARIABLE = YES;
				LOCALIZATION_PREFERS_STRING_CATALOGS = YES;
				MACOSX_DEPLOYMENT_TARGET = 26.0;
				MTL_ENABLE_DEBUG_INFO = INCLUDE_SOURCE;
				MTL_FAST_MATH = YES;
				ONLY_ACTIVE_ARCH = YES;
				SDKROOT = macosx;
				SWIFT_ACTIVE_COMPILATION_CONDITIONS = "DEBUG $(inherited)";
				SWIFT_OPTIMIZATION_LEVEL = "-Onone";
			};
			name = Debug;
		};
		597585B42EA0F0290042F0E5 /* Release */ = {
			isa = XCBuildConfiguration;
			buildSettings = {
				ALWAYS_SEARCH_USER_PATHS = NO;
				ASSETCATALOG_COMPILER_GENERATE_SWIFT_ASSET_SYMBOL_EXTENSIONS = YES;
				CLANG_ANALYZER_NONNULL = YES;
				CLANG_ANALYZER_NUMBER_OBJECT_CONVERSION = YES_AGGRESSIVE;
				CLANG_CXX_LANGUAGE_STANDARD = "gnu++20";
				CLANG_ENABLE_MODULES = YES;
				CLANG_ENABLE_OBJC_ARC = YES;
				CLANG_ENABLE_OBJC_WEAK = YES;
				CLANG_WARN_BLOCK_CAPTURE_AUTORELEASING = YES;
				CLANG_WARN_BOOL_CONVERSION = YES;
				CLANG_WARN_COMMA = YES;
				CLANG_WARN_CONSTANT_CONVERSION = YES;
				CLANG_WARN_DEPRECATED_OBJC_IMPLEMENTATIONS = YES;
				CLANG_WARN_DIRECT_OBJC_ISA_USAGE = YES_ERROR;
				CLANG_WARN_DOCUMENTATION_COMMENTS = YES;
				CLANG_WARN_EMPTY_BODY = YES;
				CLANG_WARN_ENUM_CONVERSION = YES;
				CLANG_WARN_INFINITE_RECURSION = YES;
				CLANG_WARN_INT_CONVERSION = YES;
				CLANG_WARN_NON_LITERAL_NULL_CONVERSION = YES;
				CLANG_WARN_OBJC_IMPLICIT_RETAIN_SELF = YES;
				CLANG_WARN_OBJC_LITERAL_CONVERSION = YES;
				CLANG_WARN_OBJC_ROOT_CLASS = YES_ERROR;
				CLANG_WARN_QUOTED_INCLUDE_IN_FRAMEWORK_HEADER = YES;
				CLANG_WARN_RANGE_LOOP_ANALYSIS = YES;
				CLANG_WARN_STRICT_PROTOTYPES = YES;
				CLANG_WARN_SUSPICIOUS_MOVE = YES;
				CLANG_WARN_UNGUARDED_AVAILABILITY = YES_AGGRESSIVE;
				CLANG_WARN_UNREACHABLE_CODE = YES;
				CLANG_WARN__DUPLICATE_METHOD_MATCH = YES;
				COPY_PHASE_STRIP = NO;
				DEBUG_INFORMATION_FORMAT = "dwarf-with-dsym";
				DEVELOPMENT_TEAM = 2XW7BAURR2;
				ENABLE_NS_ASSERTIONS = NO;
				ENABLE_STRICT_OBJC_MSGSEND = YES;
				ENABLE_USER_SCRIPT_SANDBOXING = YES;
				GCC_C_LANGUAGE_STANDARD = gnu17;
				GCC_NO_COMMON_BLOCKS = YES;
				GCC_WARN_64_TO_32_BIT_CONVERSION = YES;
				GCC_WARN_ABOUT_RETURN_TYPE = YES_ERROR;
				GCC_WARN_UNDECLARED_SELECTOR = YES;
				GCC_WARN_UNINITIALIZED_AUTOS = YES_AGGRESSIVE;
				GCC_WARN_UNUSED_FUNCTION = YES;
				GCC_WARN_UNUSED_VARIABLE = YES;
				LOCALIZATION_PREFERS_STRING_CATALOGS = YES;
				MACOSX_DEPLOYMENT_TARGET = 26.0;
				MTL_ENABLE_DEBUG_INFO = NO;
				MTL_FAST_MATH = YES;
				SDKROOT = macosx;
				SWIFT_COMPILATION_MODE = wholemodule;
			};
			name = Release;
		};
		597585B62EA0F0290042F0E5 /* Debug */ = {
			isa = XCBuildConfiguration;
			buildSettings = {
				ASSETCATALOG_COMPILER_APPICON_NAME = AppIcon;
				ASSETCATALOG_COMPILER_GLOBAL_ACCENT_COLOR_NAME = AccentColor;
				CODE_SIGN_STYLE = Automatic;
				COMBINE_HIDPI_IMAGES = YES;
				CURRENT_PROJECT_VERSION = 1;
				DEVELOPMENT_TEAM = 2XW7BAURR2;
				ENABLE_APP_SANDBOX = YES;
				ENABLE_HARDENED_RUNTIME = YES;
				ENABLE_INCOMING_NETWORK_CONNECTIONS = NO;
				ENABLE_OUTGOING_NETWORK_CONNECTIONS = YES;
				ENABLE_PREVIEWS = YES;
				ENABLE_RESOURCE_ACCESS_AUDIO_INPUT = NO;
				ENABLE_RESOURCE_ACCESS_BLUETOOTH = NO;
				ENABLE_RESOURCE_ACCESS_CALENDARS = NO;
				ENABLE_RESOURCE_ACCESS_CAMERA = NO;
				ENABLE_RESOURCE_ACCESS_CONTACTS = YES;
				ENABLE_RESOURCE_ACCESS_LOCATION = NO;
				ENABLE_RESOURCE_ACCESS_PRINTING = NO;
				ENABLE_RESOURCE_ACCESS_USB = NO;
				ENABLE_USER_SELECTED_FILES = readwrite;
				GENERATE_INFOPLIST_FILE = YES;
				INFOPLIST_KEY_NSHumanReadableCopyright = "";
				LD_RUNPATH_SEARCH_PATHS = (
					"$(inherited)",
					"@executable_path/../Frameworks",
				);
				MARKETING_VERSION = 1.0;
				PRODUCT_BUNDLE_IDENTIFIER = "GBKS.Ark-wallet-prototype";
				PRODUCT_NAME = "$(TARGET_NAME)";
				REGISTER_APP_GROUPS = YES;
				STRING_CATALOG_GENERATE_SYMBOLS = YES;
				SWIFT_APPROACHABLE_CONCURRENCY = YES;
				SWIFT_DEFAULT_ACTOR_ISOLATION = MainActor;
				SWIFT_EMIT_LOC_STRINGS = YES;
				SWIFT_UPCOMING_FEATURE_MEMBER_IMPORT_VISIBILITY = YES;
				SWIFT_VERSION = 5.0;
			};
			name = Debug;
		};
		597585B72EA0F0290042F0E5 /* Release */ = {
			isa = XCBuildConfiguration;
			buildSettings = {
				ASSETCATALOG_COMPILER_APPICON_NAME = AppIcon;
				ASSETCATALOG_COMPILER_GLOBAL_ACCENT_COLOR_NAME = AccentColor;
				CODE_SIGN_STYLE = Automatic;
				COMBINE_HIDPI_IMAGES = YES;
				CURRENT_PROJECT_VERSION = 1;
				DEVELOPMENT_TEAM = 2XW7BAURR2;
				ENABLE_APP_SANDBOX = YES;
				ENABLE_HARDENED_RUNTIME = YES;
				ENABLE_INCOMING_NETWORK_CONNECTIONS = NO;
				ENABLE_OUTGOING_NETWORK_CONNECTIONS = YES;
				ENABLE_PREVIEWS = YES;
				ENABLE_RESOURCE_ACCESS_AUDIO_INPUT = NO;
				ENABLE_RESOURCE_ACCESS_BLUETOOTH = NO;
				ENABLE_RESOURCE_ACCESS_CALENDARS = NO;
				ENABLE_RESOURCE_ACCESS_CAMERA = NO;
				ENABLE_RESOURCE_ACCESS_CONTACTS = YES;
				ENABLE_RESOURCE_ACCESS_LOCATION = NO;
				ENABLE_RESOURCE_ACCESS_PRINTING = NO;
				ENABLE_RESOURCE_ACCESS_USB = NO;
				ENABLE_USER_SELECTED_FILES = readwrite;
				GENERATE_INFOPLIST_FILE = YES;
				INFOPLIST_KEY_NSHumanReadableCopyright = "";
				LD_RUNPATH_SEARCH_PATHS = (
					"$(inherited)",
					"@executable_path/../Frameworks",
				);
				MARKETING_VERSION = 1.0;
				PRODUCT_BUNDLE_IDENTIFIER = "GBKS.Ark-wallet-prototype";
				PRODUCT_NAME = "$(TARGET_NAME)";
				REGISTER_APP_GROUPS = YES;
				STRING_CATALOG_GENERATE_SYMBOLS = YES;
				SWIFT_APPROACHABLE_CONCURRENCY = YES;
				SWIFT_DEFAULT_ACTOR_ISOLATION = MainActor;
				SWIFT_EMIT_LOC_STRINGS = YES;
				SWIFT_UPCOMING_FEATURE_MEMBER_IMPORT_VISIBILITY = YES;
				SWIFT_VERSION = 5.0;
			};
			name = Release;
		};
		597585B92EA0F0290042F0E5 /* Debug */ = {
			isa = XCBuildConfiguration;
			buildSettings = {
				BUNDLE_LOADER = "$(TEST_HOST)";
				CODE_SIGN_STYLE = Automatic;
				CURRENT_PROJECT_VERSION = 1;
				DEVELOPMENT_TEAM = 2XW7BAURR2;
				GENERATE_INFOPLIST_FILE = YES;
				MACOSX_DEPLOYMENT_TARGET = 26.0;
				MARKETING_VERSION = 1.0;
				PRODUCT_BUNDLE_IDENTIFIER = "GBKS.Ark-wallet-prototypeTests";
				PRODUCT_NAME = "$(TARGET_NAME)";
				STRING_CATALOG_GENERATE_SYMBOLS = NO;
				SWIFT_APPROACHABLE_CONCURRENCY = YES;
				SWIFT_EMIT_LOC_STRINGS = NO;
				SWIFT_UPCOMING_FEATURE_MEMBER_IMPORT_VISIBILITY = YES;
				SWIFT_VERSION = 5.0;
				TEST_HOST = "$(BUILT_PRODUCTS_DIR)/Ark wallet prototype.app/$(BUNDLE_EXECUTABLE_FOLDER_PATH)/Ark wallet prototype";
			};
			name = Debug;
		};
		597585BA2EA0F0290042F0E5 /* Release */ = {
			isa = XCBuildConfiguration;
			buildSettings = {
				BUNDLE_LOADER = "$(TEST_HOST)";
				CODE_SIGN_STYLE = Automatic;
				CURRENT_PROJECT_VERSION = 1;
				DEVELOPMENT_TEAM = 2XW7BAURR2;
				GENERATE_INFOPLIST_FILE = YES;
				MACOSX_DEPLOYMENT_TARGET = 26.0;
				MARKETING_VERSION = 1.0;
				PRODUCT_BUNDLE_IDENTIFIER = "GBKS.Ark-wallet-prototypeTests";
				PRODUCT_NAME = "$(TARGET_NAME)";
				STRING_CATALOG_GENERATE_SYMBOLS = NO;
				SWIFT_APPROACHABLE_CONCURRENCY = YES;
				SWIFT_EMIT_LOC_STRINGS = NO;
				SWIFT_UPCOMING_FEATURE_MEMBER_IMPORT_VISIBILITY = YES;
				SWIFT_VERSION = 5.0;
				TEST_HOST = "$(BUILT_PRODUCTS_DIR)/Ark wallet prototype.app/$(BUNDLE_EXECUTABLE_FOLDER_PATH)/Ark wallet prototype";
			};
			name = Release;
		};
		597585BC2EA0F0290042F0E5 /* Debug */ = {
			isa = XCBuildConfiguration;
			buildSettings = {
				CODE_SIGN_STYLE = Automatic;
				CURRENT_PROJECT_VERSION = 1;
				DEVELOPMENT_TEAM = 2XW7BAURR2;
				GENERATE_INFOPLIST_FILE = YES;
				MARKETING_VERSION = 1.0;
				PRODUCT_BUNDLE_IDENTIFIER = "GBKS.Ark-wallet-prototypeUITests";
				PRODUCT_NAME = "$(TARGET_NAME)";
				STRING_CATALOG_GENERATE_SYMBOLS = NO;
				SWIFT_APPROACHABLE_CONCURRENCY = YES;
				SWIFT_EMIT_LOC_STRINGS = NO;
				SWIFT_UPCOMING_FEATURE_MEMBER_IMPORT_VISIBILITY = YES;
				SWIFT_VERSION = 5.0;
				TEST_TARGET_NAME = "Ark wallet prototype";
			};
			name = Debug;
		};
		597585BD2EA0F0290042F0E5 /* Release */ = {
			isa = XCBuildConfiguration;
			buildSettings = {
				CODE_SIGN_STYLE = Automatic;
				CURRENT_PROJECT_VERSION = 1;
				DEVELOPMENT_TEAM = 2XW7BAURR2;
				GENERATE_INFOPLIST_FILE = YES;
				MARKETING_VERSION = 1.0;
				PRODUCT_BUNDLE_IDENTIFIER = "GBKS.Ark-wallet-prototypeUITests";
				PRODUCT_NAME = "$(TARGET_NAME)";
				STRING_CATALOG_GENERATE_SYMBOLS = NO;
				SWIFT_APPROACHABLE_CONCURRENCY = YES;
				SWIFT_EMIT_LOC_STRINGS = NO;
				SWIFT_UPCOMING_FEATURE_MEMBER_IMPORT_VISIBILITY = YES;
				SWIFT_VERSION = 5.0;
				TEST_TARGET_NAME = "Ark wallet prototype";
			};
			name = Release;
		};
/* End XCBuildConfiguration section */

/* Begin XCConfigurationList section */
		5975858D2EA0F0270042F0E5 /* Build configuration list for PBXProject "Ark wallet prototype" */ = {
			isa = XCConfigurationList;
			buildConfigurations = (
				597585B32EA0F0290042F0E5 /* Debug */,
				597585B42EA0F0290042F0E5 /* Release */,
			);
			defaultConfigurationIsVisible = 0;
			defaultConfigurationName = Release;
		};
		597585B52EA0F0290042F0E5 /* Build configuration list for PBXNativeTarget "Ark wallet prototype" */ = {
			isa = XCConfigurationList;
			buildConfigurations = (
				597585B62EA0F0290042F0E5 /* Debug */,
				597585B72EA0F0290042F0E5 /* Release */,
			);
			defaultConfigurationIsVisible = 0;
			defaultConfigurationName = Release;
		};
		597585B82EA0F0290042F0E5 /* Build configuration list for PBXNativeTarget "Ark wallet prototypeTests" */ = {
			isa = XCConfigurationList;
			buildConfigurations = (
				597585B92EA0F0290042F0E5 /* Debug */,
				597585BA2EA0F0290042F0E5 /* Release */,
			);
			defaultConfigurationIsVisible = 0;
			defaultConfigurationName = Release;
		};
		597585BB2EA0F0290042F0E5 /* Build configuration list for PBXNativeTarget "Ark wallet prototypeUITests" */ = {
			isa = XCConfigurationList;
			buildConfigurations = (
				597585BC2EA0F0290042F0E5 /* Debug */,
				597585BD2EA0F0290042F0E5 /* Release */,
			);
			defaultConfigurationIsVisible = 0;
			defaultConfigurationName = Release;
		};
/* End XCConfigurationList section */
	};
	rootObject = 5975858A2EA0F0270042F0E5 /* Project object */;
}
