// !$*UTF8*$!
{
	archiveVersion = 1;
	classes = {
	};
	objectVersion = 77;
	objects = {

/* Begin PBXBuildFile section */
		596E15F82EDF0D1600B46B6D /* libsqlite3.tbd in Frameworks */ = {isa = PBXBuildFile; fileRef = 596E15F72EDF0D1600B46B6D /* libsqlite3.tbd */; };
		59857EF72EE1CE8500FA2C18 /* Bark in Frameworks */ = {isa = PBXBuildFile; productRef = 59857EF62EE1CE8500FA2C18 /* Bark */; };
		59D2633C2ED9E1D2006570D0 /* BIP39 in Frameworks */ = {isa = PBXBuildFile; productRef = 59D2633B2ED9E1D2006570D0 /* BIP39 */; };
		59D263462ED9EB42006570D0 /* BIP39 in Frameworks */ = {isa = PBXBuildFile; productRef = 59D263452ED9EB42006570D0 /* BIP39 */; };
		59D6F6DA2EE2BDC100DBEB68 /* Bark in Frameworks */ = {isa = PBXBuildFile; productRef = 59D6F6D92EE2BDC100DBEB68 /* Bark */; };
		59DC8B262EE2BF01005BE246 /* Bark in Frameworks */ = {isa = PBXBuildFile; productRef = 59DC8B252EE2BF01005BE246 /* Bark */; };
/* End PBXBuildFile section */

/* Begin PBXContainerItemProxy section */
		5904310E2ED8680000AD6337 /* PBXContainerItemProxy */ = {
			isa = PBXContainerItemProxy;
			containerPortal = 5975858A2EA0F0270042F0E5 /* Project object */;
			proxyType = 1;
			remoteGlobalIDString = 590430FC2ED867FF00AD6337;
			remoteInfo = "Arké mobile";
		};
		590431182ED8680000AD6337 /* PBXContainerItemProxy */ = {
			isa = PBXContainerItemProxy;
			containerPortal = 5975858A2EA0F0270042F0E5 /* Project object */;
			proxyType = 1;
			remoteGlobalIDString = 590430FC2ED867FF00AD6337;
			remoteInfo = "Arké mobile";
		};
		597585A22EA0F0290042F0E5 /* PBXContainerItemProxy */ = {
			isa = PBXContainerItemProxy;
			containerPortal = 5975858A2EA0F0270042F0E5 /* Project object */;
			proxyType = 1;
			remoteGlobalIDString = 597585912EA0F0270042F0E5;
			remoteInfo = "Ark wallet prototype";
		};
		597585AC2EA0F0290042F0E5 /* PBXContainerItemProxy */ = {
			isa = PBXContainerItemProxy;
			containerPortal = 5975858A2EA0F0270042F0E5 /* Project object */;
			proxyType = 1;
			remoteGlobalIDString = 597585912EA0F0270042F0E5;
			remoteInfo = "Ark wallet prototype";
		};
/* End PBXContainerItemProxy section */

/* Begin PBXCopyFilesBuildPhase section */
		591E2C2B2EBA4CB300C08DAA /* CopyFiles */ = {
			isa = PBXCopyFilesBuildPhase;
			buildActionMask = 2147483647;
			dstPath = "";
			dstSubfolderSpec = 7;
			files = (
			);
			runOnlyForDeploymentPostprocessing = 0;
		};
		59588FDF2EDDBD6300B3A101 /* Embed Frameworks */ = {
			isa = PBXCopyFilesBuildPhase;
			buildActionMask = 2147483647;
			dstPath = "";
			dstSubfolderSpec = 10;
			files = (
			);
			name = "Embed Frameworks";
			runOnlyForDeploymentPostprocessing = 0;
		};
/* End PBXCopyFilesBuildPhase section */

/* Begin PBXFileReference section */
		590430FD2ED867FF00AD6337 /* Arké mobile.app */ = {isa = PBXFileReference; explicitFileType = wrapper.application; includeInIndex = 0; path = "Arké mobile.app"; sourceTree = BUILT_PRODUCTS_DIR; };
		5904310D2ED8680000AD6337 /* Arké mobileTests.xctest */ = {isa = PBXFileReference; explicitFileType = wrapper.cfbundle; includeInIndex = 0; path = "Arké mobileTests.xctest"; sourceTree = BUILT_PRODUCTS_DIR; };
		590431172ED8680000AD6337 /* Arké mobileUITests.xctest */ = {isa = PBXFileReference; explicitFileType = wrapper.cfbundle; includeInIndex = 0; path = "Arké mobileUITests.xctest"; sourceTree = BUILT_PRODUCTS_DIR; };
		596E15F52EDF0D0200B46B6D /* libsqlite3.tbd */ = {isa = PBXFileReference; lastKnownFileType = "sourcecode.text-based-dylib-definition"; name = libsqlite3.tbd; path = usr/lib/libsqlite3.tbd; sourceTree = SDKROOT; };
		596E15F72EDF0D1600B46B6D /* libsqlite3.tbd */ = {isa = PBXFileReference; lastKnownFileType = "sourcecode.text-based-dylib-definition"; name = libsqlite3.tbd; path = Platforms/iPhoneOS.platform/Developer/SDKs/iPhoneOS26.1.sdk/usr/lib/libsqlite3.tbd; sourceTree = DEVELOPER_DIR; };
		597585922EA0F0270042F0E5 /* Arké.app */ = {isa = PBXFileReference; explicitFileType = wrapper.application; includeInIndex = 0; path = "Arké.app"; sourceTree = BUILT_PRODUCTS_DIR; };
		597585A12EA0F0290042F0E5 /* ArkéTests.xctest */ = {isa = PBXFileReference; explicitFileType = wrapper.cfbundle; includeInIndex = 0; path = "ArkéTests.xctest"; sourceTree = BUILT_PRODUCTS_DIR; };
		597585AB2EA0F0290042F0E5 /* ArkéUITests.xctest */ = {isa = PBXFileReference; explicitFileType = wrapper.cfbundle; includeInIndex = 0; path = "ArkéUITests.xctest"; sourceTree = BUILT_PRODUCTS_DIR; };
		59BF8E7B2EA206B2002CDFF4 /* README.md */ = {isa = PBXFileReference; lastKnownFileType = net.daringfireball.markdown; path = README.md; sourceTree = "<group>"; };
/* End PBXFileReference section */

/* Begin PBXFileSystemSynchronizedBuildFileExceptionSet section */
		5904311F2ED8680100AD6337 /* Exceptions for "Arké mobile" folder in "Arké mobile" target */ = {
			isa = PBXFileSystemSynchronizedBuildFileExceptionSet;
			membershipExceptions = (
				Info.plist,
			);
			target = 590430FC2ED867FF00AD6337 /* Arké mobile */;
		};
		590AC22A2ED9FD79005F75FD /* Exceptions for "Arké" folder in "Arké mobile" target */ = {
			isa = PBXFileSystemSynchronizedBuildFileExceptionSet;
			membershipExceptions = (
				Views/Activity/TransactionList.swift,
				Views/Tags/Editor/ColorPickerSheet.swift,
				Views/Tags/Editor/EmojiPickerSheet.swift,
				Views/Tags/Editor/TagEditor.swift,
				Views/Tags/Editor/TagFormFields.swift,
				Views/Tags/Editor/TagValidation.swift,
				Views/Tags/PreviewHelper.swift,
				Views/Tags/TagChip.swift,
				Views/Tags/TagPreviewCard.swift,
			);
			target = 590430FC2ED867FF00AD6337 /* Arké mobile */;
		};
		5914EE7B2ED883AF00D55923 /* Exceptions for "Shared" folder in "Arké mobile" target */ = {
			isa = PBXFileSystemSynchronizedBuildFileExceptionSet;
			membershipExceptions = (
				Data/BarkWalletFFI.swift,
				Data/BarkWalletProtocol.swift,
				Data/BIP39Usage.swift,
				Data/CacheManager.swift,
				Data/MockBarkWallet.swift,
				Data/NetworkConfig.swift,
				Data/SwiftDataHelper.swift,
				Data/TaskDeduplicationManager.swift,
				Data/WalletManager.swift,
				Docs/BIP39_INTEGRATION_GUIDE.md,
				Docs/BIP39_QUICK_REFERENCE.md,
				Docs/BIP39_TROUBLESHOOTING.md,
				Docs/CloudKitSyncImplementation.md,
				Docs/DEVICE_REGISTRY_ALL_PHASES_COMPLETE.md,
				Docs/DEVICE_REGISTRY_COMPLETE.md,
				Docs/DEVICE_REGISTRY_PHASE2_SUMMARY.md,
				Docs/DEVICE_REGISTRY_PHASE3_SUMMARY.md,
				Docs/WALLET_FIRST_INITIALIZATION.md,
				Helpers/AddressFormat.swift,
				Helpers/AddressValidator.swift,
				Helpers/BIP21URIHelper.swift,
				Helpers/BIP353Resolver.swift,
				Helpers/BitcoinAmountFormat.swift,
				Helpers/BitcoinFormatter.swift,
				Helpers/BitcoinFormatterExampleView.swift,
				Helpers/Clipboard.swift,
				Helpers/ClipboardServiceProtocol.swift,
				Helpers/CloudKitObserver.swift,
				Helpers/ColorExtensions.swift,
				Helpers/LightningInvoiceParser.swift,
				Helpers/PaymentDestination.swift,
				Helpers/PaymentDestinationSelector.swift,
				Helpers/PaymentRequest.swift,
				Helpers/PaymentRequestExamples.swift,
				Helpers/RefreshUrgency.swift,
				Helpers/WalletConfiguration.swift,
				"Helpers/WalletManager+PaymentDestination.swift",
				"Images/cover-animation.mp4",
				Models/ArkBalanceModel.swift,
				Models/ArkBalanceResponse.swift,
				Models/ArkConfigModel.swift,
				Models/ArkInfoModel.swift,
				Models/ContactAddressModel.swift,
				Models/ContactModel.swift,
				Models/DeviceRegistration.swift,
				Models/OnchainBalanceModel.swift,
				Models/OnchainBalanceResponse.swift,
				Models/PersistentContact.swift,
				Models/PersistentContactAddress.swift,
				Models/PersistentTag.swift,
				Models/PersistentTransaction.swift,
				Models/TagModel.swift,
				Models/TotalBalanceModel.swift,
				Models/TransactionContactAssignment.swift,
				Models/TransactionModel.swift,
				Models/TransactionStatusEnum.swift,
				Models/TransactionTagAssignment.swift,
				Models/TransactionTypeEnum.swift,
				Models/UTXOModel.swift,
				Models/VTXOModel.swift,
				Services/AddressService.swift,
				Services/BalanceService.swift,
				Services/ContactAddressService.swift,
				Services/ContactService.swift,
				Services/DeviceRegistrationService.swift,
				Services/NativeContactService.swift,
				Services/SecurityService.swift,
				Services/ServiceContainer.swift,
				Services/TagService.swift,
				Services/TransactionService.swift,
				Services/WalletOperationsService.swift,
				UI/ArkeButton.swift,
				UI/ArkeIconButton.swift,
				UI/BalanceCard.swift,
				UI/BalanceRefreshTag.swift,
				UI/ErrorView.swift,
				UI/FlowLayout.swift,
				UI/QRCodeView.swift,
				UI/SkeletonLoader.swift,
				Views/Activity/DetailRow.swift,
				Views/Activity/TransactionContactView.swift,
				Views/Activity/TransactionDetailViewModel.swift,
				Views/Activity/TransactionListItem.swift,
				Views/Activity/TransactionListModel.swift,
				Views/Activity/TransactionNotesSection.swift,
				Views/Activity/TransactionStatusBadge.swift,
				Views/Activity/TransactionTagView.swift,
				Views/Balance/BalanceDetailCard.swift,
				Views/Balance/BalanceRefreshStatus.swift,
				Views/Contacts/ContactAddressEditor.swift,
				Views/Contacts/ContactsViewModel.swift,
				Views/Contacts/ContactTransactionSummaryView.swift,
				Views/Contacts/Details/AddressListItem.swift,
				Views/Contacts/Details/ContactAddressesSection.swift,
				Views/Contacts/Details/ContactAvatarView.swift,
				Views/Contacts/Details/ContactDetailsDisclosure.swift,
				Views/Contacts/Details/ContactDetailViewModel.swift,
				Views/Contacts/Details/ContactHeaderView.swift,
				Views/Contacts/Editor/AvatarPickerSheet.swift,
				Views/Contacts/Editor/ContactChip.swift,
				Views/Contacts/Editor/ContactEditor.swift,
				Views/Contacts/Editor/ContactFormFields.swift,
				Views/Contacts/Editor/ContactImportSheet.swift,
				Views/Contacts/Editor/ContactPreviewCard.swift,
				Views/Contacts/Editor/ContactSelectorSheet.swift,
				Views/Contacts/Editor/ContactValidation.swift,
				Views/Contacts/Editor/NativeContactLinkDetail.swift,
				Views/Data/ArkBalanceView.swift,
				Views/Data/ArkInfoSectionView.swift,
				Views/Data/BalanceRowView.swift,
				Views/Data/BlockHeightSectionView.swift,
				Views/Data/ConfigurationSectionView.swift,
				Views/Data/OnchainBalanceView.swift,
				Views/Receive/ActionButtonsView.swift,
				Views/Receive/AddressCard.swift,
				Views/Receive/AddressCardExpandable.swift,
				Views/Receive/AddressDisplayView.swift,
				Views/Receive/AmountAndNoteInputView.swift,
				Views/Receive/LightningActionSection.swift,
				Views/Receive/LightningAmountInputSection.swift,
				Views/Receive/ReceiveBalanceType.swift,
				Views/Receive/ReceiveQRContentHelper.swift,
				Views/Receive/ReceiveViewModel.swift,
				Views/Send/AddressFormatsInfoView.swift,
				Views/Send/AddressNotFoundErrorCard.swift,
				Views/Send/AmountInputSection.swift,
				Views/Send/ConfirmedDestinationCard.swift,
				Views/Send/ContactInfoBanner.swift,
				Views/Send/DisplayDestination.swift,
				Views/Send/Flows/ContactPaymentView.swift,
				Views/Send/Flows/ManualSendView.swift,
				Views/Send/Flows/QuickPaymentView.swift,
				Views/Send/LightningAddressResolver.swift,
				"Views/Send/Payment destination/PaymentDestinationPickerView.swift",
				"Views/Send/Payment destination/PaymentDestinationRow.swift",
				"Views/Send/Payment destination/PaymentDestinationSelectorExamples.swift",
				Views/Send/PaymentDestinationItem.swift,
				Views/Send/PaymentRequestInfoBanner.swift,
				Views/Send/PaymentRequestMetadataView.swift,
				Views/Send/RecipientInputSection.swift,
				Views/Send/RecipientState.swift,
				Views/Send/SendModalErrorView.swift,
				Views/Send/SendModalSendingView.swift,
				Views/Send/SendModalState.swift,
				Views/Send/SendModalSuccessView.swift,
				Views/Send/SendModalView.swift,
				Views/Send/SendViewModel.swift,
				Views/Send/TypingIndicatorView.swift,
				Views/Send/UnifiedDestinationDisplayView.swift,
				Views/Send/ValidationFeedbackView.swift,
				Views/ServiceConfigurationView.swift,
				Views/Settings/BitcoinFormatSettingView.swift,
				Views/Settings/DeleteWalletSettingView.swift,
				Views/Settings/RecoveryPhraseSettingView.swift,
				Views/Tags/TagSelectorSheet.swift,
				Views/Tags/TagsViewModel.swift,
			);
			target = 590430FC2ED867FF00AD6337 /* Arké mobile */;
		};
		598042722EABBA930041370A /* Exceptions for "Arké" folder in "Arké" target */ = {
			isa = PBXFileSystemSynchronizedBuildFileExceptionSet;
			membershipExceptions = (
				bark,
			);
			target = 597585912EA0F0270042F0E5 /* Arké */;
		};
		59AC9F052EE027E8000859E6 /* Exceptions for "Shared" folder in "Arké" target */ = {
			isa = PBXFileSystemSynchronizedBuildFileExceptionSet;
			membershipExceptions = (
				Docs/API/intro.md,
				"Docs/API/model-definitions.md",
				"Docs/API/service-interfaces.md",
				"Docs/Architecture/data-flow.md",
				Docs/Architecture/intro.md,
				"Docs/Architecture/service-layer.md",
				"Docs/Architecture/system-overview.md",
				"Docs/Data samples/ark-balance.json",
				"Docs/Data samples/ark-info.json",
				"Docs/Data samples/board.json",
				"Docs/Data samples/config.json",
				"Docs/Data samples/movement-ln.json",
				"Docs/Data samples/movements-new.json",
				"Docs/Data samples/movements.json",
				"Docs/Data samples/onchain-balance.json",
				"Docs/Data samples/utxos.json",
				"Docs/Data samples/vtxos.json",
				"Docs/Development/common-tasks.md",
				Docs/Development/intro.md,
				Docs/Development/setup.md,
				"Docs/Development/testing-patterns.md",
				"Docs/Features/balance-persistence.md",
				Docs/Features/intro.md,
				Docs/Intro.md,
				Docs/WALLET_FIRST_INITIALIZATION.md,
			);
			target = 597585912EA0F0270042F0E5 /* Arké */;
		};
		59DC8B412EE300BA005BE246 /* Exceptions for "Arké mobile" folder in "Arké" target */ = {
			isa = PBXFileSystemSynchronizedBuildFileExceptionSet;
			membershipExceptions = (
				Views/Activity/TransactionListEmptyState.swift,
			);
			target = 597585912EA0F0270042F0E5 /* Arké */;
		};
/* End PBXFileSystemSynchronizedBuildFileExceptionSet section */

/* Begin PBXFileSystemSynchronizedGroupBuildPhaseMembershipExceptionSet section */
		591E2C2F2EBA511D00C08DAA /* Exceptions for "Arké" folder in "Copy Files" phase from "Arké" target */ = {
			isa = PBXFileSystemSynchronizedGroupBuildPhaseMembershipExceptionSet;
			attributesByRelativePath = {
				bark = (CodeSignOnCopy, );
			};
			buildPhase = 591E2C2B2EBA4CB300C08DAA /* CopyFiles */;
			membershipExceptions = (
				bark,
			);
		};
/* End PBXFileSystemSynchronizedGroupBuildPhaseMembershipExceptionSet section */

/* Begin PBXFileSystemSynchronizedRootGroup section */
		590430FE2ED867FF00AD6337 /* Arké mobile */ = {
			isa = PBXFileSystemSynchronizedRootGroup;
			exceptions = (
				59DC8B412EE300BA005BE246 /* Exceptions for "Arké mobile" folder in "Arké" target */,
				5904311F2ED8680100AD6337 /* Exceptions for "Arké mobile" folder in "Arké mobile" target */,
			);
			path = "Arké mobile";
			sourceTree = "<group>";
		};
		590431102ED8680000AD6337 /* Arké mobileTests */ = {
			isa = PBXFileSystemSynchronizedRootGroup;
			path = "Arké mobileTests";
			sourceTree = "<group>";
		};
		5904311A2ED8680000AD6337 /* Arké mobileUITests */ = {
			isa = PBXFileSystemSynchronizedRootGroup;
			path = "Arké mobileUITests";
			sourceTree = "<group>";
		};
		5914EE782ED8839900D55923 /* Shared */ = {
			isa = PBXFileSystemSynchronizedRootGroup;
			exceptions = (
				59AC9F052EE027E8000859E6 /* Exceptions for "Shared" folder in "Arké" target */,
				5914EE7B2ED883AF00D55923 /* Exceptions for "Shared" folder in "Arké mobile" target */,
			);
			path = Shared;
			sourceTree = "<group>";
		};
		597585942EA0F0270042F0E5 /* Arké */ = {
			isa = PBXFileSystemSynchronizedRootGroup;
			exceptions = (
				598042722EABBA930041370A /* Exceptions for "Arké" folder in "Arké" target */,
				591E2C2F2EBA511D00C08DAA /* Exceptions for "Arké" folder in "Copy Files" phase from "Arké" target */,
				590AC22A2ED9FD79005F75FD /* Exceptions for "Arké" folder in "Arké mobile" target */,
			);
			name = "Arké";
			path = "Arké";
			sourceTree = "<group>";
		};
		597585A42EA0F0290042F0E5 /* ArkéTests */ = {
			isa = PBXFileSystemSynchronizedRootGroup;
			name = "ArkéTests";
			path = "ArkéTests";
			sourceTree = "<group>";
		};
		597585AE2EA0F0290042F0E5 /* ArkéUITests */ = {
			isa = PBXFileSystemSynchronizedRootGroup;
			name = "ArkéUITests";
			path = "ArkéUITests";
			sourceTree = "<group>";
		};
/* End PBXFileSystemSynchronizedRootGroup section */

/* Begin PBXFrameworksBuildPhase section */
		590430FA2ED867FF00AD6337 /* Frameworks */ = {
			isa = PBXFrameworksBuildPhase;
			buildActionMask = 2147483647;
			files = (
				59DC8B262EE2BF01005BE246 /* Bark in Frameworks */,
				596E15F82EDF0D1600B46B6D /* libsqlite3.tbd in Frameworks */,
				59D263462ED9EB42006570D0 /* BIP39 in Frameworks */,
			);
			runOnlyForDeploymentPostprocessing = 0;
		};
		5904310A2ED8680000AD6337 /* Frameworks */ = {
			isa = PBXFrameworksBuildPhase;
			buildActionMask = 2147483647;
			files = (
			);
			runOnlyForDeploymentPostprocessing = 0;
		};
		590431142ED8680000AD6337 /* Frameworks */ = {
			isa = PBXFrameworksBuildPhase;
			buildActionMask = 2147483647;
			files = (
			);
			runOnlyForDeploymentPostprocessing = 0;
		};
		5975858F2EA0F0270042F0E5 /* Frameworks */ = {
			isa = PBXFrameworksBuildPhase;
			buildActionMask = 2147483647;
			files = (
				59D6F6DA2EE2BDC100DBEB68 /* Bark in Frameworks */,
				59857EF72EE1CE8500FA2C18 /* Bark in Frameworks */,
				59D2633C2ED9E1D2006570D0 /* BIP39 in Frameworks */,
			);
			runOnlyForDeploymentPostprocessing = 0;
		};
		5975859E2EA0F0290042F0E5 /* Frameworks */ = {
			isa = PBXFrameworksBuildPhase;
			buildActionMask = 2147483647;
			files = (
			);
			runOnlyForDeploymentPostprocessing = 0;
		};
		597585A82EA0F0290042F0E5 /* Frameworks */ = {
			isa = PBXFrameworksBuildPhase;
			buildActionMask = 2147483647;
			files = (
			);
			runOnlyForDeploymentPostprocessing = 0;
		};
/* End PBXFrameworksBuildPhase section */

/* Begin PBXGroup section */
		597585892EA0F0270042F0E5 = {
			isa = PBXGroup;
			children = (
				597585942EA0F0270042F0E5 /* Arké */,
				597585A42EA0F0290042F0E5 /* ArkéTests */,
				597585AE2EA0F0290042F0E5 /* ArkéUITests */,
				590430FE2ED867FF00AD6337 /* Arké mobile */,
				590431102ED8680000AD6337 /* Arké mobileTests */,
				5904311A2ED8680000AD6337 /* Arké mobileUITests */,
				597585932EA0F0270042F0E5 /* Products */,
				59BF8E7B2EA206B2002CDFF4 /* README.md */,
				5914EE782ED8839900D55923 /* Shared */,
				59D263442ED9EB42006570D0 /* Frameworks */,
			);
			sourceTree = "<group>";
		};
		597585932EA0F0270042F0E5 /* Products */ = {
			isa = PBXGroup;
			children = (
				597585922EA0F0270042F0E5 /* Arké.app */,
				597585A12EA0F0290042F0E5 /* ArkéTests.xctest */,
				597585AB2EA0F0290042F0E5 /* ArkéUITests.xctest */,
				590430FD2ED867FF00AD6337 /* Arké mobile.app */,
				5904310D2ED8680000AD6337 /* Arké mobileTests.xctest */,
				590431172ED8680000AD6337 /* Arké mobileUITests.xctest */,
			);
			name = Products;
			sourceTree = "<group>";
		};
		59D263442ED9EB42006570D0 /* Frameworks */ = {
			isa = PBXGroup;
			children = (
				596E15F72EDF0D1600B46B6D /* libsqlite3.tbd */,
				596E15F52EDF0D0200B46B6D /* libsqlite3.tbd */,
			);
			name = Frameworks;
			sourceTree = "<group>";
		};
/* End PBXGroup section */

/* Begin PBXNativeTarget section */
		590430FC2ED867FF00AD6337 /* Arké mobile */ = {
			isa = PBXNativeTarget;
			buildConfigurationList = 590431202ED8680100AD6337 /* Build configuration list for PBXNativeTarget "Arké mobile" */;
			buildPhases = (
				590430F92ED867FF00AD6337 /* Sources */,
				590430FA2ED867FF00AD6337 /* Frameworks */,
				590430FB2ED867FF00AD6337 /* Resources */,
				59588FDF2EDDBD6300B3A101 /* Embed Frameworks */,
			);
			buildRules = (
			);
			dependencies = (
				59D2633E2ED9E242006570D0 /* PBXTargetDependency */,
			);
			fileSystemSynchronizedGroups = (
				590430FE2ED867FF00AD6337 /* Arké mobile */,
			);
			name = "Arké mobile";
			packageProductDependencies = (
				59D263452ED9EB42006570D0 /* BIP39 */,
				59DC8B252EE2BF01005BE246 /* Bark */,
			);
			productName = "Arké mobile";
			productReference = 590430FD2ED867FF00AD6337 /* Arké mobile.app */;
			productType = "com.apple.product-type.application";
		};
		5904310C2ED8680000AD6337 /* Arké mobileTests */ = {
			isa = PBXNativeTarget;
			buildConfigurationList = 590431232ED8680100AD6337 /* Build configuration list for PBXNativeTarget "Arké mobileTests" */;
			buildPhases = (
				590431092ED8680000AD6337 /* Sources */,
				5904310A2ED8680000AD6337 /* Frameworks */,
				5904310B2ED8680000AD6337 /* Resources */,
			);
			buildRules = (
			);
			dependencies = (
				5904310F2ED8680000AD6337 /* PBXTargetDependency */,
			);
			fileSystemSynchronizedGroups = (
				590431102ED8680000AD6337 /* Arké mobileTests */,
			);
			name = "Arké mobileTests";
			packageProductDependencies = (
			);
			productName = "Arké mobileTests";
			productReference = 5904310D2ED8680000AD6337 /* Arké mobileTests.xctest */;
			productType = "com.apple.product-type.bundle.unit-test";
		};
		590431162ED8680000AD6337 /* Arké mobileUITests */ = {
			isa = PBXNativeTarget;
			buildConfigurationList = 590431262ED8680100AD6337 /* Build configuration list for PBXNativeTarget "Arké mobileUITests" */;
			buildPhases = (
				590431132ED8680000AD6337 /* Sources */,
				590431142ED8680000AD6337 /* Frameworks */,
				590431152ED8680000AD6337 /* Resources */,
			);
			buildRules = (
			);
			dependencies = (
				590431192ED8680000AD6337 /* PBXTargetDependency */,
			);
			fileSystemSynchronizedGroups = (
				5904311A2ED8680000AD6337 /* Arké mobileUITests */,
			);
			name = "Arké mobileUITests";
			packageProductDependencies = (
			);
			productName = "Arké mobileUITests";
			productReference = 590431172ED8680000AD6337 /* Arké mobileUITests.xctest */;
			productType = "com.apple.product-type.bundle.ui-testing";
		};
		597585912EA0F0270042F0E5 /* Arké */ = {
			isa = PBXNativeTarget;
			buildConfigurationList = 597585B52EA0F0290042F0E5 /* Build configuration list for PBXNativeTarget "Arké" */;
			buildPhases = (
				5975858E2EA0F0270042F0E5 /* Sources */,
				5975858F2EA0F0270042F0E5 /* Frameworks */,
				597585902EA0F0270042F0E5 /* Resources */,
				591E2C2B2EBA4CB300C08DAA /* CopyFiles */,
			);
			buildRules = (
			);
			dependencies = (
				59D263402ED9E249006570D0 /* PBXTargetDependency */,
			);
			fileSystemSynchronizedGroups = (
				5914EE782ED8839900D55923 /* Shared */,
				597585942EA0F0270042F0E5 /* Arké */,
			);
			name = "Arké";
			packageProductDependencies = (
				59D2633B2ED9E1D2006570D0 /* BIP39 */,
				59857EF62EE1CE8500FA2C18 /* Bark */,
				59D6F6D92EE2BDC100DBEB68 /* Bark */,
			);
			productName = "Ark wallet prototype";
			productReference = 597585922EA0F0270042F0E5 /* Arké.app */;
			productType = "com.apple.product-type.application";
		};
		597585A02EA0F0290042F0E5 /* ArkéTests */ = {
			isa = PBXNativeTarget;
			buildConfigurationList = 597585B82EA0F0290042F0E5 /* Build configuration list for PBXNativeTarget "ArkéTests" */;
			buildPhases = (
				5975859D2EA0F0290042F0E5 /* Sources */,
				5975859E2EA0F0290042F0E5 /* Frameworks */,
				5975859F2EA0F0290042F0E5 /* Resources */,
			);
			buildRules = (
			);
			dependencies = (
				597585A32EA0F0290042F0E5 /* PBXTargetDependency */,
			);
			fileSystemSynchronizedGroups = (
				597585A42EA0F0290042F0E5 /* ArkéTests */,
			);
			name = "ArkéTests";
			packageProductDependencies = (
			);
			productName = "Ark wallet prototypeTests";
			productReference = 597585A12EA0F0290042F0E5 /* ArkéTests.xctest */;
			productType = "com.apple.product-type.bundle.unit-test";
		};
		597585AA2EA0F0290042F0E5 /* ArkéUITests */ = {
			isa = PBXNativeTarget;
			buildConfigurationList = 597585BB2EA0F0290042F0E5 /* Build configuration list for PBXNativeTarget "ArkéUITests" */;
			buildPhases = (
				597585A72EA0F0290042F0E5 /* Sources */,
				597585A82EA0F0290042F0E5 /* Frameworks */,
				597585A92EA0F0290042F0E5 /* Resources */,
			);
			buildRules = (
			);
			dependencies = (
				597585AD2EA0F0290042F0E5 /* PBXTargetDependency */,
			);
			fileSystemSynchronizedGroups = (
				597585AE2EA0F0290042F0E5 /* ArkéUITests */,
			);
			name = "ArkéUITests";
			packageProductDependencies = (
			);
			productName = "Ark wallet prototypeUITests";
			productReference = 597585AB2EA0F0290042F0E5 /* ArkéUITests.xctest */;
			productType = "com.apple.product-type.bundle.ui-testing";
		};
/* End PBXNativeTarget section */

/* Begin PBXProject section */
		5975858A2EA0F0270042F0E5 /* Project object */ = {
			isa = PBXProject;
			attributes = {
				BuildIndependentTargetsInParallel = 1;
				LastSwiftUpdateCheck = 2610;
				LastUpgradeCheck = 2610;
				TargetAttributes = {
					590430FC2ED867FF00AD6337 = {
						CreatedOnToolsVersion = 26.1.1;
					};
					5904310C2ED8680000AD6337 = {
						CreatedOnToolsVersion = 26.1.1;
						TestTargetID = 590430FC2ED867FF00AD6337;
					};
					590431162ED8680000AD6337 = {
						CreatedOnToolsVersion = 26.1.1;
						TestTargetID = 590430FC2ED867FF00AD6337;
					};
					597585912EA0F0270042F0E5 = {
						CreatedOnToolsVersion = 26.0.1;
					};
					597585A02EA0F0290042F0E5 = {
						CreatedOnToolsVersion = 26.0.1;
						TestTargetID = 597585912EA0F0270042F0E5;
					};
					597585AA2EA0F0290042F0E5 = {
						CreatedOnToolsVersion = 26.0.1;
						TestTargetID = 597585912EA0F0270042F0E5;
					};
				};
			};
			buildConfigurationList = 5975858D2EA0F0270042F0E5 /* Build configuration list for PBXProject "Arké" */;
			developmentRegion = en;
			hasScannedForEncodings = 0;
			knownRegions = (
				en,
				Base,
			);
			mainGroup = 597585892EA0F0270042F0E5;
			minimizedProjectReferenceProxies = 1;
			packageReferences = (
				59D2633A2ED9E1D2006570D0 /* XCRemoteSwiftPackageReference "BIP39" */,
				59D6F6D82EE2BDC100DBEB68 /* XCLocalSwiftPackageReference "../bark-ffi" */,
			);
			preferredProjectObjectVersion = 77;
			productRefGroup = 597585932EA0F0270042F0E5 /* Products */;
			projectDirPath = "";
			projectRoot = "";
			targets = (
				597585912EA0F0270042F0E5 /* Arké */,
				597585A02EA0F0290042F0E5 /* ArkéTests */,
				597585AA2EA0F0290042F0E5 /* ArkéUITests */,
				590430FC2ED867FF00AD6337 /* Arké mobile */,
				5904310C2ED8680000AD6337 /* Arké mobileTests */,
				590431162ED8680000AD6337 /* Arké mobileUITests */,
			);
		};
/* End PBXProject section */

/* Begin PBXResourcesBuildPhase section */
		590430FB2ED867FF00AD6337 /* Resources */ = {
			isa = PBXResourcesBuildPhase;
			buildActionMask = 2147483647;
			files = (
			);
			runOnlyForDeploymentPostprocessing = 0;
		};
		5904310B2ED8680000AD6337 /* Resources */ = {
			isa = PBXResourcesBuildPhase;
			buildActionMask = 2147483647;
			files = (
			);
			runOnlyForDeploymentPostprocessing = 0;
		};
		590431152ED8680000AD6337 /* Resources */ = {
			isa = PBXResourcesBuildPhase;
			buildActionMask = 2147483647;
			files = (
			);
			runOnlyForDeploymentPostprocessing = 0;
		};
		597585902EA0F0270042F0E5 /* Resources */ = {
			isa = PBXResourcesBuildPhase;
			buildActionMask = 2147483647;
			files = (
			);
			runOnlyForDeploymentPostprocessing = 0;
		};
		5975859F2EA0F0290042F0E5 /* Resources */ = {
			isa = PBXResourcesBuildPhase;
			buildActionMask = 2147483647;
			files = (
			);
			runOnlyForDeploymentPostprocessing = 0;
		};
		597585A92EA0F0290042F0E5 /* Resources */ = {
			isa = PBXResourcesBuildPhase;
			buildActionMask = 2147483647;
			files = (
			);
			runOnlyForDeploymentPostprocessing = 0;
		};
/* End PBXResourcesBuildPhase section */

/* Begin PBXSourcesBuildPhase section */
		590430F92ED867FF00AD6337 /* Sources */ = {
			isa = PBXSourcesBuildPhase;
			buildActionMask = 2147483647;
			files = (
			);
			runOnlyForDeploymentPostprocessing = 0;
		};
		590431092ED8680000AD6337 /* Sources */ = {
			isa = PBXSourcesBuildPhase;
			buildActionMask = 2147483647;
			files = (
			);
			runOnlyForDeploymentPostprocessing = 0;
		};
		590431132ED8680000AD6337 /* Sources */ = {
			isa = PBXSourcesBuildPhase;
			buildActionMask = 2147483647;
			files = (
			);
			runOnlyForDeploymentPostprocessing = 0;
		};
		5975858E2EA0F0270042F0E5 /* Sources */ = {
			isa = PBXSourcesBuildPhase;
			buildActionMask = 2147483647;
			files = (
			);
			runOnlyForDeploymentPostprocessing = 0;
		};
		5975859D2EA0F0290042F0E5 /* Sources */ = {
			isa = PBXSourcesBuildPhase;
			buildActionMask = 2147483647;
			files = (
			);
			runOnlyForDeploymentPostprocessing = 0;
		};
		597585A72EA0F0290042F0E5 /* Sources */ = {
			isa = PBXSourcesBuildPhase;
			buildActionMask = 2147483647;
			files = (
			);
			runOnlyForDeploymentPostprocessing = 0;
		};
/* End PBXSourcesBuildPhase section */

/* Begin PBXTargetDependency section */
		5904310F2ED8680000AD6337 /* PBXTargetDependency */ = {
			isa = PBXTargetDependency;
			target = 590430FC2ED867FF00AD6337 /* Arké mobile */;
			targetProxy = 5904310E2ED8680000AD6337 /* PBXContainerItemProxy */;
		};
		590431192ED8680000AD6337 /* PBXTargetDependency */ = {
			isa = PBXTargetDependency;
			target = 590430FC2ED867FF00AD6337 /* Arké mobile */;
			targetProxy = 590431182ED8680000AD6337 /* PBXContainerItemProxy */;
		};
		597585A32EA0F0290042F0E5 /* PBXTargetDependency */ = {
			isa = PBXTargetDependency;
			target = 597585912EA0F0270042F0E5 /* Arké */;
			targetProxy = 597585A22EA0F0290042F0E5 /* PBXContainerItemProxy */;
		};
		597585AD2EA0F0290042F0E5 /* PBXTargetDependency */ = {
			isa = PBXTargetDependency;
			target = 597585912EA0F0270042F0E5 /* Arké */;
			targetProxy = 597585AC2EA0F0290042F0E5 /* PBXContainerItemProxy */;
		};
		59D2633E2ED9E242006570D0 /* PBXTargetDependency */ = {
			isa = PBXTargetDependency;
			productRef = 59D2633D2ED9E242006570D0 /* BIP39 */;
		};
		59D263402ED9E249006570D0 /* PBXTargetDependency */ = {
			isa = PBXTargetDependency;
			productRef = 59D2633F2ED9E249006570D0 /* BIP39 */;
		};
/* End PBXTargetDependency section */

/* Begin XCBuildConfiguration section */
		590431212ED8680100AD6337 /* Debug */ = {
			isa = XCBuildConfiguration;
			buildSettings = {
				ASSETCATALOG_COMPILER_APPICON_NAME = AppIcon;
				ASSETCATALOG_COMPILER_GLOBAL_ACCENT_COLOR_NAME = AccentColor;
				CODE_SIGN_ENTITLEMENTS = "Arké mobile/Arke__mobile.entitlements";
				CODE_SIGN_STYLE = Automatic;
				CURRENT_PROJECT_VERSION = 1;
				DEVELOPMENT_TEAM = 2XW7BAURR2;
				ENABLE_PREVIEWS = YES;
				GENERATE_INFOPLIST_FILE = YES;
				INFOPLIST_FILE = "Arké mobile/Info.plist";
				INFOPLIST_KEY_NSCameraUsageDescription = "We use your camera to scan QR codes.";
				INFOPLIST_KEY_UIApplicationSceneManifest_Generation = YES;
				INFOPLIST_KEY_UIApplicationSupportsIndirectInputEvents = YES;
				INFOPLIST_KEY_UILaunchScreen_Generation = YES;
				INFOPLIST_KEY_UISupportedInterfaceOrientations_iPad = "UIInterfaceOrientationPortrait UIInterfaceOrientationPortraitUpsideDown UIInterfaceOrientationLandscapeLeft UIInterfaceOrientationLandscapeRight";
				INFOPLIST_KEY_UISupportedInterfaceOrientations_iPhone = "UIInterfaceOrientationPortrait UIInterfaceOrientationLandscapeLeft UIInterfaceOrientationLandscapeRight";
				IPHONEOS_DEPLOYMENT_TARGET = 26.1;
				LD_RUNPATH_SEARCH_PATHS = (
					"$(inherited)",
					"@executable_path/Frameworks",
				);
				MARKETING_VERSION = 1.0;
				PRODUCT_BUNDLE_IDENTIFIER = "GBKS.Ark-wallet-prototype";
				PRODUCT_NAME = "$(TARGET_NAME)";
				SDKROOT = iphoneos;
				STRING_CATALOG_GENERATE_SYMBOLS = YES;
				SWIFT_APPROACHABLE_CONCURRENCY = YES;
				SWIFT_DEFAULT_ACTOR_ISOLATION = MainActor;
				SWIFT_EMIT_LOC_STRINGS = YES;
				SWIFT_UPCOMING_FEATURE_MEMBER_IMPORT_VISIBILITY = YES;
				SWIFT_VERSION = 5.0;
				TARGETED_DEVICE_FAMILY = "1,2";
			};
			name = Debug;
		};
		590431222ED8680100AD6337 /* Release */ = {
			isa = XCBuildConfiguration;
			buildSettings = {
				ASSETCATALOG_COMPILER_APPICON_NAME = AppIcon;
				ASSETCATALOG_COMPILER_GLOBAL_ACCENT_COLOR_NAME = AccentColor;
				CODE_SIGN_ENTITLEMENTS = "Arké mobile/Arke__mobile.entitlements";
				CODE_SIGN_STYLE = Automatic;
				CURRENT_PROJECT_VERSION = 1;
				DEVELOPMENT_TEAM = 2XW7BAURR2;
				ENABLE_PREVIEWS = YES;
				GENERATE_INFOPLIST_FILE = YES;
				INFOPLIST_FILE = "Arké mobile/Info.plist";
				INFOPLIST_KEY_NSCameraUsageDescription = "We use your camera to scan QR codes.";
				INFOPLIST_KEY_UIApplicationSceneManifest_Generation = YES;
				INFOPLIST_KEY_UIApplicationSupportsIndirectInputEvents = YES;
				INFOPLIST_KEY_UILaunchScreen_Generation = YES;
				INFOPLIST_KEY_UISupportedInterfaceOrientations_iPad = "UIInterfaceOrientationPortrait UIInterfaceOrientationPortraitUpsideDown UIInterfaceOrientationLandscapeLeft UIInterfaceOrientationLandscapeRight";
				INFOPLIST_KEY_UISupportedInterfaceOrientations_iPhone = "UIInterfaceOrientationPortrait UIInterfaceOrientationLandscapeLeft UIInterfaceOrientationLandscapeRight";
				IPHONEOS_DEPLOYMENT_TARGET = 26.1;
				LD_RUNPATH_SEARCH_PATHS = (
					"$(inherited)",
					"@executable_path/Frameworks",
				);
				MARKETING_VERSION = 1.0;
				PRODUCT_BUNDLE_IDENTIFIER = "GBKS.Ark-wallet-prototype";
				PRODUCT_NAME = "$(TARGET_NAME)";
				SDKROOT = iphoneos;
				STRING_CATALOG_GENERATE_SYMBOLS = YES;
				SWIFT_APPROACHABLE_CONCURRENCY = YES;
				SWIFT_DEFAULT_ACTOR_ISOLATION = MainActor;
				SWIFT_EMIT_LOC_STRINGS = YES;
				SWIFT_UPCOMING_FEATURE_MEMBER_IMPORT_VISIBILITY = YES;
				SWIFT_VERSION = 5.0;
				TARGETED_DEVICE_FAMILY = "1,2";
				VALIDATE_PRODUCT = YES;
			};
			name = Release;
		};
		590431242ED8680100AD6337 /* Debug */ = {
			isa = XCBuildConfiguration;
			buildSettings = {
				BUNDLE_LOADER = "$(TEST_HOST)";
				CODE_SIGN_STYLE = Automatic;
				CURRENT_PROJECT_VERSION = 1;
				DEVELOPMENT_TEAM = 2XW7BAURR2;
				GENERATE_INFOPLIST_FILE = YES;
				IPHONEOS_DEPLOYMENT_TARGET = 26.1;
				MARKETING_VERSION = 1.0;
				PRODUCT_BUNDLE_IDENTIFIER = "GBKS.Arke--mobileTests";
				PRODUCT_NAME = "$(TARGET_NAME)";
				SDKROOT = iphoneos;
				STRING_CATALOG_GENERATE_SYMBOLS = NO;
				SWIFT_APPROACHABLE_CONCURRENCY = YES;
				SWIFT_EMIT_LOC_STRINGS = NO;
				SWIFT_UPCOMING_FEATURE_MEMBER_IMPORT_VISIBILITY = YES;
				SWIFT_VERSION = 5.0;
				TARGETED_DEVICE_FAMILY = "1,2";
				TEST_HOST = "$(BUILT_PRODUCTS_DIR)/Arké mobile.app/$(BUNDLE_EXECUTABLE_FOLDER_PATH)/Arké mobile";
			};
			name = Debug;
		};
		590431252ED8680100AD6337 /* Release */ = {
			isa = XCBuildConfiguration;
			buildSettings = {
				BUNDLE_LOADER = "$(TEST_HOST)";
				CODE_SIGN_STYLE = Automatic;
				CURRENT_PROJECT_VERSION = 1;
				DEVELOPMENT_TEAM = 2XW7BAURR2;
				GENERATE_INFOPLIST_FILE = YES;
				IPHONEOS_DEPLOYMENT_TARGET = 26.1;
				MARKETING_VERSION = 1.0;
				PRODUCT_BUNDLE_IDENTIFIER = "GBKS.Arke--mobileTests";
				PRODUCT_NAME = "$(TARGET_NAME)";
				SDKROOT = iphoneos;
				STRING_CATALOG_GENERATE_SYMBOLS = NO;
				SWIFT_APPROACHABLE_CONCURRENCY = YES;
				SWIFT_EMIT_LOC_STRINGS = NO;
				SWIFT_UPCOMING_FEATURE_MEMBER_IMPORT_VISIBILITY = YES;
				SWIFT_VERSION = 5.0;
				TARGETED_DEVICE_FAMILY = "1,2";
				TEST_HOST = "$(BUILT_PRODUCTS_DIR)/Arké mobile.app/$(BUNDLE_EXECUTABLE_FOLDER_PATH)/Arké mobile";
				VALIDATE_PRODUCT = YES;
			};
			name = Release;
		};
		590431272ED8680100AD6337 /* Debug */ = {
			isa = XCBuildConfiguration;
			buildSettings = {
				CODE_SIGN_STYLE = Automatic;
				CURRENT_PROJECT_VERSION = 1;
				DEVELOPMENT_TEAM = 2XW7BAURR2;
				GENERATE_INFOPLIST_FILE = YES;
				IPHONEOS_DEPLOYMENT_TARGET = 26.1;
				MARKETING_VERSION = 1.0;
				PRODUCT_BUNDLE_IDENTIFIER = "GBKS.Arke--mobileUITests";
				PRODUCT_NAME = "$(TARGET_NAME)";
				SDKROOT = iphoneos;
				STRING_CATALOG_GENERATE_SYMBOLS = NO;
				SWIFT_APPROACHABLE_CONCURRENCY = YES;
				SWIFT_EMIT_LOC_STRINGS = NO;
				SWIFT_UPCOMING_FEATURE_MEMBER_IMPORT_VISIBILITY = YES;
				SWIFT_VERSION = 5.0;
				TARGETED_DEVICE_FAMILY = "1,2";
				TEST_TARGET_NAME = "Arké mobile";
			};
			name = Debug;
		};
		590431282ED8680100AD6337 /* Release */ = {
			isa = XCBuildConfiguration;
			buildSettings = {
				CODE_SIGN_STYLE = Automatic;
				CURRENT_PROJECT_VERSION = 1;
				DEVELOPMENT_TEAM = 2XW7BAURR2;
				GENERATE_INFOPLIST_FILE = YES;
				IPHONEOS_DEPLOYMENT_TARGET = 26.1;
				MARKETING_VERSION = 1.0;
				PRODUCT_BUNDLE_IDENTIFIER = "GBKS.Arke--mobileUITests";
				PRODUCT_NAME = "$(TARGET_NAME)";
				SDKROOT = iphoneos;
				STRING_CATALOG_GENERATE_SYMBOLS = NO;
				SWIFT_APPROACHABLE_CONCURRENCY = YES;
				SWIFT_EMIT_LOC_STRINGS = NO;
				SWIFT_UPCOMING_FEATURE_MEMBER_IMPORT_VISIBILITY = YES;
				SWIFT_VERSION = 5.0;
				TARGETED_DEVICE_FAMILY = "1,2";
				TEST_TARGET_NAME = "Arké mobile";
				VALIDATE_PRODUCT = YES;
			};
			name = Release;
		};
		597585B32EA0F0290042F0E5 /* Debug */ = {
			isa = XCBuildConfiguration;
			buildSettings = {
				ALWAYS_SEARCH_USER_PATHS = NO;
				ASSETCATALOG_COMPILER_GENERATE_SWIFT_ASSET_SYMBOL_EXTENSIONS = YES;
				CLANG_ANALYZER_NONNULL = YES;
				CLANG_ANALYZER_NUMBER_OBJECT_CONVERSION = YES_AGGRESSIVE;
				CLANG_CXX_LANGUAGE_STANDARD = "gnu++20";
				CLANG_ENABLE_MODULES = YES;
				CLANG_ENABLE_OBJC_ARC = YES;
				CLANG_ENABLE_OBJC_WEAK = YES;
				CLANG_WARN_BLOCK_CAPTURE_AUTORELEASING = YES;
				CLANG_WARN_BOOL_CONVERSION = YES;
				CLANG_WARN_COMMA = YES;
				CLANG_WARN_CONSTANT_CONVERSION = YES;
				CLANG_WARN_DEPRECATED_OBJC_IMPLEMENTATIONS = YES;
				CLANG_WARN_DIRECT_OBJC_ISA_USAGE = YES_ERROR;
				CLANG_WARN_DOCUMENTATION_COMMENTS = YES;
				CLANG_WARN_EMPTY_BODY = YES;
				CLANG_WARN_ENUM_CONVERSION = YES;
				CLANG_WARN_INFINITE_RECURSION = YES;
				CLANG_WARN_INT_CONVERSION = YES;
				CLANG_WARN_NON_LITERAL_NULL_CONVERSION = YES;
				CLANG_WARN_OBJC_IMPLICIT_RETAIN_SELF = YES;
				CLANG_WARN_OBJC_LITERAL_CONVERSION = YES;
				CLANG_WARN_OBJC_ROOT_CLASS = YES_ERROR;
				CLANG_WARN_QUOTED_INCLUDE_IN_FRAMEWORK_HEADER = YES;
				CLANG_WARN_RANGE_LOOP_ANALYSIS = YES;
				CLANG_WARN_STRICT_PROTOTYPES = YES;
				CLANG_WARN_SUSPICIOUS_MOVE = YES;
				CLANG_WARN_UNGUARDED_AVAILABILITY = YES_AGGRESSIVE;
				CLANG_WARN_UNREACHABLE_CODE = YES;
				CLANG_WARN__DUPLICATE_METHOD_MATCH = YES;
				COPY_PHASE_STRIP = NO;
				DEAD_CODE_STRIPPING = YES;
				DEBUG_INFORMATION_FORMAT = dwarf;
				DEVELOPMENT_TEAM = 2XW7BAURR2;
				ENABLE_STRICT_OBJC_MSGSEND = YES;
				ENABLE_TESTABILITY = YES;
				ENABLE_USER_SCRIPT_SANDBOXING = YES;
				GCC_C_LANGUAGE_STANDARD = gnu17;
				GCC_DYNAMIC_NO_PIC = NO;
				GCC_NO_COMMON_BLOCKS = YES;
				GCC_OPTIMIZATION_LEVEL = 0;
				GCC_PREPROCESSOR_DEFINITIONS = (
					"DEBUG=1",
					"$(inherited)",
				);
				GCC_WARN_64_TO_32_BIT_CONVERSION = YES;
				GCC_WARN_ABOUT_RETURN_TYPE = YES_ERROR;
				GCC_WARN_UNDECLARED_SELECTOR = YES;
				GCC_WARN_UNINITIALIZED_AUTOS = YES_AGGRESSIVE;
				GCC_WARN_UNUSED_FUNCTION = YES;
				GCC_WARN_UNUSED_VARIABLE = YES;
				LOCALIZATION_PREFERS_STRING_CATALOGS = YES;
				MACOSX_DEPLOYMENT_TARGET = 26.0;
				MTL_ENABLE_DEBUG_INFO = INCLUDE_SOURCE;
				MTL_FAST_MATH = YES;
				ONLY_ACTIVE_ARCH = YES;
				SDKROOT = macosx;
				STRING_CATALOG_GENERATE_SYMBOLS = YES;
				SWIFT_ACTIVE_COMPILATION_CONDITIONS = "DEBUG $(inherited)";
				SWIFT_OPTIMIZATION_LEVEL = "-Onone";
			};
			name = Debug;
		};
		597585B42EA0F0290042F0E5 /* Release */ = {
			isa = XCBuildConfiguration;
			buildSettings = {
				ALWAYS_SEARCH_USER_PATHS = NO;
				ASSETCATALOG_COMPILER_GENERATE_SWIFT_ASSET_SYMBOL_EXTENSIONS = YES;
				CLANG_ANALYZER_NONNULL = YES;
				CLANG_ANALYZER_NUMBER_OBJECT_CONVERSION = YES_AGGRESSIVE;
				CLANG_CXX_LANGUAGE_STANDARD = "gnu++20";
				CLANG_ENABLE_MODULES = YES;
				CLANG_ENABLE_OBJC_ARC = YES;
				CLANG_ENABLE_OBJC_WEAK = YES;
				CLANG_WARN_BLOCK_CAPTURE_AUTORELEASING = YES;
				CLANG_WARN_BOOL_CONVERSION = YES;
				CLANG_WARN_COMMA = YES;
				CLANG_WARN_CONSTANT_CONVERSION = YES;
				CLANG_WARN_DEPRECATED_OBJC_IMPLEMENTATIONS = YES;
				CLANG_WARN_DIRECT_OBJC_ISA_USAGE = YES_ERROR;
				CLANG_WARN_DOCUMENTATION_COMMENTS = YES;
				CLANG_WARN_EMPTY_BODY = YES;
				CLANG_WARN_ENUM_CONVERSION = YES;
				CLANG_WARN_INFINITE_RECURSION = YES;
				CLANG_WARN_INT_CONVERSION = YES;
				CLANG_WARN_NON_LITERAL_NULL_CONVERSION = YES;
				CLANG_WARN_OBJC_IMPLICIT_RETAIN_SELF = YES;
				CLANG_WARN_OBJC_LITERAL_CONVERSION = YES;
				CLANG_WARN_OBJC_ROOT_CLASS = YES_ERROR;
				CLANG_WARN_QUOTED_INCLUDE_IN_FRAMEWORK_HEADER = YES;
				CLANG_WARN_RANGE_LOOP_ANALYSIS = YES;
				CLANG_WARN_STRICT_PROTOTYPES = YES;
				CLANG_WARN_SUSPICIOUS_MOVE = YES;
				CLANG_WARN_UNGUARDED_AVAILABILITY = YES_AGGRESSIVE;
				CLANG_WARN_UNREACHABLE_CODE = YES;
				CLANG_WARN__DUPLICATE_METHOD_MATCH = YES;
				COPY_PHASE_STRIP = NO;
				DEAD_CODE_STRIPPING = YES;
				DEBUG_INFORMATION_FORMAT = "dwarf-with-dsym";
				DEVELOPMENT_TEAM = 2XW7BAURR2;
				ENABLE_NS_ASSERTIONS = NO;
				ENABLE_STRICT_OBJC_MSGSEND = YES;
				ENABLE_USER_SCRIPT_SANDBOXING = YES;
				GCC_C_LANGUAGE_STANDARD = gnu17;
				GCC_NO_COMMON_BLOCKS = YES;
				GCC_WARN_64_TO_32_BIT_CONVERSION = YES;
				GCC_WARN_ABOUT_RETURN_TYPE = YES_ERROR;
				GCC_WARN_UNDECLARED_SELECTOR = YES;
				GCC_WARN_UNINITIALIZED_AUTOS = YES_AGGRESSIVE;
				GCC_WARN_UNUSED_FUNCTION = YES;
				GCC_WARN_UNUSED_VARIABLE = YES;
				LOCALIZATION_PREFERS_STRING_CATALOGS = YES;
				MACOSX_DEPLOYMENT_TARGET = 26.0;
				MTL_ENABLE_DEBUG_INFO = NO;
				MTL_FAST_MATH = YES;
				SDKROOT = macosx;
				STRING_CATALOG_GENERATE_SYMBOLS = YES;
				SWIFT_COMPILATION_MODE = wholemodule;
			};
			name = Release;
		};
		597585B62EA0F0290042F0E5 /* Debug */ = {
			isa = XCBuildConfiguration;
			buildSettings = {
				ASSETCATALOG_COMPILER_APPICON_NAME = AppIcon;
				ASSETCATALOG_COMPILER_GLOBAL_ACCENT_COLOR_NAME = AccentColor;
				AUTOMATION_APPLE_EVENTS = NO;
				CODE_SIGN_ENTITLEMENTS = "Arké/Arké.entitlements";
				CODE_SIGN_STYLE = Automatic;
				COMBINE_HIDPI_IMAGES = YES;
				CURRENT_PROJECT_VERSION = 1;
				DEAD_CODE_STRIPPING = YES;
				DEVELOPMENT_TEAM = 2XW7BAURR2;
				ENABLE_APP_SANDBOX = YES;
				ENABLE_HARDENED_RUNTIME = YES;
				ENABLE_INCOMING_NETWORK_CONNECTIONS = NO;
				ENABLE_OUTGOING_NETWORK_CONNECTIONS = YES;
				ENABLE_PREVIEWS = YES;
				ENABLE_RESOURCE_ACCESS_AUDIO_INPUT = NO;
				ENABLE_RESOURCE_ACCESS_BLUETOOTH = NO;
				ENABLE_RESOURCE_ACCESS_CALENDARS = NO;
				ENABLE_RESOURCE_ACCESS_CAMERA = NO;
				ENABLE_RESOURCE_ACCESS_CONTACTS = YES;
				ENABLE_RESOURCE_ACCESS_LOCATION = NO;
				ENABLE_RESOURCE_ACCESS_PHOTO_LIBRARY = NO;
				ENABLE_RESOURCE_ACCESS_PRINTING = NO;
				ENABLE_RESOURCE_ACCESS_USB = NO;
				ENABLE_USER_SELECTED_FILES = readwrite;
				GENERATE_INFOPLIST_FILE = YES;
				INFOPLIST_KEY_NSContactsUsageDescription = "Import contacts to identify recipients when sending Bitcoin. Contact information is stored locally and used only within this app.";
				INFOPLIST_KEY_NSHumanReadableCopyright = "";
				LD_RUNPATH_SEARCH_PATHS = (
					"$(inherited)",
					"@executable_path/../Frameworks",
				);
				MACOSX_DEPLOYMENT_TARGET = 26.1;
				MARKETING_VERSION = 1.0;
				PRODUCT_BUNDLE_IDENTIFIER = "GBKS.Ark-wallet-prototype";
				PRODUCT_NAME = "$(TARGET_NAME)";
				REGISTER_APP_GROUPS = YES;
				RUNTIME_EXCEPTION_ALLOW_DYLD_ENVIRONMENT_VARIABLES = NO;
				RUNTIME_EXCEPTION_ALLOW_JIT = NO;
				RUNTIME_EXCEPTION_ALLOW_UNSIGNED_EXECUTABLE_MEMORY = NO;
				RUNTIME_EXCEPTION_DEBUGGING_TOOL = NO;
				RUNTIME_EXCEPTION_DISABLE_EXECUTABLE_PAGE_PROTECTION = NO;
				RUNTIME_EXCEPTION_DISABLE_LIBRARY_VALIDATION = YES;
				STRING_CATALOG_GENERATE_SYMBOLS = YES;
				SWIFT_APPROACHABLE_CONCURRENCY = YES;
				SWIFT_DEFAULT_ACTOR_ISOLATION = MainActor;
				SWIFT_EMIT_LOC_STRINGS = YES;
				SWIFT_UPCOMING_FEATURE_MEMBER_IMPORT_VISIBILITY = YES;
				SWIFT_VERSION = 5.0;
			};
			name = Debug;
		};
		597585B72EA0F0290042F0E5 /* Release */ = {
			isa = XCBuildConfiguration;
			buildSettings = {
				ASSETCATALOG_COMPILER_APPICON_NAME = AppIcon;
				ASSETCATALOG_COMPILER_GLOBAL_ACCENT_COLOR_NAME = AccentColor;
				AUTOMATION_APPLE_EVENTS = NO;
				CODE_SIGN_ENTITLEMENTS = "Arké/Arké.entitlements";
				CODE_SIGN_STYLE = Automatic;
				COMBINE_HIDPI_IMAGES = YES;
				CURRENT_PROJECT_VERSION = 1;
				DEAD_CODE_STRIPPING = YES;
				DEVELOPMENT_TEAM = 2XW7BAURR2;
				ENABLE_APP_SANDBOX = YES;
				ENABLE_HARDENED_RUNTIME = YES;
				ENABLE_INCOMING_NETWORK_CONNECTIONS = NO;
				ENABLE_OUTGOING_NETWORK_CONNECTIONS = YES;
				ENABLE_PREVIEWS = YES;
				ENABLE_RESOURCE_ACCESS_AUDIO_INPUT = NO;
				ENABLE_RESOURCE_ACCESS_BLUETOOTH = NO;
				ENABLE_RESOURCE_ACCESS_CALENDARS = NO;
				ENABLE_RESOURCE_ACCESS_CAMERA = NO;
				ENABLE_RESOURCE_ACCESS_CONTACTS = YES;
				ENABLE_RESOURCE_ACCESS_LOCATION = NO;
				ENABLE_RESOURCE_ACCESS_PHOTO_LIBRARY = NO;
				ENABLE_RESOURCE_ACCESS_PRINTING = NO;
				ENABLE_RESOURCE_ACCESS_USB = NO;
				ENABLE_USER_SELECTED_FILES = readwrite;
				GENERATE_INFOPLIST_FILE = YES;
				INFOPLIST_KEY_NSContactsUsageDescription = "Import contacts to identify recipients when sending Bitcoin. Contact information is stored locally and used only within this app.";
				INFOPLIST_KEY_NSHumanReadableCopyright = "";
				LD_RUNPATH_SEARCH_PATHS = (
					"$(inherited)",
					"@executable_path/../Frameworks",
				);
				MACOSX_DEPLOYMENT_TARGET = 26.1;
				MARKETING_VERSION = 1.0;
				PRODUCT_BUNDLE_IDENTIFIER = "GBKS.Ark-wallet-prototype";
				PRODUCT_NAME = "$(TARGET_NAME)";
				REGISTER_APP_GROUPS = YES;
				RUNTIME_EXCEPTION_ALLOW_DYLD_ENVIRONMENT_VARIABLES = NO;
				RUNTIME_EXCEPTION_ALLOW_JIT = NO;
				RUNTIME_EXCEPTION_ALLOW_UNSIGNED_EXECUTABLE_MEMORY = NO;
				RUNTIME_EXCEPTION_DEBUGGING_TOOL = NO;
				RUNTIME_EXCEPTION_DISABLE_EXECUTABLE_PAGE_PROTECTION = NO;
				RUNTIME_EXCEPTION_DISABLE_LIBRARY_VALIDATION = YES;
				STRING_CATALOG_GENERATE_SYMBOLS = YES;
				SWIFT_APPROACHABLE_CONCURRENCY = YES;
				SWIFT_DEFAULT_ACTOR_ISOLATION = MainActor;
				SWIFT_EMIT_LOC_STRINGS = YES;
				SWIFT_UPCOMING_FEATURE_MEMBER_IMPORT_VISIBILITY = YES;
				SWIFT_VERSION = 5.0;
			};
			name = Release;
		};
		597585B92EA0F0290042F0E5 /* Debug */ = {
			isa = XCBuildConfiguration;
			buildSettings = {
				BUNDLE_LOADER = "$(TEST_HOST)";
				CODE_SIGN_STYLE = Automatic;
				CURRENT_PROJECT_VERSION = 1;
				DEAD_CODE_STRIPPING = YES;
				DEVELOPMENT_TEAM = 2XW7BAURR2;
				GENERATE_INFOPLIST_FILE = YES;
				MACOSX_DEPLOYMENT_TARGET = 26.0;
				MARKETING_VERSION = 1.0;
				PRODUCT_BUNDLE_IDENTIFIER = "GBKS.Ark-wallet-prototypeTests";
				PRODUCT_NAME = "$(TARGET_NAME)";
				STRING_CATALOG_GENERATE_SYMBOLS = NO;
				SWIFT_APPROACHABLE_CONCURRENCY = YES;
				SWIFT_EMIT_LOC_STRINGS = NO;
				SWIFT_UPCOMING_FEATURE_MEMBER_IMPORT_VISIBILITY = YES;
				SWIFT_VERSION = 5.0;
				TEST_HOST = "$(BUILT_PRODUCTS_DIR)/Arké.app/$(BUNDLE_EXECUTABLE_FOLDER_PATH)/Arké";
			};
			name = Debug;
		};
		597585BA2EA0F0290042F0E5 /* Release */ = {
			isa = XCBuildConfiguration;
			buildSettings = {
				BUNDLE_LOADER = "$(TEST_HOST)";
				CODE_SIGN_STYLE = Automatic;
				CURRENT_PROJECT_VERSION = 1;
				DEAD_CODE_STRIPPING = YES;
				DEVELOPMENT_TEAM = 2XW7BAURR2;
				GENERATE_INFOPLIST_FILE = YES;
				MACOSX_DEPLOYMENT_TARGET = 26.0;
				MARKETING_VERSION = 1.0;
				PRODUCT_BUNDLE_IDENTIFIER = "GBKS.Ark-wallet-prototypeTests";
				PRODUCT_NAME = "$(TARGET_NAME)";
				STRING_CATALOG_GENERATE_SYMBOLS = NO;
				SWIFT_APPROACHABLE_CONCURRENCY = YES;
				SWIFT_EMIT_LOC_STRINGS = NO;
				SWIFT_UPCOMING_FEATURE_MEMBER_IMPORT_VISIBILITY = YES;
				SWIFT_VERSION = 5.0;
				TEST_HOST = "$(BUILT_PRODUCTS_DIR)/Arké.app/$(BUNDLE_EXECUTABLE_FOLDER_PATH)/Arké";
			};
			name = Release;
		};
		597585BC2EA0F0290042F0E5 /* Debug */ = {
			isa = XCBuildConfiguration;
			buildSettings = {
				CODE_SIGN_STYLE = Automatic;
				CURRENT_PROJECT_VERSION = 1;
				DEAD_CODE_STRIPPING = YES;
				DEVELOPMENT_TEAM = 2XW7BAURR2;
				GENERATE_INFOPLIST_FILE = YES;
				MARKETING_VERSION = 1.0;
				PRODUCT_BUNDLE_IDENTIFIER = "GBKS.Ark-wallet-prototypeUITests";
				PRODUCT_NAME = "$(TARGET_NAME)";
				STRING_CATALOG_GENERATE_SYMBOLS = NO;
				SWIFT_APPROACHABLE_CONCURRENCY = YES;
				SWIFT_EMIT_LOC_STRINGS = NO;
				SWIFT_UPCOMING_FEATURE_MEMBER_IMPORT_VISIBILITY = YES;
				SWIFT_VERSION = 5.0;
				TEST_TARGET_NAME = "Ark wallet prototype";
			};
			name = Debug;
		};
		597585BD2EA0F0290042F0E5 /* Release */ = {
			isa = XCBuildConfiguration;
			buildSettings = {
				CODE_SIGN_STYLE = Automatic;
				CURRENT_PROJECT_VERSION = 1;
				DEAD_CODE_STRIPPING = YES;
				DEVELOPMENT_TEAM = 2XW7BAURR2;
				GENERATE_INFOPLIST_FILE = YES;
				MARKETING_VERSION = 1.0;
				PRODUCT_BUNDLE_IDENTIFIER = "GBKS.Ark-wallet-prototypeUITests";
				PRODUCT_NAME = "$(TARGET_NAME)";
				STRING_CATALOG_GENERATE_SYMBOLS = NO;
				SWIFT_APPROACHABLE_CONCURRENCY = YES;
				SWIFT_EMIT_LOC_STRINGS = NO;
				SWIFT_UPCOMING_FEATURE_MEMBER_IMPORT_VISIBILITY = YES;
				SWIFT_VERSION = 5.0;
				TEST_TARGET_NAME = "Ark wallet prototype";
			};
			name = Release;
		};
/* End XCBuildConfiguration section */

/* Begin XCConfigurationList section */
		590431202ED8680100AD6337 /* Build configuration list for PBXNativeTarget "Arké mobile" */ = {
			isa = XCConfigurationList;
			buildConfigurations = (
				590431212ED8680100AD6337 /* Debug */,
				590431222ED8680100AD6337 /* Release */,
			);
			defaultConfigurationIsVisible = 0;
			defaultConfigurationName = Release;
		};
		590431232ED8680100AD6337 /* Build configuration list for PBXNativeTarget "Arké mobileTests" */ = {
			isa = XCConfigurationList;
			buildConfigurations = (
				590431242ED8680100AD6337 /* Debug */,
				590431252ED8680100AD6337 /* Release */,
			);
			defaultConfigurationIsVisible = 0;
			defaultConfigurationName = Release;
		};
		590431262ED8680100AD6337 /* Build configuration list for PBXNativeTarget "Arké mobileUITests" */ = {
			isa = XCConfigurationList;
			buildConfigurations = (
				590431272ED8680100AD6337 /* Debug */,
				590431282ED8680100AD6337 /* Release */,
			);
			defaultConfigurationIsVisible = 0;
			defaultConfigurationName = Release;
		};
		5975858D2EA0F0270042F0E5 /* Build configuration list for PBXProject "Arké" */ = {
			isa = XCConfigurationList;
			buildConfigurations = (
				597585B32EA0F0290042F0E5 /* Debug */,
				597585B42EA0F0290042F0E5 /* Release */,
			);
			defaultConfigurationIsVisible = 0;
			defaultConfigurationName = Release;
		};
		597585B52EA0F0290042F0E5 /* Build configuration list for PBXNativeTarget "Arké" */ = {
			isa = XCConfigurationList;
			buildConfigurations = (
				597585B62EA0F0290042F0E5 /* Debug */,
				597585B72EA0F0290042F0E5 /* Release */,
			);
			defaultConfigurationIsVisible = 0;
			defaultConfigurationName = Release;
		};
		597585B82EA0F0290042F0E5 /* Build configuration list for PBXNativeTarget "ArkéTests" */ = {
			isa = XCConfigurationList;
			buildConfigurations = (
				597585B92EA0F0290042F0E5 /* Debug */,
				597585BA2EA0F0290042F0E5 /* Release */,
			);
			defaultConfigurationIsVisible = 0;
			defaultConfigurationName = Release;
		};
		597585BB2EA0F0290042F0E5 /* Build configuration list for PBXNativeTarget "ArkéUITests" */ = {
			isa = XCConfigurationList;
			buildConfigurations = (
				597585BC2EA0F0290042F0E5 /* Debug */,
				597585BD2EA0F0290042F0E5 /* Release */,
			);
			defaultConfigurationIsVisible = 0;
			defaultConfigurationName = Release;
		};
/* End XCConfigurationList section */

/* Begin XCLocalSwiftPackageReference section */
		59D6F6D82EE2BDC100DBEB68 /* XCLocalSwiftPackageReference "../bark-ffi" */ = {
			isa = XCLocalSwiftPackageReference;
			relativePath = "../bark-ffi";
		};
/* End XCLocalSwiftPackageReference section */

/* Begin XCRemoteSwiftPackageReference section */
		59D2633A2ED9E1D2006570D0 /* XCRemoteSwiftPackageReference "BIP39" */ = {
			isa = XCRemoteSwiftPackageReference;
			repositoryURL = "https://github.com/anquii/BIP39";
			requirement = {
				branch = main;
				kind = branch;
			};
		};
/* End XCRemoteSwiftPackageReference section */

/* Begin XCSwiftPackageProductDependency section */
		59857EF62EE1CE8500FA2C18 /* Bark */ = {
			isa = XCSwiftPackageProductDependency;
			productName = Bark;
		};
		59D2633B2ED9E1D2006570D0 /* BIP39 */ = {
			isa = XCSwiftPackageProductDependency;
			package = 59D2633A2ED9E1D2006570D0 /* XCRemoteSwiftPackageReference "BIP39" */;
			productName = BIP39;
		};
		59D2633D2ED9E242006570D0 /* BIP39 */ = {
			isa = XCSwiftPackageProductDependency;
			package = 59D2633A2ED9E1D2006570D0 /* XCRemoteSwiftPackageReference "BIP39" */;
			productName = BIP39;
		};
		59D2633F2ED9E249006570D0 /* BIP39 */ = {
			isa = XCSwiftPackageProductDependency;
			package = 59D2633A2ED9E1D2006570D0 /* XCRemoteSwiftPackageReference "BIP39" */;
			productName = BIP39;
		};
		59D263452ED9EB42006570D0 /* BIP39 */ = {
			isa = XCSwiftPackageProductDependency;
			package = 59D2633A2ED9E1D2006570D0 /* XCRemoteSwiftPackageReference "BIP39" */;
			productName = BIP39;
		};
		59D6F6D92EE2BDC100DBEB68 /* Bark */ = {
			isa = XCSwiftPackageProductDependency;
			productName = Bark;
		};
		59DC8B252EE2BF01005BE246 /* Bark */ = {
			isa = XCSwiftPackageProductDependency;
			package = 59D6F6D82EE2BDC100DBEB68 /* XCLocalSwiftPackageReference "../bark-ffi" */;
			productName = Bark;
		};
/* End XCSwiftPackageProductDependency section */
	};
	rootObject = 5975858A2EA0F0270042F0E5 /* Project object */;
}
