{
  "originHash" : "20772cb3333948b6f4efc61168efe25810dac474038724d16a91b8730aa55349",
  "pins" : [
    {
      "identity" : "bip39",
      "kind" : "remoteSourceControl",
      "location" : "https://github.com/anquii/BIP39",
      "state" : {
        "branch" : "main",
        "revision" : "6eaf92d2b059bec565bcbca8ae830e1d19be22ab"
      }
    },
    {
      "identity" : "qrcode",
      "kind" : "remoteSourceControl",
      "location" : "https://github.com/dagronf/qrcode.git",
      "state" : {
        "revision" : "19d6daac07a290e55c29c1d596e95f90f0c72bbf",
        "version" : "27.13.0"
      }
    },
    {
      "identity" : "swift-qrcode-generator",
      "kind" : "remoteSourceControl",
      "location" : "https://github.com/dagronf/swift-qrcode-generator",
      "state" : {
        "revision" : "2b1980b825f08a81ccc762b0c4d17fcde9d5e953",
        "version" : "2.0.2"
      }
    },
    {
      "identity" : "swiftimagereadwrite",
      "kind" : "remoteSourceControl",
      "location" : "https://github.com/dagronf/SwiftImageReadWrite",
      "state" : {
        "revision" : "42ace2412279f18bc264bc306e96b51c36e12a33",
        "version" : "1.9.2"
      }
    }
  ],
  "version" : 3
}
